{
  "version": 4,
  "terraform_version": "1.12.2",
  "serial": 279,
  "lineage": "cbd9f440-3734-6abf-8cb5-223522343e2a",
  "outputs": {},
  "resources": [
    {
      "module": "module.vpc",
      "mode": "data",
      "type": "aws_availability_zones",
      "name": "available",
      "provider": "provider[\"registry.terraform.io/hashicorp/aws\"]",
      "instances": [
        {
          "schema_version": 0,
          "attributes": {
            "all_availability_zones": null,
            "exclude_names": null,
            "exclude_zone_ids": null,
            "filter": null,
            "group_names": [
              "us-east-1-zg-1"
            ],
            "id": "us-east-1",
            "names": [
              "us-east-1a",
              "us-east-1b",
              "us-east-1c",
              "us-east-1d",
              "us-east-1e",
              "us-east-1f"
            ],
            "state": null,
            "timeouts": null,
            "zone_ids": [
              "use1-az1",
              "use1-az2",
              "use1-az4",
              "use1-az6",
              "use1-az3",
              "use1-az5"
            ]
          },
          "sensitive_attributes": [],
          "identity_schema_version": 0
        }
      ]
    },
    {
      "module": "module.vpc",
      "mode": "data",
      "type": "aws_caller_identity",
      "name": "current",
      "provider": "provider[\"registry.terraform.io/hashicorp/aws\"]",
      "instances": [
        {
          "schema_version": 0,
          "attributes": {
            "account_id": "191136519599",
            "arn": "arn:aws:iam::191136519599:user/kklein",
            "id": "191136519599",
            "user_id": "AIDASZAE72WX65Z7RAS6U"
          },
          "sensitive_attributes": [],
          "identity_schema_version": 0
        }
      ]
    },
    {
      "module": "module.vpc",
      "mode": "data",
      "type": "aws_iam_policy_document",
      "name": "ecs_task_assume_role_policy",
      "provider": "provider[\"registry.terraform.io/hashicorp/aws\"]",
      "instances": [
        {
          "schema_version": 0,
          "attributes": {
            "id": "1077804475",
            "json": "{\n  \"Version\": \"2012-10-17\",\n  \"Statement\": [\n    {\n      \"Effect\": \"Allow\",\n      \"Action\": \"sts:AssumeRole\",\n      \"Principal\": {\n        \"Service\": \"ecs-tasks.amazonaws.com\"\n      }\n    }\n  ]\n}",
            "minified_json": "{\"Version\":\"2012-10-17\",\"Statement\":[{\"Effect\":\"Allow\",\"Action\":\"sts:AssumeRole\",\"Principal\":{\"Service\":\"ecs-tasks.amazonaws.com\"}}]}",
            "override_json": null,
            "override_policy_documents": null,
            "policy_id": null,
            "source_json": null,
            "source_policy_documents": null,
            "statement": [
              {
                "actions": [
                  "sts:AssumeRole"
                ],
                "condition": [],
                "effect": "Allow",
                "not_actions": [],
                "not_principals": [],
                "not_resources": [],
                "principals": [
                  {
                    "identifiers": [
                      "ecs-tasks.amazonaws.com"
                    ],
                    "type": "Service"
                  }
                ],
                "resources": [],
                "sid": ""
              }
            ],
            "version": "2012-10-17"
          },
          "sensitive_attributes": [],
          "identity_schema_version": 0
        }
      ]
    },
    {
      "module": "module.vpc",
      "mode": "data",
      "type": "aws_iam_policy_document",
      "name": "ecs_task_runtime_policy",
      "provider": "provider[\"registry.terraform.io/hashicorp/aws\"]",
      "instances": [
        {
          "schema_version": 0,
          "attributes": {
            "id": "2334532824",
            "json": "{\n  \"Version\": \"2012-10-17\",\n  \"Statement\": [\n    {\n      \"Sid\": \"ECSExecChannels\",\n      \"Effect\": \"Allow\",\n      \"Action\": [\n        \"ssmmessages:OpenDataChannel\",\n        \"ssmmessages:OpenControlChannel\",\n        \"ssmmessages:CreateDataChannel\",\n        \"ssmmessages:CreateControlChannel\"\n      ],\n      \"Resource\": \"*\"\n    },\n    {\n      \"Sid\": \"ReadSSMParameterStore\",\n      \"Effect\": \"Allow\",\n      \"Action\": [\n        \"ssm:GetParametersByPath\",\n        \"ssm:GetParameters\",\n        \"ssm:GetParameter\",\n        \"ssm:DescribeParameters\"\n      ],\n      \"Resource\": \"*\"\n    },\n    {\n      \"Sid\": \"DecryptSSMParameters\",\n      \"Effect\": \"Allow\",\n      \"Action\": \"kms:Decrypt\",\n      \"Resource\": \"*\"\n    }\n  ]\n}",
            "minified_json": "{\"Version\":\"2012-10-17\",\"Statement\":[{\"Sid\":\"ECSExecChannels\",\"Effect\":\"Allow\",\"Action\":[\"ssmmessages:OpenDataChannel\",\"ssmmessages:OpenControlChannel\",\"ssmmessages:CreateDataChannel\",\"ssmmessages:CreateControlChannel\"],\"Resource\":\"*\"},{\"Sid\":\"ReadSSMParameterStore\",\"Effect\":\"Allow\",\"Action\":[\"ssm:GetParametersByPath\",\"ssm:GetParameters\",\"ssm:GetParameter\",\"ssm:DescribeParameters\"],\"Resource\":\"*\"},{\"Sid\":\"DecryptSSMParameters\",\"Effect\":\"Allow\",\"Action\":\"kms:Decrypt\",\"Resource\":\"*\"}]}",
            "override_json": null,
            "override_policy_documents": null,
            "policy_id": null,
            "source_json": null,
            "source_policy_documents": null,
            "statement": [
              {
                "actions": [
                  "ssmmessages:CreateControlChannel",
                  "ssmmessages:CreateDataChannel",
                  "ssmmessages:OpenControlChannel",
                  "ssmmessages:OpenDataChannel"
                ],
                "condition": [],
                "effect": "Allow",
                "not_actions": [],
                "not_principals": [],
                "not_resources": [],
                "principals": [],
                "resources": [
                  "*"
                ],
                "sid": "ECSExecChannels"
              },
              {
                "actions": [
                  "ssm:DescribeParameters",
                  "ssm:GetParameter",
                  "ssm:GetParameters",
                  "ssm:GetParametersByPath"
                ],
                "condition": [],
                "effect": "Allow",
                "not_actions": [],
                "not_principals": [],
                "not_resources": [],
                "principals": [],
                "resources": [
                  "*"
                ],
                "sid": "ReadSSMParameterStore"
              },
              {
                "actions": [
                  "kms:Decrypt"
                ],
                "condition": [],
                "effect": "Allow",
                "not_actions": [],
                "not_principals": [],
                "not_resources": [],
                "principals": [],
                "resources": [
                  "*"
                ],
                "sid": "DecryptSSMParameters"
              }
            ],
            "version": "2012-10-17"
          },
          "sensitive_attributes": [],
          "identity_schema_version": 0
        }
      ]
    },
    {
      "module": "module.vpc",
      "mode": "data",
      "type": "aws_iam_policy_document",
      "name": "server_pol",
      "provider": "provider[\"registry.terraform.io/hashicorp/aws\"]",
      "instances": [
        {
          "schema_version": 0,
          "attributes": {
            "id": "1915392881",
            "json": "{\n  \"Version\": \"2012-10-17\",\n  \"Statement\": [\n    {\n      \"Effect\": \"Allow\",\n      \"Action\": \"sts:AssumeRole\",\n      \"Principal\": {\n        \"AWS\": \"arn:aws:iam::191136519599:root\",\n        \"Service\": \"ec2.amazonaws.com\"\n      }\n    }\n  ]\n}",
            "minified_json": "{\"Version\":\"2012-10-17\",\"Statement\":[{\"Effect\":\"Allow\",\"Action\":\"sts:AssumeRole\",\"Principal\":{\"AWS\":\"arn:aws:iam::191136519599:root\",\"Service\":\"ec2.amazonaws.com\"}}]}",
            "override_json": null,
            "override_policy_documents": null,
            "policy_id": null,
            "source_json": null,
            "source_policy_documents": null,
            "statement": [
              {
                "actions": [
                  "sts:AssumeRole"
                ],
                "condition": [],
                "effect": "Allow",
                "not_actions": [],
                "not_principals": [],
                "not_resources": [],
                "principals": [
                  {
                    "identifiers": [
                      "arn:aws:iam::191136519599:root"
                    ],
                    "type": "AWS"
                  },
                  {
                    "identifiers": [
                      "ec2.amazonaws.com"
                    ],
                    "type": "Service"
                  }
                ],
                "resources": [],
                "sid": ""
              }
            ],
            "version": "2012-10-17"
          },
          "sensitive_attributes": [],
          "identity_schema_version": 0
        }
      ]
    },
    {
      "module": "module.vpc",
      "mode": "data",
      "type": "aws_iam_policy_document",
      "name": "server_server_pol_doc",
      "provider": "provider[\"registry.terraform.io/hashicorp/aws\"]",
      "instances": [
        {
          "schema_version": 0,
          "attributes": {
            "id": "2187866643",
            "json": "{\n  \"Version\": \"2012-10-17\",\n  \"Statement\": [\n    {\n      \"Sid\": \"Cloudwatch\",\n      \"Effect\": \"Allow\",\n      \"Action\": [\n        \"logs:*\",\n        \"cloudwatch:*\"\n      ],\n      \"Resource\": \"*\"\n    },\n    {\n      \"Sid\": \"Secrets\",\n      \"Effect\": \"Allow\",\n      \"Action\": \"secretsmanager:*\",\n      \"Resource\": \"*\"\n    },\n    {\n      \"Sid\": \"SSMAllow\",\n      \"Effect\": \"Allow\",\n      \"Action\": \"ssm:*\",\n      \"Resource\": \"*\"\n    },\n    {\n      \"Sid\": \"IAM\",\n      \"Effect\": \"Allow\",\n      \"Action\": \"iam:PassRole\",\n      \"Resource\": \"*\"\n    }\n  ]\n}",
            "minified_json": "{\"Version\":\"2012-10-17\",\"Statement\":[{\"Sid\":\"Cloudwatch\",\"Effect\":\"Allow\",\"Action\":[\"logs:*\",\"cloudwatch:*\"],\"Resource\":\"*\"},{\"Sid\":\"Secrets\",\"Effect\":\"Allow\",\"Action\":\"secretsmanager:*\",\"Resource\":\"*\"},{\"Sid\":\"SSMAllow\",\"Effect\":\"Allow\",\"Action\":\"ssm:*\",\"Resource\":\"*\"},{\"Sid\":\"IAM\",\"Effect\":\"Allow\",\"Action\":\"iam:PassRole\",\"Resource\":\"*\"}]}",
            "override_json": null,
            "override_policy_documents": null,
            "policy_id": null,
            "source_json": null,
            "source_policy_documents": null,
            "statement": [
              {
                "actions": [
                  "cloudwatch:*",
                  "logs:*"
                ],
                "condition": [],
                "effect": "Allow",
                "not_actions": [],
                "not_principals": [],
                "not_resources": [],
                "principals": [],
                "resources": [
                  "*"
                ],
                "sid": "Cloudwatch"
              },
              {
                "actions": [
                  "secretsmanager:*"
                ],
                "condition": [],
                "effect": "Allow",
                "not_actions": [],
                "not_principals": [],
                "not_resources": [],
                "principals": [],
                "resources": [
                  "*"
                ],
                "sid": "Secrets"
              },
              {
                "actions": [
                  "ssm:*"
                ],
                "condition": [],
                "effect": "Allow",
                "not_actions": [],
                "not_principals": [],
                "not_resources": [],
                "principals": [],
                "resources": [
                  "*"
                ],
                "sid": "SSMAllow"
              },
              {
                "actions": [
                  "iam:PassRole"
                ],
                "condition": [],
                "effect": "Allow",
                "not_actions": [],
                "not_principals": [],
                "not_resources": [],
                "principals": [],
                "resources": [
                  "*"
                ],
                "sid": "IAM"
              }
            ],
            "version": "2012-10-17"
          },
          "sensitive_attributes": [],
          "identity_schema_version": 0
        }
      ]
    },
    {
      "module": "module.vpc",
      "mode": "data",
      "type": "aws_iam_policy_document",
      "name": "waf_1_logging_policy",
      "provider": "provider[\"registry.terraform.io/hashicorp/aws\"]",
      "instances": [
        {
          "schema_version": 0,
          "attributes": {
            "id": "2134962112",
            "json": "{\n  \"Version\": \"2012-10-17\",\n  \"Statement\": [\n    {\n      \"Effect\": \"Allow\",\n      \"Action\": [\n        \"logs:PutLogEvents\",\n        \"logs:CreateLogStream\"\n      ],\n      \"Resource\": \"arn:aws:logs:us-east-1:191136519599:log-group:aws-waf-logs-us-east-1-toptal:*\",\n      \"Principal\": {\n        \"Service\": \"delivery.logs.amazonaws.com\"\n      },\n      \"Condition\": {\n        \"ArnLike\": {\n          \"aws:SourceArn\": \"arn:aws:logs:us-east-1:191136519599:*\"\n        },\n        \"StringEquals\": {\n          \"aws:SourceAccount\": \"191136519599\"\n        }\n      }\n    }\n  ]\n}",
            "minified_json": "{\"Version\":\"2012-10-17\",\"Statement\":[{\"Effect\":\"Allow\",\"Action\":[\"logs:PutLogEvents\",\"logs:CreateLogStream\"],\"Resource\":\"arn:aws:logs:us-east-1:191136519599:log-group:aws-waf-logs-us-east-1-toptal:*\",\"Principal\":{\"Service\":\"delivery.logs.amazonaws.com\"},\"Condition\":{\"ArnLike\":{\"aws:SourceArn\":\"arn:aws:logs:us-east-1:191136519599:*\"},\"StringEquals\":{\"aws:SourceAccount\":\"191136519599\"}}}]}",
            "override_json": null,
            "override_policy_documents": null,
            "policy_id": null,
            "source_json": null,
            "source_policy_documents": null,
            "statement": [
              {
                "actions": [
                  "logs:CreateLogStream",
                  "logs:PutLogEvents"
                ],
                "condition": [
                  {
                    "test": "ArnLike",
                    "values": [
                      "arn:aws:logs:us-east-1:191136519599:*"
                    ],
                    "variable": "aws:SourceArn"
                  },
                  {
                    "test": "StringEquals",
                    "values": [
                      "191136519599"
                    ],
                    "variable": "aws:SourceAccount"
                  }
                ],
                "effect": "Allow",
                "not_actions": [],
                "not_principals": [],
                "not_resources": [],
                "principals": [
                  {
                    "identifiers": [
                      "delivery.logs.amazonaws.com"
                    ],
                    "type": "Service"
                  }
                ],
                "resources": [
                  "arn:aws:logs:us-east-1:191136519599:log-group:aws-waf-logs-us-east-1-toptal:*"
                ],
                "sid": ""
              }
            ],
            "version": "2012-10-17"
          },
          "sensitive_attributes": [],
          "identity_schema_version": 0
        }
      ]
    },
    {
      "module": "module.vpc",
      "mode": "data",
      "type": "aws_iam_policy_document",
      "name": "waf_2_internal_logging_policy",
      "provider": "provider[\"registry.terraform.io/hashicorp/aws\"]",
      "instances": [
        {
          "schema_version": 0,
          "attributes": {
            "id": "1290419838",
            "json": "{\n  \"Version\": \"2012-10-17\",\n  \"Statement\": [\n    {\n      \"Effect\": \"Allow\",\n      \"Action\": [\n        \"logs:PutLogEvents\",\n        \"logs:CreateLogStream\"\n      ],\n      \"Resource\": \"arn:aws:logs:us-east-1:191136519599:log-group:aws-waf-logs-internal-logs-us-east-1-toptal:*\",\n      \"Principal\": {\n        \"Service\": \"delivery.logs.amazonaws.com\"\n      },\n      \"Condition\": {\n        \"ArnLike\": {\n          \"aws:SourceArn\": \"arn:aws:logs:us-east-1:191136519599:*\"\n        },\n        \"StringEquals\": {\n          \"aws:SourceAccount\": \"191136519599\"\n        }\n      }\n    }\n  ]\n}",
            "minified_json": "{\"Version\":\"2012-10-17\",\"Statement\":[{\"Effect\":\"Allow\",\"Action\":[\"logs:PutLogEvents\",\"logs:CreateLogStream\"],\"Resource\":\"arn:aws:logs:us-east-1:191136519599:log-group:aws-waf-logs-internal-logs-us-east-1-toptal:*\",\"Principal\":{\"Service\":\"delivery.logs.amazonaws.com\"},\"Condition\":{\"ArnLike\":{\"aws:SourceArn\":\"arn:aws:logs:us-east-1:191136519599:*\"},\"StringEquals\":{\"aws:SourceAccount\":\"191136519599\"}}}]}",
            "override_json": null,
            "override_policy_documents": null,
            "policy_id": null,
            "source_json": null,
            "source_policy_documents": null,
            "statement": [
              {
                "actions": [
                  "logs:CreateLogStream",
                  "logs:PutLogEvents"
                ],
                "condition": [
                  {
                    "test": "ArnLike",
                    "values": [
                      "arn:aws:logs:us-east-1:191136519599:*"
                    ],
                    "variable": "aws:SourceArn"
                  },
                  {
                    "test": "StringEquals",
                    "values": [
                      "191136519599"
                    ],
                    "variable": "aws:SourceAccount"
                  }
                ],
                "effect": "Allow",
                "not_actions": [],
                "not_principals": [],
                "not_resources": [],
                "principals": [
                  {
                    "identifiers": [
                      "delivery.logs.amazonaws.com"
                    ],
                    "type": "Service"
                  }
                ],
                "resources": [
                  "arn:aws:logs:us-east-1:191136519599:log-group:aws-waf-logs-internal-logs-us-east-1-toptal:*"
                ],
                "sid": ""
              }
            ],
            "version": "2012-10-17"
          },
          "sensitive_attributes": [],
          "identity_schema_version": 0
        }
      ]
    },
    {
      "module": "module.vpc",
      "mode": "data",
      "type": "aws_region",
      "name": "current-region",
      "provider": "provider[\"registry.terraform.io/hashicorp/aws\"]",
      "instances": [
        {
          "schema_version": 0,
          "attributes": {
            "description": "US East (N. Virginia)",
            "endpoint": "ec2.us-east-1.amazonaws.com",
            "id": "us-east-1",
            "name": "us-east-1"
          },
          "sensitive_attributes": [],
          "identity_schema_version": 0
        }
      ]
    },
    {
      "module": "module.vpc",
      "mode": "managed",
      "type": "aws_cloudwatch_log_group",
      "name": "api_loggroup",
      "provider": "provider[\"registry.terraform.io/hashicorp/aws\"]",
      "instances": [
        {
          "schema_version": 0,
          "attributes": {
            "arn": "arn:aws:logs:us-east-1:191136519599:log-group:/toptal/api",
            "id": "/toptal/api",
            "kms_key_id": "",
            "log_group_class": "STANDARD",
            "name": "/toptal/api",
            "name_prefix": "",
            "retention_in_days": 1,
            "skip_destroy": false,
            "tags": {},
            "tags_all": {}
          },
          "sensitive_attributes": [],
          "identity_schema_version": 0,
          "private": "bnVsbA=="
        }
      ]
    },
    {
      "module": "module.vpc",
      "mode": "managed",
      "type": "aws_cloudwatch_log_group",
      "name": "waf_1_loggroup",
      "provider": "provider[\"registry.terraform.io/hashicorp/aws\"]",
      "instances": [
        {
          "schema_version": 0,
          "attributes": {
            "arn": "arn:aws:logs:us-east-1:191136519599:log-group:aws-waf-logs-us-east-1-toptal",
            "id": "aws-waf-logs-us-east-1-toptal",
            "kms_key_id": "",
            "log_group_class": "STANDARD",
            "name": "aws-waf-logs-us-east-1-toptal",
            "name_prefix": "",
            "retention_in_days": 1,
            "skip_destroy": false,
            "tags": {},
            "tags_all": {}
          },
          "sensitive_attributes": [],
          "identity_schema_version": 0,
          "private": "bnVsbA=="
        }
      ]
    },
    {
      "module": "module.vpc",
      "mode": "managed",
      "type": "aws_cloudwatch_log_group",
      "name": "waf_2_internal_loggroup",
      "provider": "provider[\"registry.terraform.io/hashicorp/aws\"]",
      "instances": [
        {
          "schema_version": 0,
          "attributes": {
            "arn": "arn:aws:logs:us-east-1:191136519599:log-group:aws-waf-logs-internal-logs-us-east-1-toptal",
            "id": "aws-waf-logs-internal-logs-us-east-1-toptal",
            "kms_key_id": "",
            "log_group_class": "STANDARD",
            "name": "aws-waf-logs-internal-logs-us-east-1-toptal",
            "name_prefix": "",
            "retention_in_days": 1,
            "skip_destroy": false,
            "tags": {},
            "tags_all": {}
          },
          "sensitive_attributes": [],
          "identity_schema_version": 0,
          "private": "bnVsbA=="
        }
      ]
    },
    {
      "module": "module.vpc",
      "mode": "managed",
      "type": "aws_cloudwatch_log_group",
      "name": "web_loggroup",
      "provider": "provider[\"registry.terraform.io/hashicorp/aws\"]",
      "instances": [
        {
          "schema_version": 0,
          "attributes": {
            "arn": "arn:aws:logs:us-east-1:191136519599:log-group:/toptal/web",
            "id": "/toptal/web",
            "kms_key_id": "",
            "log_group_class": "STANDARD",
            "name": "/toptal/web",
            "name_prefix": "",
            "retention_in_days": 1,
            "skip_destroy": false,
            "tags": {},
            "tags_all": {}
          },
          "sensitive_attributes": [],
          "identity_schema_version": 0,
          "private": "bnVsbA=="
        }
      ]
    },
    {
      "module": "module.vpc",
      "mode": "managed",
      "type": "aws_cloudwatch_log_resource_policy",
      "name": "example",
      "provider": "provider[\"registry.terraform.io/hashicorp/aws\"]",
      "instances": [
        {
          "schema_version": 0,
          "attributes": {
            "id": "waf-1-webacl-logging-policy",
            "policy_document": "{\"Statement\":[{\"Action\":[\"logs:PutLogEvents\",\"logs:CreateLogStream\"],\"Condition\":{\"ArnLike\":{\"aws:SourceArn\":\"arn:aws:logs:us-east-1:191136519599:*\"},\"StringEquals\":{\"aws:SourceAccount\":\"191136519599\"}},\"Effect\":\"Allow\",\"Principal\":{\"Service\":\"delivery.logs.amazonaws.com\"},\"Resource\":\"arn:aws:logs:us-east-1:191136519599:log-group:aws-waf-logs-us-east-1-toptal:*\"}],\"Version\":\"2012-10-17\"}",
            "policy_name": "waf-1-webacl-logging-policy"
          },
          "sensitive_attributes": [],
          "identity_schema_version": 0,
          "private": "bnVsbA==",
          "dependencies": [
            "module.vpc.aws_cloudwatch_log_group.waf_1_loggroup",
            "module.vpc.data.aws_caller_identity.current",
            "module.vpc.data.aws_iam_policy_document.waf_1_logging_policy"
          ]
        }
      ]
    },
    {
      "module": "module.vpc",
      "mode": "managed",
      "type": "aws_cloudwatch_log_resource_policy",
      "name": "example2",
      "provider": "provider[\"registry.terraform.io/hashicorp/aws\"]",
      "instances": [
        {
          "schema_version": 0,
          "attributes": {
            "id": "waf-1-webacl-logging-policy",
            "policy_document": "{\"Statement\":[{\"Action\":[\"logs:PutLogEvents\",\"logs:CreateLogStream\"],\"Condition\":{\"ArnLike\":{\"aws:SourceArn\":\"arn:aws:logs:us-east-1:191136519599:*\"},\"StringEquals\":{\"aws:SourceAccount\":\"191136519599\"}},\"Effect\":\"Allow\",\"Principal\":{\"Service\":\"delivery.logs.amazonaws.com\"},\"Resource\":\"arn:aws:logs:us-east-1:191136519599:log-group:aws-waf-logs-internal-logs-us-east-1-toptal:*\"}],\"Version\":\"2012-10-17\"}",
            "policy_name": "waf-1-webacl-logging-policy"
          },
          "sensitive_attributes": [],
          "identity_schema_version": 0,
          "private": "bnVsbA==",
          "dependencies": [
            "module.vpc.aws_cloudwatch_log_group.waf_2_internal_loggroup",
            "module.vpc.data.aws_caller_identity.current",
            "module.vpc.data.aws_iam_policy_document.waf_2_internal_logging_policy"
          ]
        }
      ]
    },
    {
      "module": "module.vpc",
      "mode": "managed",
      "type": "aws_cloudwatch_log_stream",
      "name": "api_stream",
      "provider": "provider[\"registry.terraform.io/hashicorp/aws\"]",
      "instances": [
        {
          "schema_version": 0,
          "attributes": {
            "arn": "arn:aws:logs:us-east-1:191136519599:log-group:/toptal/api:log-stream:api",
            "id": "api",
            "log_group_name": "/toptal/api",
            "name": "api"
          },
          "sensitive_attributes": [],
          "identity_schema_version": 0,
          "private": "bnVsbA==",
          "dependencies": [
            "module.vpc.aws_cloudwatch_log_group.api_loggroup"
          ]
        }
      ]
    },
    {
      "module": "module.vpc",
      "mode": "managed",
      "type": "aws_cloudwatch_log_stream",
      "name": "web_stream",
      "provider": "provider[\"registry.terraform.io/hashicorp/aws\"]",
      "instances": [
        {
          "schema_version": 0,
          "attributes": {
            "arn": "arn:aws:logs:us-east-1:191136519599:log-group:/toptal/web:log-stream:web",
            "id": "web",
            "log_group_name": "/toptal/web",
            "name": "web"
          },
          "sensitive_attributes": [],
          "identity_schema_version": 0,
          "private": "bnVsbA==",
          "dependencies": [
            "module.vpc.aws_cloudwatch_log_group.web_loggroup"
          ]
        }
      ]
    },
    {
      "module": "module.vpc",
      "mode": "managed",
      "type": "aws_db_instance",
      "name": "rds",
      "provider": "provider[\"registry.terraform.io/hashicorp/aws\"]",
      "instances": [
        {
          "index_key": 0,
          "schema_version": 2,
          "attributes": {
            "address": "toptal-db-toptal.corucwk68twf.us-east-1.rds.amazonaws.com",
            "allocated_storage": 20,
            "allow_major_version_upgrade": null,
            "apply_immediately": false,
            "arn": "arn:aws:rds:us-east-1:191136519599:db:toptal-db-toptal",
            "auto_minor_version_upgrade": true,
            "availability_zone": "us-east-1b",
            "backup_retention_period": 7,
            "backup_target": "region",
            "backup_window": "07:00-07:59",
            "blue_green_update": [],
            "ca_cert_identifier": "rds-ca-rsa2048-g1",
            "character_set_name": "",
            "copy_tags_to_snapshot": true,
            "custom_iam_instance_profile": "",
            "customer_owned_ip_enabled": false,
            "database_insights_mode": "standard",
            "db_name": "toptal",
            "db_subnet_group_name": "subnet-group-01",
            "dedicated_log_volume": false,
            "delete_automated_backups": true,
            "deletion_protection": false,
            "domain": "",
            "domain_auth_secret_arn": "",
            "domain_dns_ips": [],
            "domain_fqdn": "",
            "domain_iam_role_name": "",
            "domain_ou": "",
            "enabled_cloudwatch_logs_exports": [
              "postgresql"
            ],
            "endpoint": "toptal-db-toptal.corucwk68twf.us-east-1.rds.amazonaws.com:5432",
            "engine": "postgres",
            "engine_lifecycle_support": "open-source-rds-extended-support",
            "engine_version": "17",
            "engine_version_actual": "17.6",
            "final_snapshot_identifier": null,
            "hosted_zone_id": "Z2R2ITUGPM61AM",
            "iam_database_authentication_enabled": false,
            "id": "db-HDMMQ6M2F7PSCLP57H3C3ALEYE",
            "identifier": "toptal-db-toptal",
            "identifier_prefix": "",
            "instance_class": "db.t4g.small",
            "iops": 0,
            "kms_key_id": "arn:aws:kms:us-east-1:191136519599:key/9da35e9f-34e7-4bac-82b8-5e9780c84bea",
            "latest_restorable_time": "2026-04-09T19:06:48Z",
            "license_model": "postgresql-license",
            "listener_endpoint": [],
            "maintenance_window": "wed:05:05-wed:06:05",
            "manage_master_user_password": null,
            "master_user_secret": [],
            "master_user_secret_kms_key_id": null,
            "max_allocated_storage": 2048,
            "monitoring_interval": 0,
            "monitoring_role_arn": "",
            "multi_az": false,
            "nchar_character_set_name": "",
            "network_type": "IPV4",
            "option_group_name": "default:postgres-17",
            "parameter_group_name": "default.postgres17",
            "password": "SUBYmwCL3HJoOIfcHdkuQGPT",
            "password_wo": null,
            "password_wo_version": null,
            "performance_insights_enabled": false,
            "performance_insights_kms_key_id": "",
            "performance_insights_retention_period": 0,
            "port": 5432,
            "publicly_accessible": false,
            "replica_mode": "",
            "replicas": [],
            "replicate_source_db": "",
            "resource_id": "db-HDMMQ6M2F7PSCLP57H3C3ALEYE",
            "restore_to_point_in_time": [],
            "s3_import": [],
            "skip_final_snapshot": true,
            "snapshot_identifier": null,
            "status": "available",
            "storage_encrypted": true,
            "storage_throughput": 0,
            "storage_type": "gp2",
            "tags": {},
            "tags_all": {},
            "timeouts": null,
            "timezone": "",
            "upgrade_storage_config": null,
            "username": "postgres",
            "vpc_security_group_ids": [
              "sg-006b4e1781c7900a1"
            ]
          },
          "sensitive_attributes": [
            [
              {
                "type": "get_attr",
                "value": "password"
              }
            ],
            [
              {
                "type": "get_attr",
                "value": "password_wo"
              }
            ]
          ],
          "identity_schema_version": 0,
          "private": "eyJlMmJmYjczMC1lY2FhLTExZTYtOGY4OC0zNDM2M2JjN2M0YzAiOnsiY3JlYXRlIjozMDAwMDAwMDAwMDAwLCJkZWxldGUiOjM2MDAwMDAwMDAwMDAsInVwZGF0ZSI6NDgwMDAwMDAwMDAwMH0sInNjaGVtYV92ZXJzaW9uIjoiMiJ9",
          "dependencies": [
            "module.vpc.aws_db_subnet_group.rds_subnet_group",
            "module.vpc.aws_security_group.rds_sec_group",
            "module.vpc.aws_subnet.private_data_subs_01",
            "module.vpc.aws_vpc.vpc_01",
            "module.vpc.data.aws_availability_zones.available",
            "module.vpc.random_password.db_password"
          ]
        }
      ]
    },
    {
      "module": "module.vpc",
      "mode": "managed",
      "type": "aws_db_subnet_group",
      "name": "rds_subnet_group",
      "provider": "provider[\"registry.terraform.io/hashicorp/aws\"]",
      "instances": [
        {
          "schema_version": 0,
          "attributes": {
            "arn": "arn:aws:rds:us-east-1:191136519599:subgrp:subnet-group-01",
            "description": "Managed by Terraform",
            "id": "subnet-group-01",
            "name": "subnet-group-01",
            "name_prefix": "",
            "subnet_ids": [
              "subnet-0320091d9a3819430",
              "subnet-0ee4e740ee8a0a121"
            ],
            "supported_network_types": [
              "IPV4"
            ],
            "tags": {
              "account": "nonprod",
              "management": "terraform",
              "owner": "techops"
            },
            "tags_all": {
              "account": "nonprod",
              "management": "terraform",
              "owner": "techops"
            },
            "vpc_id": "vpc-0d05e44c8b0a8ff31"
          },
          "sensitive_attributes": [],
          "identity_schema_version": 0,
          "private": "bnVsbA==",
          "dependencies": [
            "module.vpc.aws_subnet.private_data_subs_01",
            "module.vpc.aws_vpc.vpc_01",
            "module.vpc.data.aws_availability_zones.available"
          ]
        }
      ]
    },
    {
      "module": "module.vpc",
      "mode": "managed",
      "type": "aws_ecs_cluster",
      "name": "ecs_cluster_01",
      "provider": "provider[\"registry.terraform.io/hashicorp/aws\"]",
      "instances": [
        {
          "schema_version": 0,
          "attributes": {
            "arn": "arn:aws:ecs:us-east-1:191136519599:cluster/toptal-ecs-cluster",
            "configuration": [],
            "id": "arn:aws:ecs:us-east-1:191136519599:cluster/toptal-ecs-cluster",
            "name": "toptal-ecs-cluster",
            "service_connect_defaults": [],
            "setting": [
              {
                "name": "containerInsights",
                "value": "enabled"
              }
            ],
            "tags": {
              "Name": "toptal-ecs-cluster",
              "account": "toptal",
              "management": "terraform",
              "owner": "techops",
              "service": "infra"
            },
            "tags_all": {
              "Name": "toptal-ecs-cluster",
              "account": "toptal",
              "management": "terraform",
              "owner": "techops",
              "service": "infra"
            }
          },
          "sensitive_attributes": [],
          "identity_schema_version": 0,
          "private": "bnVsbA=="
        }
      ]
    },
    {
      "module": "module.vpc",
      "mode": "managed",
      "type": "aws_ecs_cluster_capacity_providers",
      "name": "ecs_cluster_01",
      "provider": "provider[\"registry.terraform.io/hashicorp/aws\"]",
      "instances": [
        {
          "schema_version": 0,
          "attributes": {
            "capacity_providers": [
              "FARGATE"
            ],
            "cluster_name": "toptal-ecs-cluster",
            "default_capacity_provider_strategy": [
              {
                "base": 1,
                "capacity_provider": "FARGATE",
                "weight": 1
              }
            ],
            "id": "toptal-ecs-cluster"
          },
          "sensitive_attributes": [],
          "identity_schema_version": 0,
          "private": "bnVsbA==",
          "dependencies": [
            "module.vpc.aws_ecs_cluster.ecs_cluster_01"
          ]
        }
      ]
    },
    {
      "module": "module.vpc",
      "mode": "managed",
      "type": "aws_ecs_service",
      "name": "api",
      "provider": "provider[\"registry.terraform.io/hashicorp/aws\"]",
      "instances": [
        {
          "schema_version": 1,
          "attributes": {
            "alarms": [],
            "availability_zone_rebalancing": "DISABLED",
            "capacity_provider_strategy": [],
            "cluster": "arn:aws:ecs:us-east-1:191136519599:cluster/toptal-ecs-cluster",
            "deployment_circuit_breaker": [
              {
                "enable": false,
                "rollback": false
              }
            ],
            "deployment_controller": [
              {
                "type": "ECS"
              }
            ],
            "deployment_maximum_percent": 200,
            "deployment_minimum_healthy_percent": 100,
            "desired_count": 1,
            "enable_ecs_managed_tags": false,
            "enable_execute_command": true,
            "force_delete": null,
            "force_new_deployment": null,
            "health_check_grace_period_seconds": 0,
            "iam_role": "/aws-service-role/ecs.amazonaws.com/AWSServiceRoleForECS",
            "id": "arn:aws:ecs:us-east-1:191136519599:service/toptal-ecs-cluster/api",
            "launch_type": "FARGATE",
            "load_balancer": [
              {
                "container_name": "api",
                "container_port": 8082,
                "elb_name": "",
                "target_group_arn": "arn:aws:elasticloadbalancing:us-east-1:191136519599:targetgroup/api/bcdbc668f7b0c5f3"
              }
            ],
            "name": "api",
            "network_configuration": [
              {
                "assign_public_ip": true,
                "security_groups": [
                  "sg-06a60c8e06a2fce3f"
                ],
                "subnets": [
                  "subnet-033e0a63435e90622",
                  "subnet-0a8dd8b6339af8461"
                ]
              }
            ],
            "ordered_placement_strategy": [],
            "placement_constraints": [],
            "platform_version": "LATEST",
            "propagate_tags": "NONE",
            "scheduling_strategy": "REPLICA",
            "service_connect_configuration": [],
            "service_registries": [
              {
                "container_name": "",
                "container_port": 0,
                "port": 0,
                "registry_arn": "arn:aws:servicediscovery:us-east-1:191136519599:service/srv-p72ttmx6lqbr3pyq"
              }
            ],
            "tags": {
              "Name": "toptal-ecs-service-api",
              "account": "toptal",
              "management": "terraform",
              "owner": "techops",
              "service": "infra"
            },
            "tags_all": {
              "Name": "toptal-ecs-service-api",
              "account": "toptal",
              "management": "terraform",
              "owner": "techops",
              "service": "infra"
            },
            "task_definition": "arn:aws:ecs:us-east-1:191136519599:task-definition/api:2",
            "timeouts": null,
            "triggers": {},
            "volume_configuration": [],
            "vpc_lattice_configurations": [],
            "wait_for_steady_state": false
          },
          "sensitive_attributes": [],
          "identity_schema_version": 0,
          "private": "eyJlMmJmYjczMC1lY2FhLTExZTYtOGY4OC0zNDM2M2JjN2M0YzAiOnsiY3JlYXRlIjoxMjAwMDAwMDAwMDAwLCJkZWxldGUiOjEyMDAwMDAwMDAwMDAsInVwZGF0ZSI6MTIwMDAwMDAwMDAwMH0sInNjaGVtYV92ZXJzaW9uIjoiMSJ9",
          "dependencies": [
            "module.vpc.aws_cloudwatch_log_group.api_loggroup",
            "module.vpc.aws_ecs_cluster.ecs_cluster_01",
            "module.vpc.aws_ecs_task_definition.api",
            "module.vpc.aws_iam_role.ecs_task_role",
            "module.vpc.aws_lb.toptal_alb",
            "module.vpc.aws_lb_listener.toptal_alb_http_80",
            "module.vpc.aws_lb_listener_rule.api_host_rule",
            "module.vpc.aws_lb_target_group.api",
            "module.vpc.aws_security_group.api_server_sg",
            "module.vpc.aws_security_group.toptal_alb_sg",
            "module.vpc.aws_security_group.web_server_sg",
            "module.vpc.aws_service_discovery_private_dns_namespace.asterkey_local_ecs_namespace",
            "module.vpc.aws_service_discovery_service.api",
            "module.vpc.aws_subnet.public_subs_01",
            "module.vpc.aws_vpc.vpc_01",
            "module.vpc.data.aws_availability_zones.available",
            "module.vpc.data.aws_iam_policy_document.ecs_task_assume_role_policy"
          ]
        }
      ]
    },
    {
      "module": "module.vpc",
      "mode": "managed",
      "type": "aws_ecs_service",
      "name": "web",
      "provider": "provider[\"registry.terraform.io/hashicorp/aws\"]",
      "instances": [
        {
          "schema_version": 1,
          "attributes": {
            "alarms": [],
            "availability_zone_rebalancing": "DISABLED",
            "capacity_provider_strategy": [],
            "cluster": "arn:aws:ecs:us-east-1:191136519599:cluster/toptal-ecs-cluster",
            "deployment_circuit_breaker": [
              {
                "enable": false,
                "rollback": false
              }
            ],
            "deployment_controller": [
              {
                "type": "ECS"
              }
            ],
            "deployment_maximum_percent": 200,
            "deployment_minimum_healthy_percent": 100,
            "desired_count": 1,
            "enable_ecs_managed_tags": false,
            "enable_execute_command": true,
            "force_delete": null,
            "force_new_deployment": null,
            "health_check_grace_period_seconds": 0,
            "iam_role": "/aws-service-role/ecs.amazonaws.com/AWSServiceRoleForECS",
            "id": "arn:aws:ecs:us-east-1:191136519599:service/toptal-ecs-cluster/web",
            "launch_type": "FARGATE",
            "load_balancer": [
              {
                "container_name": "web",
                "container_port": 8081,
                "elb_name": "",
                "target_group_arn": "arn:aws:elasticloadbalancing:us-east-1:191136519599:targetgroup/web/92c79f9c88cd69c1"
              }
            ],
            "name": "web",
            "network_configuration": [
              {
                "assign_public_ip": true,
                "security_groups": [
                  "sg-09134e701d869b215"
                ],
                "subnets": [
                  "subnet-033e0a63435e90622",
                  "subnet-0a8dd8b6339af8461"
                ]
              }
            ],
            "ordered_placement_strategy": [],
            "placement_constraints": [],
            "platform_version": "LATEST",
            "propagate_tags": "NONE",
            "scheduling_strategy": "REPLICA",
            "service_connect_configuration": [],
            "service_registries": [
              {
                "container_name": "",
                "container_port": 0,
                "port": 0,
                "registry_arn": "arn:aws:servicediscovery:us-east-1:191136519599:service/srv-zw6pb4jxrfpaah7g"
              }
            ],
            "tags": {
              "Name": "toptal-ecs-service-web",
              "account": "toptal",
              "management": "terraform",
              "owner": "techops",
              "service": "infra"
            },
            "tags_all": {
              "Name": "toptal-ecs-service-web",
              "account": "toptal",
              "management": "terraform",
              "owner": "techops",
              "service": "infra"
            },
            "task_definition": "arn:aws:ecs:us-east-1:191136519599:task-definition/web:2",
            "timeouts": null,
            "triggers": {},
            "volume_configuration": [],
            "vpc_lattice_configurations": [],
            "wait_for_steady_state": false
          },
          "sensitive_attributes": [],
          "identity_schema_version": 0,
          "private": "eyJlMmJmYjczMC1lY2FhLTExZTYtOGY4OC0zNDM2M2JjN2M0YzAiOnsiY3JlYXRlIjoxMjAwMDAwMDAwMDAwLCJkZWxldGUiOjEyMDAwMDAwMDAwMDAsInVwZGF0ZSI6MTIwMDAwMDAwMDAwMH0sInNjaGVtYV92ZXJzaW9uIjoiMSJ9",
          "dependencies": [
            "module.vpc.aws_cloudwatch_log_group.api_loggroup",
            "module.vpc.aws_cloudwatch_log_group.web_loggroup",
            "module.vpc.aws_ecs_cluster.ecs_cluster_01",
            "module.vpc.aws_ecs_service.api",
            "module.vpc.aws_ecs_task_definition.api",
            "module.vpc.aws_ecs_task_definition.web",
            "module.vpc.aws_iam_role.ecs_task_role",
            "module.vpc.aws_lb.toptal_alb",
            "module.vpc.aws_lb_listener.toptal_alb_http_80",
            "module.vpc.aws_lb_listener_rule.api_host_rule",
            "module.vpc.aws_lb_listener_rule.web_host_rule",
            "module.vpc.aws_lb_target_group.api",
            "module.vpc.aws_lb_target_group.web",
            "module.vpc.aws_security_group.api_server_sg",
            "module.vpc.aws_security_group.toptal_alb_sg",
            "module.vpc.aws_security_group.web_server_sg",
            "module.vpc.aws_service_discovery_private_dns_namespace.asterkey_local_ecs_namespace",
            "module.vpc.aws_service_discovery_service.api",
            "module.vpc.aws_service_discovery_service.web",
            "module.vpc.aws_subnet.public_subs_01",
            "module.vpc.aws_vpc.vpc_01",
            "module.vpc.data.aws_availability_zones.available",
            "module.vpc.data.aws_iam_policy_document.ecs_task_assume_role_policy"
          ]
        }
      ]
    },
    {
      "module": "module.vpc",
      "mode": "managed",
      "type": "aws_ecs_task_definition",
      "name": "api",
      "provider": "provider[\"registry.terraform.io/hashicorp/aws\"]",
      "instances": [
        {
          "schema_version": 1,
          "attributes": {
            "arn": "arn:aws:ecs:us-east-1:191136519599:task-definition/api:2",
            "arn_without_revision": "arn:aws:ecs:us-east-1:191136519599:task-definition/api",
            "container_definitions": "[{\"environment\":[{\"name\":\"DBPORT\",\"value\":\"5432\"},{\"name\":\"PORT\",\"value\":\"8082\"}],\"essential\":true,\"image\":\"kklein90/toptal-api:latest\",\"logConfiguration\":{\"logDriver\":\"awslogs\",\"options\":{\"awslogs-region\":\"us-east-1\",\"awslogs-stream-prefix\":\"api\",\"awslogs-group\":\"/toptal/api\"}},\"mountPoints\":[],\"name\":\"api\",\"portMappings\":[{\"containerPort\":8082,\"hostPort\":8082,\"protocol\":\"tcp\"}],\"secrets\":[{\"name\":\"DB\",\"valueFrom\":\"/app/api/db\"},{\"name\":\"DBHOST\",\"valueFrom\":\"/app/api/dbhost\"},{\"name\":\"DBPASS\",\"valueFrom\":\"/app/api/dbpass\"},{\"name\":\"DBUSER\",\"valueFrom\":\"/app/api/dbuser\"}],\"systemControls\":[],\"volumesFrom\":[]}]",
            "cpu": "256",
            "enable_fault_injection": false,
            "ephemeral_storage": [],
            "execution_role_arn": "arn:aws:iam::191136519599:role/toptal-ecs-task-role",
            "family": "api",
            "id": "api",
            "inference_accelerator": [],
            "ipc_mode": "",
            "memory": "512",
            "network_mode": "awsvpc",
            "pid_mode": "",
            "placement_constraints": [],
            "proxy_configuration": [],
            "requires_compatibilities": [
              "FARGATE"
            ],
            "revision": 2,
            "runtime_platform": [
              {
                "cpu_architecture": "X86_64",
                "operating_system_family": "LINUX"
              }
            ],
            "skip_destroy": false,
            "tags": {},
            "tags_all": {},
            "task_role_arn": "arn:aws:iam::191136519599:role/toptal-ecs-task-role",
            "track_latest": false,
            "volume": []
          },
          "sensitive_attributes": [],
          "identity_schema_version": 0,
          "private": "eyJzY2hlbWFfdmVyc2lvbiI6IjEifQ==",
          "dependencies": [
            "module.vpc.aws_cloudwatch_log_group.api_loggroup",
            "module.vpc.aws_iam_role.ecs_task_role",
            "module.vpc.data.aws_iam_policy_document.ecs_task_assume_role_policy"
          ]
        }
      ]
    },
    {
      "module": "module.vpc",
      "mode": "managed",
      "type": "aws_ecs_task_definition",
      "name": "web",
      "provider": "provider[\"registry.terraform.io/hashicorp/aws\"]",
      "instances": [
        {
          "schema_version": 1,
          "attributes": {
            "arn": "arn:aws:ecs:us-east-1:191136519599:task-definition/web:2",
            "arn_without_revision": "arn:aws:ecs:us-east-1:191136519599:task-definition/web",
            "container_definitions": "[{\"environment\":[{\"name\":\"API_HOST\",\"value\":\"api.toptal.internal\"},{\"name\":\"PORT\",\"value\":\"8081\"}],\"essential\":true,\"image\":\"kklein90/toptal-web:latest\",\"logConfiguration\":{\"logDriver\":\"awslogs\",\"options\":{\"awslogs-stream-prefix\":\"web\",\"awslogs-group\":\"/toptal/web\",\"awslogs-region\":\"us-east-1\"}},\"mountPoints\":[],\"name\":\"web\",\"portMappings\":[{\"containerPort\":8081,\"hostPort\":8081,\"protocol\":\"tcp\"}],\"systemControls\":[],\"volumesFrom\":[]}]",
            "cpu": "256",
            "enable_fault_injection": false,
            "ephemeral_storage": [],
            "execution_role_arn": "arn:aws:iam::191136519599:role/toptal-ecs-task-role",
            "family": "web",
            "id": "web",
            "inference_accelerator": [],
            "ipc_mode": "",
            "memory": "512",
            "network_mode": "awsvpc",
            "pid_mode": "",
            "placement_constraints": [],
            "proxy_configuration": [],
            "requires_compatibilities": [
              "FARGATE"
            ],
            "revision": 2,
            "runtime_platform": [
              {
                "cpu_architecture": "X86_64",
                "operating_system_family": "LINUX"
              }
            ],
            "skip_destroy": false,
            "tags": {},
            "tags_all": {},
            "task_role_arn": "arn:aws:iam::191136519599:role/toptal-ecs-task-role",
            "track_latest": false,
            "volume": []
          },
          "sensitive_attributes": [],
          "identity_schema_version": 0,
          "private": "eyJzY2hlbWFfdmVyc2lvbiI6IjEifQ==",
          "dependencies": [
            "module.vpc.aws_cloudwatch_log_group.web_loggroup",
            "module.vpc.aws_iam_role.ecs_task_role",
            "module.vpc.data.aws_iam_policy_document.ecs_task_assume_role_policy"
          ]
        }
      ]
    },
    {
      "module": "module.vpc",
      "mode": "managed",
      "type": "aws_eip",
      "name": "nat_eip",
      "provider": "provider[\"registry.terraform.io/hashicorp/aws\"]",
      "instances": [
        {
          "schema_version": 0,
          "attributes": {
            "address": null,
            "allocation_id": "eipalloc-0324283b5b4e0831d",
            "arn": "arn:aws:ec2:us-east-1:191136519599:elastic-ip/eipalloc-0324283b5b4e0831d",
            "associate_with_private_ip": null,
            "association_id": "eipassoc-0e49a0ce91001627d",
            "carrier_ip": "",
            "customer_owned_ip": "",
            "customer_owned_ipv4_pool": "",
            "domain": "vpc",
            "id": "eipalloc-0324283b5b4e0831d",
            "instance": "",
            "ipam_pool_id": null,
            "network_border_group": "us-east-1",
            "network_interface": "eni-0a40417dfce4f52ec",
            "private_dns": "ip-10-1-0-233.ec2.internal",
            "private_ip": "10.1.0.233",
            "ptr_record": "",
            "public_dns": "ec2-98-80-111-38.compute-1.amazonaws.com",
            "public_ip": "98.80.111.38",
            "public_ipv4_pool": "amazon",
            "tags": {},
            "tags_all": {},
            "timeouts": null,
            "vpc": true
          },
          "sensitive_attributes": [],
          "identity_schema_version": 0,
          "private": "eyJlMmJmYjczMC1lY2FhLTExZTYtOGY4OC0zNDM2M2JjN2M0YzAiOnsiZGVsZXRlIjoxODAwMDAwMDAwMDAsInJlYWQiOjkwMDAwMDAwMDAwMCwidXBkYXRlIjozMDAwMDAwMDAwMDB9fQ=="
        }
      ]
    },
    {
      "module": "module.vpc",
      "mode": "managed",
      "type": "aws_iam_instance_profile",
      "name": "server_inst_profile",
      "provider": "provider[\"registry.terraform.io/hashicorp/aws\"]",
      "instances": [
        {
          "schema_version": 0,
          "attributes": {
            "arn": "arn:aws:iam::191136519599:instance-profile/serverProfile",
            "create_date": "2026-04-09T18:43:58Z",
            "id": "serverProfile",
            "name": "serverProfile",
            "name_prefix": "",
            "path": "/",
            "role": "Server-role",
            "tags": {},
            "tags_all": {},
            "unique_id": "AIPASZAE72WX2FS6XHKLZ"
          },
          "sensitive_attributes": [],
          "identity_schema_version": 0,
          "private": "bnVsbA==",
          "dependencies": [
            "module.vpc.aws_iam_role.server_role",
            "module.vpc.data.aws_caller_identity.current",
            "module.vpc.data.aws_iam_policy_document.server_pol"
          ]
        }
      ]
    },
    {
      "module": "module.vpc",
      "mode": "managed",
      "type": "aws_iam_policy",
      "name": "server_policy",
      "provider": "provider[\"registry.terraform.io/hashicorp/aws\"]",
      "instances": [
        {
          "schema_version": 0,
          "attributes": {
            "arn": "arn:aws:iam::191136519599:policy/server-server-policy",
            "attachment_count": 1,
            "description": "Service role for server",
            "id": "arn:aws:iam::191136519599:policy/server-server-policy",
            "name": "server-server-policy",
            "name_prefix": "",
            "path": "/",
            "policy": "{\"Statement\":[{\"Action\":[\"logs:*\",\"cloudwatch:*\"],\"Effect\":\"Allow\",\"Resource\":\"*\",\"Sid\":\"Cloudwatch\"},{\"Action\":\"secretsmanager:*\",\"Effect\":\"Allow\",\"Resource\":\"*\",\"Sid\":\"Secrets\"},{\"Action\":\"ssm:*\",\"Effect\":\"Allow\",\"Resource\":\"*\",\"Sid\":\"SSMAllow\"},{\"Action\":\"iam:PassRole\",\"Effect\":\"Allow\",\"Resource\":\"*\",\"Sid\":\"IAM\"}],\"Version\":\"2012-10-17\"}",
            "policy_id": "ANPASZAE72WX6SLGWHL27",
            "tags": {},
            "tags_all": {}
          },
          "sensitive_attributes": [],
          "identity_schema_version": 0,
          "private": "bnVsbA==",
          "dependencies": [
            "module.vpc.data.aws_iam_policy_document.server_server_pol_doc"
          ]
        }
      ]
    },
    {
      "module": "module.vpc",
      "mode": "managed",
      "type": "aws_iam_role",
      "name": "ecs_task_role",
      "provider": "provider[\"registry.terraform.io/hashicorp/aws\"]",
      "instances": [
        {
          "schema_version": 0,
          "attributes": {
            "arn": "arn:aws:iam::191136519599:role/toptal-ecs-task-role",
            "assume_role_policy": "{\"Statement\":[{\"Action\":\"sts:AssumeRole\",\"Effect\":\"Allow\",\"Principal\":{\"Service\":\"ecs-tasks.amazonaws.com\"}}],\"Version\":\"2012-10-17\"}",
            "create_date": "2026-04-09T18:43:58Z",
            "description": "",
            "force_detach_policies": false,
            "id": "toptal-ecs-task-role",
            "inline_policy": [
              {
                "name": "toptal-ecs-task-runtime-policy",
                "policy": "{\"Version\":\"2012-10-17\",\"Statement\":[{\"Action\":[\"ssmmessages:OpenDataChannel\",\"ssmmessages:OpenControlChannel\",\"ssmmessages:CreateDataChannel\",\"ssmmessages:CreateControlChannel\"],\"Effect\":\"Allow\",\"Resource\":\"*\",\"Sid\":\"ECSExecChannels\"},{\"Action\":[\"ssm:GetParametersByPath\",\"ssm:GetParameters\",\"ssm:GetParameter\",\"ssm:DescribeParameters\"],\"Effect\":\"Allow\",\"Resource\":\"*\",\"Sid\":\"ReadSSMParameterStore\"},{\"Action\":\"kms:Decrypt\",\"Effect\":\"Allow\",\"Resource\":\"*\",\"Sid\":\"DecryptSSMParameters\"}]}"
              }
            ],
            "managed_policy_arns": [
              "arn:aws:iam::aws:policy/service-role/AmazonECSTaskExecutionRolePolicy"
            ],
            "max_session_duration": 3600,
            "name": "toptal-ecs-task-role",
            "name_prefix": "",
            "path": "/",
            "permissions_boundary": "",
            "tags": {
              "Name": "toptal-ecs-task-role",
              "account": "toptal",
              "management": "terraform",
              "owner": "techops",
              "service": "infra"
            },
            "tags_all": {
              "Name": "toptal-ecs-task-role",
              "account": "toptal",
              "management": "terraform",
              "owner": "techops",
              "service": "infra"
            },
            "unique_id": "AROASZAE72WX36KYX33LP"
          },
          "sensitive_attributes": [],
          "identity_schema_version": 0,
          "private": "bnVsbA==",
          "dependencies": [
            "module.vpc.data.aws_iam_policy_document.ecs_task_assume_role_policy"
          ]
        }
      ]
    },
    {
      "module": "module.vpc",
      "mode": "managed",
      "type": "aws_iam_role",
      "name": "server_role",
      "provider": "provider[\"registry.terraform.io/hashicorp/aws\"]",
      "instances": [
        {
          "schema_version": 0,
          "attributes": {
            "arn": "arn:aws:iam::191136519599:role/Server-role",
            "assume_role_policy": "{\"Statement\":[{\"Action\":\"sts:AssumeRole\",\"Effect\":\"Allow\",\"Principal\":{\"AWS\":\"arn:aws:iam::191136519599:root\",\"Service\":\"ec2.amazonaws.com\"}}],\"Version\":\"2012-10-17\"}",
            "create_date": "2026-04-09T18:43:58Z",
            "description": "This role allows server access to services for deployment",
            "force_detach_policies": false,
            "id": "Server-role",
            "inline_policy": [],
            "managed_policy_arns": [
              "arn:aws:iam::191136519599:policy/server-server-policy"
            ],
            "max_session_duration": 21600,
            "name": "Server-role",
            "name_prefix": "",
            "path": "/",
            "permissions_boundary": "",
            "tags": {},
            "tags_all": {},
            "unique_id": "AROASZAE72WX5YRXZDLKI"
          },
          "sensitive_attributes": [],
          "identity_schema_version": 0,
          "private": "bnVsbA==",
          "dependencies": [
            "module.vpc.data.aws_caller_identity.current",
            "module.vpc.data.aws_iam_policy_document.server_pol"
          ]
        }
      ]
    },
    {
      "module": "module.vpc",
      "mode": "managed",
      "type": "aws_iam_role_policy",
      "name": "ecs_task_runtime_policy",
      "provider": "provider[\"registry.terraform.io/hashicorp/aws\"]",
      "instances": [
        {
          "schema_version": 0,
          "attributes": {
            "id": "toptal-ecs-task-role:toptal-ecs-task-runtime-policy",
            "name": "toptal-ecs-task-runtime-policy",
            "name_prefix": "",
            "policy": "{\"Version\":\"2012-10-17\",\"Statement\":[{\"Action\":[\"ssmmessages:OpenDataChannel\",\"ssmmessages:OpenControlChannel\",\"ssmmessages:CreateDataChannel\",\"ssmmessages:CreateControlChannel\"],\"Effect\":\"Allow\",\"Resource\":\"*\",\"Sid\":\"ECSExecChannels\"},{\"Action\":[\"ssm:GetParametersByPath\",\"ssm:GetParameters\",\"ssm:GetParameter\",\"ssm:DescribeParameters\"],\"Effect\":\"Allow\",\"Resource\":\"*\",\"Sid\":\"ReadSSMParameterStore\"},{\"Action\":\"kms:Decrypt\",\"Effect\":\"Allow\",\"Resource\":\"*\",\"Sid\":\"DecryptSSMParameters\"}]}",
            "role": "toptal-ecs-task-role"
          },
          "sensitive_attributes": [],
          "identity_schema_version": 0,
          "private": "bnVsbA==",
          "dependencies": [
            "module.vpc.aws_iam_role.ecs_task_role",
            "module.vpc.data.aws_iam_policy_document.ecs_task_assume_role_policy",
            "module.vpc.data.aws_iam_policy_document.ecs_task_runtime_policy"
          ]
        }
      ]
    },
    {
      "module": "module.vpc",
      "mode": "managed",
      "type": "aws_iam_role_policy_attachment",
      "name": "ecs_task_execution_managed_policy",
      "provider": "provider[\"registry.terraform.io/hashicorp/aws\"]",
      "instances": [
        {
          "schema_version": 0,
          "attributes": {
            "id": "toptal-ecs-task-role-20260409184359234000000003",
            "policy_arn": "arn:aws:iam::aws:policy/service-role/AmazonECSTaskExecutionRolePolicy",
            "role": "toptal-ecs-task-role"
          },
          "sensitive_attributes": [],
          "identity_schema_version": 0,
          "private": "bnVsbA==",
          "dependencies": [
            "module.vpc.aws_iam_role.ecs_task_role",
            "module.vpc.data.aws_iam_policy_document.ecs_task_assume_role_policy"
          ]
        }
      ]
    },
    {
      "module": "module.vpc",
      "mode": "managed",
      "type": "aws_iam_role_policy_attachment",
      "name": "server_server_pol_attach",
      "provider": "provider[\"registry.terraform.io/hashicorp/aws\"]",
      "instances": [
        {
          "schema_version": 0,
          "attributes": {
            "id": "Server-role-20260409184358734300000002",
            "policy_arn": "arn:aws:iam::191136519599:policy/server-server-policy",
            "role": "Server-role"
          },
          "sensitive_attributes": [],
          "identity_schema_version": 0,
          "private": "bnVsbA==",
          "dependencies": [
            "module.vpc.aws_iam_policy.server_policy",
            "module.vpc.aws_iam_role.server_role",
            "module.vpc.data.aws_caller_identity.current",
            "module.vpc.data.aws_iam_policy_document.server_pol",
            "module.vpc.data.aws_iam_policy_document.server_server_pol_doc"
          ]
        }
      ]
    },
    {
      "module": "module.vpc",
      "mode": "managed",
      "type": "aws_internet_gateway",
      "name": "igw_01",
      "provider": "provider[\"registry.terraform.io/hashicorp/aws\"]",
      "instances": [
        {
          "schema_version": 0,
          "attributes": {
            "arn": "arn:aws:ec2:us-east-1:191136519599:internet-gateway/igw-085072a04e750faeb",
            "id": "igw-085072a04e750faeb",
            "owner_id": "191136519599",
            "tags": {
              "Name": "toptal-igw",
              "management": "terraform",
              "owner": "techops",
              "service": "infra"
            },
            "tags_all": {
              "Name": "toptal-igw",
              "management": "terraform",
              "owner": "techops",
              "service": "infra"
            },
            "timeouts": null,
            "vpc_id": "vpc-0d05e44c8b0a8ff31"
          },
          "sensitive_attributes": [],
          "identity_schema_version": 0,
          "private": "eyJlMmJmYjczMC1lY2FhLTExZTYtOGY4OC0zNDM2M2JjN2M0YzAiOnsiY3JlYXRlIjoxMjAwMDAwMDAwMDAwLCJkZWxldGUiOjEyMDAwMDAwMDAwMDAsInVwZGF0ZSI6MTIwMDAwMDAwMDAwMH19",
          "dependencies": [
            "module.vpc.aws_vpc.vpc_01"
          ]
        }
      ]
    },
    {
      "module": "module.vpc",
      "mode": "managed",
      "type": "aws_lb",
      "name": "toptal_alb",
      "provider": "provider[\"registry.terraform.io/hashicorp/aws\"]",
      "instances": [
        {
          "schema_version": 0,
          "attributes": {
            "access_logs": [
              {
                "bucket": "",
                "enabled": false,
                "prefix": ""
              }
            ],
            "arn": "arn:aws:elasticloadbalancing:us-east-1:191136519599:loadbalancer/app/toptal-alb/7a453f3520d0f8d7",
            "arn_suffix": "app/toptal-alb/7a453f3520d0f8d7",
            "client_keep_alive": 3600,
            "connection_logs": [
              {
                "bucket": "",
                "enabled": false,
                "prefix": ""
              }
            ],
            "customer_owned_ipv4_pool": "",
            "desync_mitigation_mode": "defensive",
            "dns_name": "toptal-alb-1589610033.us-east-1.elb.amazonaws.com",
            "dns_record_client_routing_policy": null,
            "drop_invalid_header_fields": false,
            "enable_cross_zone_load_balancing": true,
            "enable_deletion_protection": false,
            "enable_http2": true,
            "enable_tls_version_and_cipher_suite_headers": false,
            "enable_waf_fail_open": false,
            "enable_xff_client_port": false,
            "enable_zonal_shift": false,
            "enforce_security_group_inbound_rules_on_private_link_traffic": "",
            "id": "arn:aws:elasticloadbalancing:us-east-1:191136519599:loadbalancer/app/toptal-alb/7a453f3520d0f8d7",
            "idle_timeout": 60,
            "internal": false,
            "ip_address_type": "ipv4",
            "ipam_pools": [],
            "load_balancer_type": "application",
            "minimum_load_balancer_capacity": [],
            "name": "toptal-alb",
            "name_prefix": "",
            "preserve_host_header": false,
            "security_groups": [
              "sg-085fd4aaf8d3eb7bc"
            ],
            "subnet_mapping": [
              {
                "allocation_id": "",
                "ipv6_address": "",
                "outpost_id": "",
                "private_ipv4_address": "",
                "subnet_id": "subnet-033e0a63435e90622"
              },
              {
                "allocation_id": "",
                "ipv6_address": "",
                "outpost_id": "",
                "private_ipv4_address": "",
                "subnet_id": "subnet-0a8dd8b6339af8461"
              }
            ],
            "subnets": [
              "subnet-033e0a63435e90622",
              "subnet-0a8dd8b6339af8461"
            ],
            "tags": {
              "Name": "toptal-alb",
              "account": "toptal",
              "management": "terraform",
              "owner": "techops",
              "service": "infra"
            },
            "tags_all": {
              "Name": "toptal-alb",
              "account": "toptal",
              "management": "terraform",
              "owner": "techops",
              "service": "infra"
            },
            "timeouts": null,
            "vpc_id": "vpc-0d05e44c8b0a8ff31",
            "xff_header_processing_mode": "append",
            "zone_id": "Z35SXDOTRQ7X7K"
          },
          "sensitive_attributes": [],
          "identity_schema_version": 0,
          "private": "eyJlMmJmYjczMC1lY2FhLTExZTYtOGY4OC0zNDM2M2JjN2M0YzAiOnsiY3JlYXRlIjo2MDAwMDAwMDAwMDAsImRlbGV0ZSI6NjAwMDAwMDAwMDAwLCJ1cGRhdGUiOjYwMDAwMDAwMDAwMH19",
          "dependencies": [
            "module.vpc.aws_security_group.toptal_alb_sg",
            "module.vpc.aws_subnet.public_subs_01",
            "module.vpc.aws_vpc.vpc_01",
            "module.vpc.data.aws_availability_zones.available"
          ]
        }
      ]
    },
    {
      "module": "module.vpc",
      "mode": "managed",
      "type": "aws_lb_listener",
      "name": "toptal_alb_http_80",
      "provider": "provider[\"registry.terraform.io/hashicorp/aws\"]",
      "instances": [
        {
          "schema_version": 0,
          "attributes": {
            "alpn_policy": null,
            "arn": "arn:aws:elasticloadbalancing:us-east-1:191136519599:listener/app/toptal-alb/7a453f3520d0f8d7/ef7cc3e42ded7bae",
            "certificate_arn": null,
            "default_action": [
              {
                "authenticate_cognito": [],
                "authenticate_oidc": [],
                "fixed_response": [
                  {
                    "content_type": "text/plain",
                    "message_body": "OK",
                    "status_code": "200"
                  }
                ],
                "forward": [],
                "order": 1,
                "redirect": [],
                "target_group_arn": "",
                "type": "fixed-response"
              }
            ],
            "id": "arn:aws:elasticloadbalancing:us-east-1:191136519599:listener/app/toptal-alb/7a453f3520d0f8d7/ef7cc3e42ded7bae",
            "load_balancer_arn": "arn:aws:elasticloadbalancing:us-east-1:191136519599:loadbalancer/app/toptal-alb/7a453f3520d0f8d7",
            "mutual_authentication": [],
            "port": 80,
            "protocol": "HTTP",
            "routing_http_request_x_amzn_mtls_clientcert_header_name": null,
            "routing_http_request_x_amzn_mtls_clientcert_issuer_header_name": null,
            "routing_http_request_x_amzn_mtls_clientcert_leaf_header_name": null,
            "routing_http_request_x_amzn_mtls_clientcert_serial_number_header_name": null,
            "routing_http_request_x_amzn_mtls_clientcert_subject_header_name": null,
            "routing_http_request_x_amzn_mtls_clientcert_validity_header_name": null,
            "routing_http_request_x_amzn_tls_cipher_suite_header_name": null,
            "routing_http_request_x_amzn_tls_version_header_name": null,
            "routing_http_response_access_control_allow_credentials_header_value": "",
            "routing_http_response_access_control_allow_headers_header_value": "",
            "routing_http_response_access_control_allow_methods_header_value": "",
            "routing_http_response_access_control_allow_origin_header_value": "",
            "routing_http_response_access_control_expose_headers_header_value": "",
            "routing_http_response_access_control_max_age_header_value": "",
            "routing_http_response_content_security_policy_header_value": "",
            "routing_http_response_server_enabled": true,
            "routing_http_response_strict_transport_security_header_value": "",
            "routing_http_response_x_content_type_options_header_value": "",
            "routing_http_response_x_frame_options_header_value": "",
            "ssl_policy": "",
            "tags": {},
            "tags_all": {},
            "tcp_idle_timeout_seconds": null,
            "timeouts": null
          },
          "sensitive_attributes": [],
          "identity_schema_version": 0,
          "private": "eyJlMmJmYjczMC1lY2FhLTExZTYtOGY4OC0zNDM2M2JjN2M0YzAiOnsiY3JlYXRlIjozMDAwMDAwMDAwMDAsInVwZGF0ZSI6MzAwMDAwMDAwMDAwfX0=",
          "dependencies": [
            "module.vpc.aws_lb.toptal_alb",
            "module.vpc.aws_security_group.toptal_alb_sg",
            "module.vpc.aws_subnet.public_subs_01",
            "module.vpc.aws_vpc.vpc_01",
            "module.vpc.data.aws_availability_zones.available"
          ]
        }
      ]
    },
    {
      "module": "module.vpc",
      "mode": "managed",
      "type": "aws_lb_listener_rule",
      "name": "api_host_rule",
      "provider": "provider[\"registry.terraform.io/hashicorp/aws\"]",
      "instances": [
        {
          "schema_version": 0,
          "attributes": {
            "action": [
              {
                "authenticate_cognito": [],
                "authenticate_oidc": [],
                "fixed_response": [],
                "forward": [],
                "order": 1,
                "redirect": [],
                "target_group_arn": "arn:aws:elasticloadbalancing:us-east-1:191136519599:targetgroup/api/bcdbc668f7b0c5f3",
                "type": "forward"
              }
            ],
            "arn": "arn:aws:elasticloadbalancing:us-east-1:191136519599:listener-rule/app/toptal-alb/7a453f3520d0f8d7/ef7cc3e42ded7bae/694cd5f26e3a2958",
            "condition": [
              {
                "host_header": [
                  {
                    "values": [
                      "api.*",
                      "api.kwkc.xyz"
                    ]
                  }
                ],
                "http_header": [],
                "http_request_method": [],
                "path_pattern": [],
                "query_string": [],
                "source_ip": []
              }
            ],
            "id": "arn:aws:elasticloadbalancing:us-east-1:191136519599:listener-rule/app/toptal-alb/7a453f3520d0f8d7/ef7cc3e42ded7bae/694cd5f26e3a2958",
            "listener_arn": "arn:aws:elasticloadbalancing:us-east-1:191136519599:listener/app/toptal-alb/7a453f3520d0f8d7/ef7cc3e42ded7bae",
            "priority": 10,
            "tags": {},
            "tags_all": {}
          },
          "sensitive_attributes": [],
          "identity_schema_version": 0,
          "private": "bnVsbA==",
          "dependencies": [
            "module.vpc.aws_lb.toptal_alb",
            "module.vpc.aws_lb_listener.toptal_alb_http_80",
            "module.vpc.aws_lb_target_group.api",
            "module.vpc.aws_security_group.toptal_alb_sg",
            "module.vpc.aws_subnet.public_subs_01",
            "module.vpc.aws_vpc.vpc_01",
            "module.vpc.data.aws_availability_zones.available"
          ]
        }
      ]
    },
    {
      "module": "module.vpc",
      "mode": "managed",
      "type": "aws_lb_listener_rule",
      "name": "web_host_rule",
      "provider": "provider[\"registry.terraform.io/hashicorp/aws\"]",
      "instances": [
        {
          "schema_version": 0,
          "attributes": {
            "action": [
              {
                "authenticate_cognito": [],
                "authenticate_oidc": [],
                "fixed_response": [],
                "forward": [],
                "order": 1,
                "redirect": [],
                "target_group_arn": "arn:aws:elasticloadbalancing:us-east-1:191136519599:targetgroup/web/92c79f9c88cd69c1",
                "type": "forward"
              }
            ],
            "arn": "arn:aws:elasticloadbalancing:us-east-1:191136519599:listener-rule/app/toptal-alb/7a453f3520d0f8d7/ef7cc3e42ded7bae/ec6a6122119ede52",
            "condition": [
              {
                "host_header": [
                  {
                    "values": [
                      "web.*",
                      "web.kwkc.xyz"
                    ]
                  }
                ],
                "http_header": [],
                "http_request_method": [],
                "path_pattern": [],
                "query_string": [],
                "source_ip": []
              }
            ],
            "id": "arn:aws:elasticloadbalancing:us-east-1:191136519599:listener-rule/app/toptal-alb/7a453f3520d0f8d7/ef7cc3e42ded7bae/ec6a6122119ede52",
            "listener_arn": "arn:aws:elasticloadbalancing:us-east-1:191136519599:listener/app/toptal-alb/7a453f3520d0f8d7/ef7cc3e42ded7bae",
            "priority": 20,
            "tags": {},
            "tags_all": {}
          },
          "sensitive_attributes": [],
          "identity_schema_version": 0,
          "private": "bnVsbA==",
          "dependencies": [
            "module.vpc.aws_lb.toptal_alb",
            "module.vpc.aws_lb_listener.toptal_alb_http_80",
            "module.vpc.aws_lb_target_group.web",
            "module.vpc.aws_security_group.toptal_alb_sg",
            "module.vpc.aws_subnet.public_subs_01",
            "module.vpc.aws_vpc.vpc_01",
            "module.vpc.data.aws_availability_zones.available"
          ]
        }
      ]
    },
    {
      "module": "module.vpc",
      "mode": "managed",
      "type": "aws_lb_target_group",
      "name": "api",
      "provider": "provider[\"registry.terraform.io/hashicorp/aws\"]",
      "instances": [
        {
          "schema_version": 0,
          "attributes": {
            "arn": "arn:aws:elasticloadbalancing:us-east-1:191136519599:targetgroup/api/bcdbc668f7b0c5f3",
            "arn_suffix": "targetgroup/api/bcdbc668f7b0c5f3",
            "connection_termination": null,
            "deregistration_delay": "300",
            "health_check": [
              {
                "enabled": true,
                "healthy_threshold": 3,
                "interval": 30,
                "matcher": "200",
                "path": "/",
                "port": "traffic-port",
                "protocol": "HTTP",
                "timeout": 5,
                "unhealthy_threshold": 3
              }
            ],
            "id": "arn:aws:elasticloadbalancing:us-east-1:191136519599:targetgroup/api/bcdbc668f7b0c5f3",
            "ip_address_type": "ipv4",
            "lambda_multi_value_headers_enabled": false,
            "load_balancer_arns": [
              "arn:aws:elasticloadbalancing:us-east-1:191136519599:loadbalancer/app/toptal-alb/7a453f3520d0f8d7"
            ],
            "load_balancing_algorithm_type": "round_robin",
            "load_balancing_anomaly_mitigation": "off",
            "load_balancing_cross_zone_enabled": "use_load_balancer_configuration",
            "name": "api",
            "name_prefix": "",
            "port": 80,
            "preserve_client_ip": null,
            "protocol": "HTTP",
            "protocol_version": "HTTP1",
            "proxy_protocol_v2": false,
            "slow_start": 0,
            "stickiness": [
              {
                "cookie_duration": 86400,
                "cookie_name": "",
                "enabled": false,
                "type": "lb_cookie"
              }
            ],
            "tags": {},
            "tags_all": {},
            "target_failover": [
              {
                "on_deregistration": null,
                "on_unhealthy": null
              }
            ],
            "target_group_health": [
              {
                "dns_failover": [
                  {
                    "minimum_healthy_targets_count": "1",
                    "minimum_healthy_targets_percentage": "off"
                  }
                ],
                "unhealthy_state_routing": [
                  {
                    "minimum_healthy_targets_count": 1,
                    "minimum_healthy_targets_percentage": "off"
                  }
                ]
              }
            ],
            "target_health_state": [
              {
                "enable_unhealthy_connection_termination": null,
                "unhealthy_draining_interval": null
              }
            ],
            "target_type": "ip",
            "vpc_id": "vpc-0d05e44c8b0a8ff31"
          },
          "sensitive_attributes": [],
          "identity_schema_version": 0,
          "private": "bnVsbA==",
          "dependencies": [
            "module.vpc.aws_vpc.vpc_01"
          ]
        }
      ]
    },
    {
      "module": "module.vpc",
      "mode": "managed",
      "type": "aws_lb_target_group",
      "name": "web",
      "provider": "provider[\"registry.terraform.io/hashicorp/aws\"]",
      "instances": [
        {
          "schema_version": 0,
          "attributes": {
            "arn": "arn:aws:elasticloadbalancing:us-east-1:191136519599:targetgroup/web/92c79f9c88cd69c1",
            "arn_suffix": "targetgroup/web/92c79f9c88cd69c1",
            "connection_termination": null,
            "deregistration_delay": "300",
            "health_check": [
              {
                "enabled": true,
                "healthy_threshold": 3,
                "interval": 30,
                "matcher": "200",
                "path": "/",
                "port": "traffic-port",
                "protocol": "HTTP",
                "timeout": 5,
                "unhealthy_threshold": 3
              }
            ],
            "id": "arn:aws:elasticloadbalancing:us-east-1:191136519599:targetgroup/web/92c79f9c88cd69c1",
            "ip_address_type": "ipv4",
            "lambda_multi_value_headers_enabled": false,
            "load_balancer_arns": [
              "arn:aws:elasticloadbalancing:us-east-1:191136519599:loadbalancer/app/toptal-alb/7a453f3520d0f8d7"
            ],
            "load_balancing_algorithm_type": "round_robin",
            "load_balancing_anomaly_mitigation": "off",
            "load_balancing_cross_zone_enabled": "use_load_balancer_configuration",
            "name": "web",
            "name_prefix": "",
            "port": 80,
            "preserve_client_ip": null,
            "protocol": "HTTP",
            "protocol_version": "HTTP1",
            "proxy_protocol_v2": false,
            "slow_start": 0,
            "stickiness": [
              {
                "cookie_duration": 86400,
                "cookie_name": "",
                "enabled": false,
                "type": "lb_cookie"
              }
            ],
            "tags": {},
            "tags_all": {},
            "target_failover": [
              {
                "on_deregistration": null,
                "on_unhealthy": null
              }
            ],
            "target_group_health": [
              {
                "dns_failover": [
                  {
                    "minimum_healthy_targets_count": "1",
                    "minimum_healthy_targets_percentage": "off"
                  }
                ],
                "unhealthy_state_routing": [
                  {
                    "minimum_healthy_targets_count": 1,
                    "minimum_healthy_targets_percentage": "off"
                  }
                ]
              }
            ],
            "target_health_state": [
              {
                "enable_unhealthy_connection_termination": null,
                "unhealthy_draining_interval": null
              }
            ],
            "target_type": "ip",
            "vpc_id": "vpc-0d05e44c8b0a8ff31"
          },
          "sensitive_attributes": [],
          "identity_schema_version": 0,
          "private": "bnVsbA==",
          "dependencies": [
            "module.vpc.aws_vpc.vpc_01"
          ]
        }
      ]
    },
    {
      "module": "module.vpc",
      "mode": "managed",
      "type": "aws_main_route_table_association",
      "name": "public_rt_main_as_01",
      "provider": "provider[\"registry.terraform.io/hashicorp/aws\"]",
      "instances": [
        {
          "schema_version": 0,
          "attributes": {
            "id": "rtbassoc-06ad1dacffd343963",
            "original_route_table_id": "rtb-0605fc8e85a2a13ed",
            "route_table_id": "rtb-0045983c02fed38b3",
            "timeouts": null,
            "vpc_id": "vpc-0d05e44c8b0a8ff31"
          },
          "sensitive_attributes": [],
          "identity_schema_version": 0,
          "private": "eyJlMmJmYjczMC1lY2FhLTExZTYtOGY4OC0zNDM2M2JjN2M0YzAiOnsiY3JlYXRlIjozMDAwMDAwMDAwMDAsImRlbGV0ZSI6MzAwMDAwMDAwMDAwLCJ1cGRhdGUiOjEyMDAwMDAwMDAwMH19",
          "dependencies": [
            "module.vpc.aws_route_table.public_rt_01",
            "module.vpc.aws_vpc.vpc_01"
          ]
        }
      ]
    },
    {
      "module": "module.vpc",
      "mode": "managed",
      "type": "aws_nat_gateway",
      "name": "nat_gw_01",
      "provider": "provider[\"registry.terraform.io/hashicorp/aws\"]",
      "instances": [
        {
          "index_key": 0,
          "schema_version": 0,
          "attributes": {
            "allocation_id": "eipalloc-0324283b5b4e0831d",
            "association_id": "eipassoc-0e49a0ce91001627d",
            "connectivity_type": "public",
            "id": "nat-032600ab175b0a8a9",
            "network_interface_id": "eni-0a40417dfce4f52ec",
            "private_ip": "10.1.0.233",
            "public_ip": "98.80.111.38",
            "secondary_allocation_ids": [],
            "secondary_private_ip_address_count": 0,
            "secondary_private_ip_addresses": [],
            "subnet_id": "subnet-0a8dd8b6339af8461",
            "tags": {
              "Name": "toptal-natgw",
              "management": "terraform",
              "owner": "techops",
              "service": "infra"
            },
            "tags_all": {
              "Name": "toptal-natgw",
              "management": "terraform",
              "owner": "techops",
              "service": "infra"
            },
            "timeouts": null
          },
          "sensitive_attributes": [],
          "identity_schema_version": 0,
          "private": "eyJlMmJmYjczMC1lY2FhLTExZTYtOGY4OC0zNDM2M2JjN2M0YzAiOnsiY3JlYXRlIjo2MDAwMDAwMDAwMDAsImRlbGV0ZSI6MTgwMDAwMDAwMDAwMCwidXBkYXRlIjo2MDAwMDAwMDAwMDB9fQ==",
          "dependencies": [
            "module.vpc.aws_eip.nat_eip",
            "module.vpc.aws_internet_gateway.igw_01",
            "module.vpc.aws_subnet.public_subs_01",
            "module.vpc.aws_vpc.vpc_01",
            "module.vpc.data.aws_availability_zones.available"
          ]
        }
      ]
    },
    {
      "module": "module.vpc",
      "mode": "managed",
      "type": "aws_route",
      "name": "private_rt_01",
      "provider": "provider[\"registry.terraform.io/hashicorp/aws\"]",
      "instances": [
        {
          "schema_version": 0,
          "attributes": {
            "carrier_gateway_id": "",
            "core_network_arn": "",
            "destination_cidr_block": "0.0.0.0/0",
            "destination_ipv6_cidr_block": "",
            "destination_prefix_list_id": "",
            "egress_only_gateway_id": "",
            "gateway_id": "",
            "id": "r-rtb-058cfc71ec9a377bd1080289494",
            "instance_id": "",
            "instance_owner_id": "",
            "local_gateway_id": "",
            "nat_gateway_id": "nat-032600ab175b0a8a9",
            "network_interface_id": "",
            "origin": "CreateRoute",
            "route_table_id": "rtb-058cfc71ec9a377bd",
            "state": "active",
            "timeouts": null,
            "transit_gateway_id": "",
            "vpc_endpoint_id": "",
            "vpc_peering_connection_id": ""
          },
          "sensitive_attributes": [],
          "identity_schema_version": 0,
          "private": "eyJlMmJmYjczMC1lY2FhLTExZTYtOGY4OC0zNDM2M2JjN2M0YzAiOnsiY3JlYXRlIjozMDAwMDAwMDAwMDAsImRlbGV0ZSI6MzAwMDAwMDAwMDAwLCJ1cGRhdGUiOjEyMDAwMDAwMDAwMH19",
          "dependencies": [
            "module.vpc.aws_eip.nat_eip",
            "module.vpc.aws_internet_gateway.igw_01",
            "module.vpc.aws_nat_gateway.nat_gw_01",
            "module.vpc.aws_route_table.private_rt_01",
            "module.vpc.aws_subnet.public_subs_01",
            "module.vpc.aws_vpc.vpc_01",
            "module.vpc.data.aws_availability_zones.available"
          ]
        }
      ]
    },
    {
      "module": "module.vpc",
      "mode": "managed",
      "type": "aws_route",
      "name": "public_rt_01",
      "provider": "provider[\"registry.terraform.io/hashicorp/aws\"]",
      "instances": [
        {
          "schema_version": 0,
          "attributes": {
            "carrier_gateway_id": "",
            "core_network_arn": "",
            "destination_cidr_block": "0.0.0.0/0",
            "destination_ipv6_cidr_block": "",
            "destination_prefix_list_id": "",
            "egress_only_gateway_id": "",
            "gateway_id": "igw-085072a04e750faeb",
            "id": "r-rtb-0045983c02fed38b31080289494",
            "instance_id": "",
            "instance_owner_id": "",
            "local_gateway_id": "",
            "nat_gateway_id": "",
            "network_interface_id": "",
            "origin": "CreateRoute",
            "route_table_id": "rtb-0045983c02fed38b3",
            "state": "active",
            "timeouts": null,
            "transit_gateway_id": "",
            "vpc_endpoint_id": "",
            "vpc_peering_connection_id": ""
          },
          "sensitive_attributes": [],
          "identity_schema_version": 0,
          "private": "eyJlMmJmYjczMC1lY2FhLTExZTYtOGY4OC0zNDM2M2JjN2M0YzAiOnsiY3JlYXRlIjozMDAwMDAwMDAwMDAsImRlbGV0ZSI6MzAwMDAwMDAwMDAwLCJ1cGRhdGUiOjEyMDAwMDAwMDAwMH19",
          "dependencies": [
            "module.vpc.aws_internet_gateway.igw_01",
            "module.vpc.aws_route_table.public_rt_01",
            "module.vpc.aws_vpc.vpc_01"
          ]
        }
      ]
    },
    {
      "module": "module.vpc",
      "mode": "managed",
      "type": "aws_route_table",
      "name": "private_rt_01",
      "provider": "provider[\"registry.terraform.io/hashicorp/aws\"]",
      "instances": [
        {
          "schema_version": 0,
          "attributes": {
            "arn": "arn:aws:ec2:us-east-1:191136519599:route-table/rtb-058cfc71ec9a377bd",
            "id": "rtb-058cfc71ec9a377bd",
            "owner_id": "191136519599",
            "propagating_vgws": [],
            "route": [
              {
                "carrier_gateway_id": "",
                "cidr_block": "0.0.0.0/0",
                "core_network_arn": "",
                "destination_prefix_list_id": "",
                "egress_only_gateway_id": "",
                "gateway_id": "",
                "ipv6_cidr_block": "",
                "local_gateway_id": "",
                "nat_gateway_id": "nat-032600ab175b0a8a9",
                "network_interface_id": "",
                "transit_gateway_id": "",
                "vpc_endpoint_id": "",
                "vpc_peering_connection_id": ""
              }
            ],
            "tags": {
              "Name": "toptal-private-route-table",
              "account": "toptal",
              "management": "terraform",
              "owner": "techops",
              "service": "infra"
            },
            "tags_all": {
              "Name": "toptal-private-route-table",
              "account": "toptal",
              "management": "terraform",
              "owner": "techops",
              "service": "infra"
            },
            "timeouts": null,
            "vpc_id": "vpc-0d05e44c8b0a8ff31"
          },
          "sensitive_attributes": [],
          "identity_schema_version": 0,
          "private": "eyJlMmJmYjczMC1lY2FhLTExZTYtOGY4OC0zNDM2M2JjN2M0YzAiOnsiY3JlYXRlIjozMDAwMDAwMDAwMDAsImRlbGV0ZSI6MzAwMDAwMDAwMDAwLCJ1cGRhdGUiOjEyMDAwMDAwMDAwMH19",
          "dependencies": [
            "module.vpc.aws_vpc.vpc_01"
          ]
        }
      ]
    },
    {
      "module": "module.vpc",
      "mode": "managed",
      "type": "aws_route_table",
      "name": "public_rt_01",
      "provider": "provider[\"registry.terraform.io/hashicorp/aws\"]",
      "instances": [
        {
          "schema_version": 0,
          "attributes": {
            "arn": "arn:aws:ec2:us-east-1:191136519599:route-table/rtb-0045983c02fed38b3",
            "id": "rtb-0045983c02fed38b3",
            "owner_id": "191136519599",
            "propagating_vgws": [],
            "route": [
              {
                "carrier_gateway_id": "",
                "cidr_block": "0.0.0.0/0",
                "core_network_arn": "",
                "destination_prefix_list_id": "",
                "egress_only_gateway_id": "",
                "gateway_id": "igw-085072a04e750faeb",
                "ipv6_cidr_block": "",
                "local_gateway_id": "",
                "nat_gateway_id": "",
                "network_interface_id": "",
                "transit_gateway_id": "",
                "vpc_endpoint_id": "",
                "vpc_peering_connection_id": ""
              }
            ],
            "tags": {
              "Name": "toptal-public-route-table",
              "account": "toptal",
              "management": "terraform",
              "owner": "techops",
              "service": "infra"
            },
            "tags_all": {
              "Name": "toptal-public-route-table",
              "account": "toptal",
              "management": "terraform",
              "owner": "techops",
              "service": "infra"
            },
            "timeouts": null,
            "vpc_id": "vpc-0d05e44c8b0a8ff31"
          },
          "sensitive_attributes": [],
          "identity_schema_version": 0,
          "private": "eyJlMmJmYjczMC1lY2FhLTExZTYtOGY4OC0zNDM2M2JjN2M0YzAiOnsiY3JlYXRlIjozMDAwMDAwMDAwMDAsImRlbGV0ZSI6MzAwMDAwMDAwMDAwLCJ1cGRhdGUiOjEyMDAwMDAwMDAwMH19",
          "dependencies": [
            "module.vpc.aws_vpc.vpc_01"
          ]
        }
      ]
    },
    {
      "module": "module.vpc",
      "mode": "managed",
      "type": "aws_route_table_association",
      "name": "private_data_rt_as_01",
      "provider": "provider[\"registry.terraform.io/hashicorp/aws\"]",
      "instances": [
        {
          "index_key": 0,
          "schema_version": 0,
          "attributes": {
            "gateway_id": "",
            "id": "rtbassoc-0d6c41260e1a795eb",
            "route_table_id": "rtb-058cfc71ec9a377bd",
            "subnet_id": "subnet-0ee4e740ee8a0a121",
            "timeouts": null
          },
          "sensitive_attributes": [],
          "identity_schema_version": 0,
          "private": "eyJlMmJmYjczMC1lY2FhLTExZTYtOGY4OC0zNDM2M2JjN2M0YzAiOnsiY3JlYXRlIjozMDAwMDAwMDAwMDAsImRlbGV0ZSI6MzAwMDAwMDAwMDAwLCJ1cGRhdGUiOjEyMDAwMDAwMDAwMH19",
          "dependencies": [
            "module.vpc.aws_route_table.private_rt_01",
            "module.vpc.aws_subnet.private_data_subs_01",
            "module.vpc.aws_vpc.vpc_01",
            "module.vpc.data.aws_availability_zones.available"
          ]
        }
      ]
    },
    {
      "module": "module.vpc",
      "mode": "managed",
      "type": "aws_route_table_association",
      "name": "public_rt_as_01",
      "provider": "provider[\"registry.terraform.io/hashicorp/aws\"]",
      "instances": [
        {
          "index_key": 0,
          "schema_version": 0,
          "attributes": {
            "gateway_id": "",
            "id": "rtbassoc-0f76f6e199252daf3",
            "route_table_id": "rtb-0045983c02fed38b3",
            "subnet_id": "subnet-0a8dd8b6339af8461",
            "timeouts": null
          },
          "sensitive_attributes": [],
          "identity_schema_version": 0,
          "private": "eyJlMmJmYjczMC1lY2FhLTExZTYtOGY4OC0zNDM2M2JjN2M0YzAiOnsiY3JlYXRlIjozMDAwMDAwMDAwMDAsImRlbGV0ZSI6MzAwMDAwMDAwMDAwLCJ1cGRhdGUiOjEyMDAwMDAwMDAwMH19",
          "dependencies": [
            "module.vpc.aws_route_table.public_rt_01",
            "module.vpc.aws_subnet.public_subs_01",
            "module.vpc.aws_vpc.vpc_01",
            "module.vpc.data.aws_availability_zones.available"
          ]
        },
        {
          "index_key": 1,
          "schema_version": 0,
          "attributes": {
            "gateway_id": "",
            "id": "rtbassoc-0ff7877c3244e8d34",
            "route_table_id": "rtb-0045983c02fed38b3",
            "subnet_id": "subnet-033e0a63435e90622",
            "timeouts": null
          },
          "sensitive_attributes": [],
          "identity_schema_version": 0,
          "private": "eyJlMmJmYjczMC1lY2FhLTExZTYtOGY4OC0zNDM2M2JjN2M0YzAiOnsiY3JlYXRlIjozMDAwMDAwMDAwMDAsImRlbGV0ZSI6MzAwMDAwMDAwMDAwLCJ1cGRhdGUiOjEyMDAwMDAwMDAwMH19",
          "dependencies": [
            "module.vpc.aws_route_table.public_rt_01",
            "module.vpc.aws_subnet.public_subs_01",
            "module.vpc.aws_vpc.vpc_01",
            "module.vpc.data.aws_availability_zones.available"
          ]
        }
      ]
    },
    {
      "module": "module.vpc",
      "mode": "managed",
      "type": "aws_secretsmanager_secret",
      "name": "rds_secret_1",
      "provider": "provider[\"registry.terraform.io/hashicorp/aws\"]",
      "instances": [
        {
          "schema_version": 0,
          "attributes": {
            "arn": "arn:aws:secretsmanager:us-east-1:191136519599:secret:/rds/cluster-a/secret1-57R8Yg",
            "description": "cluster-a rds secret",
            "force_overwrite_replica_secret": false,
            "id": "arn:aws:secretsmanager:us-east-1:191136519599:secret:/rds/cluster-a/secret1-57R8Yg",
            "kms_key_id": "",
            "name": "/rds/cluster-a/secret1",
            "name_prefix": "",
            "policy": "",
            "recovery_window_in_days": 30,
            "replica": [],
            "tags": {
              "management": "terraform",
              "owner": "techops",
              "service": "infra"
            },
            "tags_all": {
              "management": "terraform",
              "owner": "techops",
              "service": "infra"
            }
          },
          "sensitive_attributes": [],
          "identity_schema_version": 0,
          "private": "bnVsbA=="
        }
      ]
    },
    {
      "module": "module.vpc",
      "mode": "managed",
      "type": "aws_security_group",
      "name": "api_server_sg",
      "provider": "provider[\"registry.terraform.io/hashicorp/aws\"]",
      "instances": [
        {
          "schema_version": 1,
          "attributes": {
            "arn": "arn:aws:ec2:us-east-1:191136519599:security-group/sg-06a60c8e06a2fce3f",
            "description": "sg for api",
            "egress": [
              {
                "cidr_blocks": [
                  "0.0.0.0/0"
                ],
                "description": "outbound",
                "from_port": 0,
                "ipv6_cidr_blocks": [],
                "prefix_list_ids": [],
                "protocol": "-1",
                "security_groups": [],
                "self": false,
                "to_port": 0
              }
            ],
            "id": "sg-06a60c8e06a2fce3f",
            "ingress": [
              {
                "cidr_blocks": [
                  "0.0.0.0/0"
                ],
                "description": "https",
                "from_port": 443,
                "ipv6_cidr_blocks": [],
                "prefix_list_ids": [],
                "protocol": "tcp",
                "security_groups": [],
                "self": false,
                "to_port": 443
              },
              {
                "cidr_blocks": [
                  "47.194.69.245/32"
                ],
                "description": "internal subnet ssh access",
                "from_port": 22,
                "ipv6_cidr_blocks": [],
                "prefix_list_ids": [],
                "protocol": "tcp",
                "security_groups": [],
                "self": false,
                "to_port": 22
              },
              {
                "cidr_blocks": [],
                "description": "ALB to api container",
                "from_port": 8082,
                "ipv6_cidr_blocks": [],
                "prefix_list_ids": [],
                "protocol": "tcp",
                "security_groups": [
                  "sg-085fd4aaf8d3eb7bc"
                ],
                "self": false,
                "to_port": 8082
              },
              {
                "cidr_blocks": [],
                "description": "Web to API over Cloud Map",
                "from_port": 8082,
                "ipv6_cidr_blocks": [],
                "prefix_list_ids": [],
                "protocol": "tcp",
                "security_groups": [
                  "sg-09134e701d869b215"
                ],
                "self": false,
                "to_port": 8082
              },
              {
                "cidr_blocks": [],
                "description": "self",
                "from_port": 0,
                "ipv6_cidr_blocks": [],
                "prefix_list_ids": [],
                "protocol": "-1",
                "security_groups": [],
                "self": true,
                "to_port": 0
              }
            ],
            "name": "API Sec Group",
            "name_prefix": "",
            "owner_id": "191136519599",
            "revoke_rules_on_delete": false,
            "tags": {},
            "tags_all": {},
            "timeouts": null,
            "vpc_id": "vpc-0d05e44c8b0a8ff31"
          },
          "sensitive_attributes": [],
          "identity_schema_version": 0,
          "private": "eyJlMmJmYjczMC1lY2FhLTExZTYtOGY4OC0zNDM2M2JjN2M0YzAiOnsiY3JlYXRlIjo2MDAwMDAwMDAwMDAsImRlbGV0ZSI6OTAwMDAwMDAwMDAwfSwic2NoZW1hX3ZlcnNpb24iOiIxIn0=",
          "dependencies": [
            "module.vpc.aws_security_group.toptal_alb_sg",
            "module.vpc.aws_security_group.web_server_sg",
            "module.vpc.aws_vpc.vpc_01"
          ]
        }
      ]
    },
    {
      "module": "module.vpc",
      "mode": "managed",
      "type": "aws_security_group",
      "name": "rds_sec_group",
      "provider": "provider[\"registry.terraform.io/hashicorp/aws\"]",
      "instances": [
        {
          "schema_version": 1,
          "attributes": {
            "arn": "arn:aws:ec2:us-east-1:191136519599:security-group/sg-006b4e1781c7900a1",
            "description": "Standard SecGroup for MH RDS instances",
            "egress": [
              {
                "cidr_blocks": [
                  "0.0.0.0/0"
                ],
                "description": "Outbound access for updates",
                "from_port": 0,
                "ipv6_cidr_blocks": [],
                "prefix_list_ids": [],
                "protocol": "-1",
                "security_groups": [],
                "self": false,
                "to_port": 0
              }
            ],
            "id": "sg-006b4e1781c7900a1",
            "ingress": [
              {
                "cidr_blocks": [
                  "10.1.0.0/16"
                ],
                "description": "Postgresql access from App subnets",
                "from_port": 5432,
                "ipv6_cidr_blocks": [],
                "prefix_list_ids": [],
                "protocol": "tcp",
                "security_groups": [],
                "self": false,
                "to_port": 5432
              }
            ],
            "name": "RDS-Postgresql-common-security-group",
            "name_prefix": "",
            "owner_id": "191136519599",
            "revoke_rules_on_delete": false,
            "tags": {},
            "tags_all": {},
            "timeouts": null,
            "vpc_id": "vpc-0d05e44c8b0a8ff31"
          },
          "sensitive_attributes": [],
          "identity_schema_version": 0,
          "private": "eyJlMmJmYjczMC1lY2FhLTExZTYtOGY4OC0zNDM2M2JjN2M0YzAiOnsiY3JlYXRlIjo2MDAwMDAwMDAwMDAsImRlbGV0ZSI6OTAwMDAwMDAwMDAwfSwic2NoZW1hX3ZlcnNpb24iOiIxIn0=",
          "dependencies": [
            "module.vpc.aws_vpc.vpc_01"
          ]
        }
      ]
    },
    {
      "module": "module.vpc",
      "mode": "managed",
      "type": "aws_security_group",
      "name": "toptal_alb_sg",
      "provider": "provider[\"registry.terraform.io/hashicorp/aws\"]",
      "instances": [
        {
          "schema_version": 1,
          "attributes": {
            "arn": "arn:aws:ec2:us-east-1:191136519599:security-group/sg-085fd4aaf8d3eb7bc",
            "description": "Security group for public ALB",
            "egress": [
              {
                "cidr_blocks": [
                  "0.0.0.0/0"
                ],
                "description": "Allow all outbound traffic",
                "from_port": 0,
                "ipv6_cidr_blocks": [],
                "prefix_list_ids": [],
                "protocol": "-1",
                "security_groups": [],
                "self": false,
                "to_port": 0
              }
            ],
            "id": "sg-085fd4aaf8d3eb7bc",
            "ingress": [
              {
                "cidr_blocks": [
                  "0.0.0.0/0"
                ],
                "description": "Allow HTTP inbound",
                "from_port": 80,
                "ipv6_cidr_blocks": [],
                "prefix_list_ids": [],
                "protocol": "tcp",
                "security_groups": [],
                "self": false,
                "to_port": 80
              }
            ],
            "name": "toptal-alb-sg",
            "name_prefix": "",
            "owner_id": "191136519599",
            "revoke_rules_on_delete": false,
            "tags": {},
            "tags_all": {},
            "timeouts": null,
            "vpc_id": "vpc-0d05e44c8b0a8ff31"
          },
          "sensitive_attributes": [],
          "identity_schema_version": 0,
          "private": "eyJlMmJmYjczMC1lY2FhLTExZTYtOGY4OC0zNDM2M2JjN2M0YzAiOnsiY3JlYXRlIjo2MDAwMDAwMDAwMDAsImRlbGV0ZSI6OTAwMDAwMDAwMDAwfSwic2NoZW1hX3ZlcnNpb24iOiIxIn0=",
          "dependencies": [
            "module.vpc.aws_vpc.vpc_01"
          ]
        }
      ]
    },
    {
      "module": "module.vpc",
      "mode": "managed",
      "type": "aws_security_group",
      "name": "web_server_sg",
      "provider": "provider[\"registry.terraform.io/hashicorp/aws\"]",
      "instances": [
        {
          "schema_version": 1,
          "attributes": {
            "arn": "arn:aws:ec2:us-east-1:191136519599:security-group/sg-09134e701d869b215",
            "description": "sg for web",
            "egress": [
              {
                "cidr_blocks": [
                  "0.0.0.0/0"
                ],
                "description": "outbound",
                "from_port": 0,
                "ipv6_cidr_blocks": [],
                "prefix_list_ids": [],
                "protocol": "-1",
                "security_groups": [],
                "self": false,
                "to_port": 0
              }
            ],
            "id": "sg-09134e701d869b215",
            "ingress": [
              {
                "cidr_blocks": [
                  "0.0.0.0/0"
                ],
                "description": "https",
                "from_port": 443,
                "ipv6_cidr_blocks": [],
                "prefix_list_ids": [],
                "protocol": "tcp",
                "security_groups": [],
                "self": false,
                "to_port": 443
              },
              {
                "cidr_blocks": [
                  "47.194.69.245/32"
                ],
                "description": "internal subnet ssh access",
                "from_port": 22,
                "ipv6_cidr_blocks": [],
                "prefix_list_ids": [],
                "protocol": "tcp",
                "security_groups": [],
                "self": false,
                "to_port": 22
              },
              {
                "cidr_blocks": [],
                "description": "ALB to web container",
                "from_port": 8081,
                "ipv6_cidr_blocks": [],
                "prefix_list_ids": [],
                "protocol": "tcp",
                "security_groups": [
                  "sg-085fd4aaf8d3eb7bc"
                ],
                "self": false,
                "to_port": 8081
              },
              {
                "cidr_blocks": [],
                "description": "self",
                "from_port": 0,
                "ipv6_cidr_blocks": [],
                "prefix_list_ids": [],
                "protocol": "-1",
                "security_groups": [],
                "self": true,
                "to_port": 0
              }
            ],
            "name": "Web Sec Group",
            "name_prefix": "",
            "owner_id": "191136519599",
            "revoke_rules_on_delete": false,
            "tags": {},
            "tags_all": {},
            "timeouts": null,
            "vpc_id": "vpc-0d05e44c8b0a8ff31"
          },
          "sensitive_attributes": [],
          "identity_schema_version": 0,
          "private": "eyJlMmJmYjczMC1lY2FhLTExZTYtOGY4OC0zNDM2M2JjN2M0YzAiOnsiY3JlYXRlIjo2MDAwMDAwMDAwMDAsImRlbGV0ZSI6OTAwMDAwMDAwMDAwfSwic2NoZW1hX3ZlcnNpb24iOiIxIn0=",
          "dependencies": [
            "module.vpc.aws_security_group.toptal_alb_sg",
            "module.vpc.aws_vpc.vpc_01"
          ]
        }
      ]
    },
    {
      "module": "module.vpc",
      "mode": "managed",
      "type": "aws_service_discovery_instance",
      "name": "db",
      "provider": "provider[\"registry.terraform.io/hashicorp/aws\"]",
      "instances": [
        {
          "schema_version": 0,
          "attributes": {
            "attributes": {
              "AWS_INSTANCE_CNAME": "toptal-db-toptal.corucwk68twf.us-east-1.rds.amazonaws.com"
            },
            "id": "primary",
            "instance_id": "primary",
            "service_id": "srv-cb3afvzjitkaxecw"
          },
          "sensitive_attributes": [],
          "identity_schema_version": 0,
          "private": "bnVsbA==",
          "dependencies": [
            "module.vpc.aws_db_instance.rds",
            "module.vpc.aws_db_subnet_group.rds_subnet_group",
            "module.vpc.aws_security_group.rds_sec_group",
            "module.vpc.aws_service_discovery_private_dns_namespace.asterkey_local_ecs_namespace",
            "module.vpc.aws_service_discovery_service.db",
            "module.vpc.aws_subnet.private_data_subs_01",
            "module.vpc.aws_vpc.vpc_01",
            "module.vpc.data.aws_availability_zones.available",
            "module.vpc.random_password.db_password"
          ]
        }
      ]
    },
    {
      "module": "module.vpc",
      "mode": "managed",
      "type": "aws_service_discovery_private_dns_namespace",
      "name": "asterkey_local_ecs_namespace",
      "provider": "provider[\"registry.terraform.io/hashicorp/aws\"]",
      "instances": [
        {
          "schema_version": 0,
          "attributes": {
            "arn": "arn:aws:servicediscovery:us-east-1:191136519599:namespace/ns-ruezk5r55arbtwpk",
            "description": "service discovery domain",
            "hosted_zone": "Z0451934F5Z90WFTI7A4",
            "id": "ns-ruezk5r55arbtwpk",
            "name": "toptal.internal",
            "tags": {
              "managment": "terraform",
              "owner": "techops",
              "usage": "servicediscovery"
            },
            "tags_all": {
              "managment": "terraform",
              "owner": "techops",
              "usage": "servicediscovery"
            },
            "vpc": "vpc-0d05e44c8b0a8ff31"
          },
          "sensitive_attributes": [],
          "identity_schema_version": 0,
          "private": "bnVsbA==",
          "dependencies": [
            "module.vpc.aws_vpc.vpc_01"
          ]
        }
      ]
    },
    {
      "module": "module.vpc",
      "mode": "managed",
      "type": "aws_service_discovery_service",
      "name": "api",
      "provider": "provider[\"registry.terraform.io/hashicorp/aws\"]",
      "instances": [
        {
          "schema_version": 0,
          "attributes": {
            "arn": "arn:aws:servicediscovery:us-east-1:191136519599:service/srv-p72ttmx6lqbr3pyq",
            "description": "",
            "dns_config": [
              {
                "dns_records": [
                  {
                    "ttl": 10,
                    "type": "A"
                  }
                ],
                "namespace_id": "ns-ruezk5r55arbtwpk",
                "routing_policy": "MULTIVALUE"
              }
            ],
            "force_destroy": false,
            "health_check_config": [],
            "health_check_custom_config": [],
            "id": "srv-p72ttmx6lqbr3pyq",
            "name": "api",
            "namespace_id": "ns-ruezk5r55arbtwpk",
            "tags": {},
            "tags_all": {},
            "type": "DNS_HTTP"
          },
          "sensitive_attributes": [],
          "identity_schema_version": 0,
          "private": "bnVsbA==",
          "dependencies": [
            "module.vpc.aws_service_discovery_private_dns_namespace.asterkey_local_ecs_namespace",
            "module.vpc.aws_vpc.vpc_01"
          ]
        }
      ]
    },
    {
      "module": "module.vpc",
      "mode": "managed",
      "type": "aws_service_discovery_service",
      "name": "db",
      "provider": "provider[\"registry.terraform.io/hashicorp/aws\"]",
      "instances": [
        {
          "schema_version": 0,
          "attributes": {
            "arn": "arn:aws:servicediscovery:us-east-1:191136519599:service/srv-cb3afvzjitkaxecw",
            "description": "",
            "dns_config": [
              {
                "dns_records": [
                  {
                    "ttl": 10,
                    "type": "CNAME"
                  }
                ],
                "namespace_id": "ns-ruezk5r55arbtwpk",
                "routing_policy": "WEIGHTED"
              }
            ],
            "force_destroy": false,
            "health_check_config": [],
            "health_check_custom_config": [],
            "id": "srv-cb3afvzjitkaxecw",
            "name": "db",
            "namespace_id": "ns-ruezk5r55arbtwpk",
            "tags": {},
            "tags_all": {},
            "type": "DNS_HTTP"
          },
          "sensitive_attributes": [],
          "identity_schema_version": 0,
          "private": "bnVsbA==",
          "dependencies": [
            "module.vpc.aws_service_discovery_private_dns_namespace.asterkey_local_ecs_namespace",
            "module.vpc.aws_vpc.vpc_01"
          ]
        }
      ]
    },
    {
      "module": "module.vpc",
      "mode": "managed",
      "type": "aws_service_discovery_service",
      "name": "web",
      "provider": "provider[\"registry.terraform.io/hashicorp/aws\"]",
      "instances": [
        {
          "schema_version": 0,
          "attributes": {
            "arn": "arn:aws:servicediscovery:us-east-1:191136519599:service/srv-zw6pb4jxrfpaah7g",
            "description": "",
            "dns_config": [
              {
                "dns_records": [
                  {
                    "ttl": 10,
                    "type": "A"
                  }
                ],
                "namespace_id": "ns-ruezk5r55arbtwpk",
                "routing_policy": "MULTIVALUE"
              }
            ],
            "force_destroy": false,
            "health_check_config": [],
            "health_check_custom_config": [],
            "id": "srv-zw6pb4jxrfpaah7g",
            "name": "web",
            "namespace_id": "ns-ruezk5r55arbtwpk",
            "tags": {},
            "tags_all": {},
            "type": "DNS_HTTP"
          },
          "sensitive_attributes": [],
          "identity_schema_version": 0,
          "private": "bnVsbA==",
          "dependencies": [
            "module.vpc.aws_service_discovery_private_dns_namespace.asterkey_local_ecs_namespace",
            "module.vpc.aws_vpc.vpc_01"
          ]
        }
      ]
    },
    {
      "module": "module.vpc",
      "mode": "managed",
      "type": "aws_ssm_parameter",
      "name": "api_env_db",
      "provider": "provider[\"registry.terraform.io/hashicorp/aws\"]",
      "instances": [
        {
          "schema_version": 0,
          "attributes": {
            "allowed_pattern": "",
            "arn": "arn:aws:ssm:us-east-1:191136519599:parameter/app/api/db",
            "data_type": "text",
            "description": "api env",
            "has_value_wo": null,
            "id": "/app/api/db",
            "insecure_value": null,
            "key_id": "alias/aws/ssm",
            "name": "/app/api/db",
            "overwrite": null,
            "tags": {
              "management": "terraform",
              "owner": "engineering",
              "service": "api"
            },
            "tags_all": {
              "management": "terraform",
              "owner": "engineering",
              "service": "api"
            },
            "tier": "Standard",
            "type": "SecureString",
            "value": "toptal",
            "value_wo": null,
            "value_wo_version": null,
            "version": 1
          },
          "sensitive_attributes": [
            [
              {
                "type": "get_attr",
                "value": "value"
              }
            ],
            [
              {
                "type": "get_attr",
                "value": "value_wo"
              }
            ]
          ],
          "identity_schema_version": 0,
          "private": "bnVsbA==",
          "dependencies": [
            "module.vpc.aws_db_instance.rds",
            "module.vpc.aws_db_subnet_group.rds_subnet_group",
            "module.vpc.aws_security_group.rds_sec_group",
            "module.vpc.aws_subnet.private_data_subs_01",
            "module.vpc.aws_vpc.vpc_01",
            "module.vpc.data.aws_availability_zones.available",
            "module.vpc.random_password.db_password"
          ]
        }
      ]
    },
    {
      "module": "module.vpc",
      "mode": "managed",
      "type": "aws_ssm_parameter",
      "name": "api_env_dbhost",
      "provider": "provider[\"registry.terraform.io/hashicorp/aws\"]",
      "instances": [
        {
          "schema_version": 0,
          "attributes": {
            "allowed_pattern": "",
            "arn": "arn:aws:ssm:us-east-1:191136519599:parameter/app/api/dbhost",
            "data_type": "text",
            "description": "api env",
            "has_value_wo": null,
            "id": "/app/api/dbhost",
            "insecure_value": null,
            "key_id": "alias/aws/ssm",
            "name": "/app/api/dbhost",
            "overwrite": null,
            "tags": {
              "management": "terraform",
              "owner": "engineering",
              "service": "api"
            },
            "tags_all": {
              "management": "terraform",
              "owner": "engineering",
              "service": "api"
            },
            "tier": "Standard",
            "type": "SecureString",
            "value": "db.toptal.internal",
            "value_wo": null,
            "value_wo_version": null,
            "version": 1
          },
          "sensitive_attributes": [
            [
              {
                "type": "get_attr",
                "value": "value"
              }
            ],
            [
              {
                "type": "get_attr",
                "value": "value_wo"
              }
            ]
          ],
          "identity_schema_version": 0,
          "private": "bnVsbA==",
          "dependencies": [
            "module.vpc.aws_service_discovery_private_dns_namespace.asterkey_local_ecs_namespace",
            "module.vpc.aws_service_discovery_service.db",
            "module.vpc.aws_vpc.vpc_01"
          ]
        }
      ]
    },
    {
      "module": "module.vpc",
      "mode": "managed",
      "type": "aws_ssm_parameter",
      "name": "api_env_dbpass",
      "provider": "provider[\"registry.terraform.io/hashicorp/aws\"]",
      "instances": [
        {
          "schema_version": 0,
          "attributes": {
            "allowed_pattern": "",
            "arn": "arn:aws:ssm:us-east-1:191136519599:parameter/app/api/dbpass",
            "data_type": "text",
            "description": "api env",
            "has_value_wo": null,
            "id": "/app/api/dbpass",
            "insecure_value": null,
            "key_id": "alias/aws/ssm",
            "name": "/app/api/dbpass",
            "overwrite": null,
            "tags": {
              "management": "terraform",
              "owner": "engineering",
              "service": "api"
            },
            "tags_all": {
              "management": "terraform",
              "owner": "engineering",
              "service": "api"
            },
            "tier": "Standard",
            "type": "SecureString",
            "value": "SUBYmwCL3HJoOIfcHdkuQGPT",
            "value_wo": null,
            "value_wo_version": null,
            "version": 1
          },
          "sensitive_attributes": [
            [
              {
                "type": "get_attr",
                "value": "value"
              }
            ],
            [
              {
                "type": "get_attr",
                "value": "value_wo"
              }
            ]
          ],
          "identity_schema_version": 0,
          "private": "bnVsbA==",
          "dependencies": [
            "module.vpc.random_password.db_password"
          ]
        }
      ]
    },
    {
      "module": "module.vpc",
      "mode": "managed",
      "type": "aws_ssm_parameter",
      "name": "api_env_dbuser",
      "provider": "provider[\"registry.terraform.io/hashicorp/aws\"]",
      "instances": [
        {
          "schema_version": 0,
          "attributes": {
            "allowed_pattern": "",
            "arn": "arn:aws:ssm:us-east-1:191136519599:parameter/app/api/dbuser",
            "data_type": "text",
            "description": "api env",
            "has_value_wo": null,
            "id": "/app/api/dbuser",
            "insecure_value": null,
            "key_id": "alias/aws/ssm",
            "name": "/app/api/dbuser",
            "overwrite": null,
            "tags": {
              "management": "terraform",
              "owner": "engineering",
              "service": "api"
            },
            "tags_all": {
              "management": "terraform",
              "owner": "engineering",
              "service": "api"
            },
            "tier": "Standard",
            "type": "SecureString",
            "value": "postgres",
            "value_wo": null,
            "value_wo_version": null,
            "version": 1
          },
          "sensitive_attributes": [
            [
              {
                "type": "get_attr",
                "value": "value"
              }
            ],
            [
              {
                "type": "get_attr",
                "value": "value_wo"
              }
            ]
          ],
          "identity_schema_version": 0,
          "private": "bnVsbA==",
          "dependencies": [
            "module.vpc.aws_db_instance.rds",
            "module.vpc.aws_db_subnet_group.rds_subnet_group",
            "module.vpc.aws_security_group.rds_sec_group",
            "module.vpc.aws_subnet.private_data_subs_01",
            "module.vpc.aws_vpc.vpc_01",
            "module.vpc.data.aws_availability_zones.available",
            "module.vpc.random_password.db_password"
          ]
        }
      ]
    },
    {
      "module": "module.vpc",
      "mode": "managed",
      "type": "aws_subnet",
      "name": "private_data_subs_01",
      "provider": "provider[\"registry.terraform.io/hashicorp/aws\"]",
      "instances": [
        {
          "index_key": 0,
          "schema_version": 1,
          "attributes": {
            "arn": "arn:aws:ec2:us-east-1:191136519599:subnet/subnet-0ee4e740ee8a0a121",
            "assign_ipv6_address_on_creation": false,
            "availability_zone": "us-east-1a",
            "availability_zone_id": "use1-az1",
            "cidr_block": "10.1.2.0/24",
            "customer_owned_ipv4_pool": "",
            "enable_dns64": false,
            "enable_lni_at_device_index": 0,
            "enable_resource_name_dns_a_record_on_launch": false,
            "enable_resource_name_dns_aaaa_record_on_launch": false,
            "id": "subnet-0ee4e740ee8a0a121",
            "ipv6_cidr_block": "",
            "ipv6_cidr_block_association_id": "",
            "ipv6_native": false,
            "map_customer_owned_ip_on_launch": false,
            "map_public_ip_on_launch": false,
            "outpost_arn": "",
            "owner_id": "191136519599",
            "private_dns_hostname_type_on_launch": "ip-name",
            "tags": {
              "Name": "toptal-data-us-east-1a",
              "management": "terraform",
              "owner": "techops",
              "service": "infra",
              "usage": "data"
            },
            "tags_all": {
              "Name": "toptal-data-us-east-1a",
              "management": "terraform",
              "owner": "techops",
              "service": "infra",
              "usage": "data"
            },
            "timeouts": null,
            "vpc_id": "vpc-0d05e44c8b0a8ff31"
          },
          "sensitive_attributes": [],
          "identity_schema_version": 0,
          "private": "eyJlMmJmYjczMC1lY2FhLTExZTYtOGY4OC0zNDM2M2JjN2M0YzAiOnsiY3JlYXRlIjo2MDAwMDAwMDAwMDAsImRlbGV0ZSI6MTIwMDAwMDAwMDAwMH0sInNjaGVtYV92ZXJzaW9uIjoiMSJ9",
          "dependencies": [
            "module.vpc.aws_vpc.vpc_01",
            "module.vpc.data.aws_availability_zones.available"
          ]
        },
        {
          "index_key": 1,
          "schema_version": 1,
          "attributes": {
            "arn": "arn:aws:ec2:us-east-1:191136519599:subnet/subnet-0320091d9a3819430",
            "assign_ipv6_address_on_creation": false,
            "availability_zone": "us-east-1b",
            "availability_zone_id": "use1-az2",
            "cidr_block": "10.1.3.0/24",
            "customer_owned_ipv4_pool": "",
            "enable_dns64": false,
            "enable_lni_at_device_index": 0,
            "enable_resource_name_dns_a_record_on_launch": false,
            "enable_resource_name_dns_aaaa_record_on_launch": false,
            "id": "subnet-0320091d9a3819430",
            "ipv6_cidr_block": "",
            "ipv6_cidr_block_association_id": "",
            "ipv6_native": false,
            "map_customer_owned_ip_on_launch": false,
            "map_public_ip_on_launch": false,
            "outpost_arn": "",
            "owner_id": "191136519599",
            "private_dns_hostname_type_on_launch": "ip-name",
            "tags": {
              "Name": "toptal-data-us-east-1b",
              "management": "terraform",
              "owner": "techops",
              "service": "infra",
              "usage": "data"
            },
            "tags_all": {
              "Name": "toptal-data-us-east-1b",
              "management": "terraform",
              "owner": "techops",
              "service": "infra",
              "usage": "data"
            },
            "timeouts": null,
            "vpc_id": "vpc-0d05e44c8b0a8ff31"
          },
          "sensitive_attributes": [],
          "identity_schema_version": 0,
          "private": "eyJlMmJmYjczMC1lY2FhLTExZTYtOGY4OC0zNDM2M2JjN2M0YzAiOnsiY3JlYXRlIjo2MDAwMDAwMDAwMDAsImRlbGV0ZSI6MTIwMDAwMDAwMDAwMH0sInNjaGVtYV92ZXJzaW9uIjoiMSJ9",
          "dependencies": [
            "module.vpc.aws_vpc.vpc_01",
            "module.vpc.data.aws_availability_zones.available"
          ]
        }
      ]
    },
    {
      "module": "module.vpc",
      "mode": "managed",
      "type": "aws_subnet",
      "name": "public_subs_01",
      "provider": "provider[\"registry.terraform.io/hashicorp/aws\"]",
      "instances": [
        {
          "index_key": 0,
          "schema_version": 1,
          "attributes": {
            "arn": "arn:aws:ec2:us-east-1:191136519599:subnet/subnet-0a8dd8b6339af8461",
            "assign_ipv6_address_on_creation": false,
            "availability_zone": "us-east-1a",
            "availability_zone_id": "use1-az1",
            "cidr_block": "10.1.0.0/24",
            "customer_owned_ipv4_pool": "",
            "enable_dns64": false,
            "enable_lni_at_device_index": 0,
            "enable_resource_name_dns_a_record_on_launch": false,
            "enable_resource_name_dns_aaaa_record_on_launch": false,
            "id": "subnet-0a8dd8b6339af8461",
            "ipv6_cidr_block": "",
            "ipv6_cidr_block_association_id": "",
            "ipv6_native": false,
            "map_customer_owned_ip_on_launch": false,
            "map_public_ip_on_launch": true,
            "outpost_arn": "",
            "owner_id": "191136519599",
            "private_dns_hostname_type_on_launch": "ip-name",
            "tags": {
              "Name": "toptal-public-us-east-1a",
              "management": "terraform",
              "owner": "techops",
              "service": "infra",
              "usage": "public"
            },
            "tags_all": {
              "Name": "toptal-public-us-east-1a",
              "management": "terraform",
              "owner": "techops",
              "service": "infra",
              "usage": "public"
            },
            "timeouts": null,
            "vpc_id": "vpc-0d05e44c8b0a8ff31"
          },
          "sensitive_attributes": [],
          "identity_schema_version": 0,
          "private": "eyJlMmJmYjczMC1lY2FhLTExZTYtOGY4OC0zNDM2M2JjN2M0YzAiOnsiY3JlYXRlIjo2MDAwMDAwMDAwMDAsImRlbGV0ZSI6MTIwMDAwMDAwMDAwMH0sInNjaGVtYV92ZXJzaW9uIjoiMSJ9",
          "dependencies": [
            "module.vpc.aws_vpc.vpc_01",
            "module.vpc.data.aws_availability_zones.available"
          ]
        },
        {
          "index_key": 1,
          "schema_version": 1,
          "attributes": {
            "arn": "arn:aws:ec2:us-east-1:191136519599:subnet/subnet-033e0a63435e90622",
            "assign_ipv6_address_on_creation": false,
            "availability_zone": "us-east-1b",
            "availability_zone_id": "use1-az2",
            "cidr_block": "10.1.1.0/24",
            "customer_owned_ipv4_pool": "",
            "enable_dns64": false,
            "enable_lni_at_device_index": 0,
            "enable_resource_name_dns_a_record_on_launch": false,
            "enable_resource_name_dns_aaaa_record_on_launch": false,
            "id": "subnet-033e0a63435e90622",
            "ipv6_cidr_block": "",
            "ipv6_cidr_block_association_id": "",
            "ipv6_native": false,
            "map_customer_owned_ip_on_launch": false,
            "map_public_ip_on_launch": true,
            "outpost_arn": "",
            "owner_id": "191136519599",
            "private_dns_hostname_type_on_launch": "ip-name",
            "tags": {
              "Name": "toptal-public-us-east-1b",
              "management": "terraform",
              "owner": "techops",
              "service": "infra",
              "usage": "public"
            },
            "tags_all": {
              "Name": "toptal-public-us-east-1b",
              "management": "terraform",
              "owner": "techops",
              "service": "infra",
              "usage": "public"
            },
            "timeouts": null,
            "vpc_id": "vpc-0d05e44c8b0a8ff31"
          },
          "sensitive_attributes": [],
          "identity_schema_version": 0,
          "private": "eyJlMmJmYjczMC1lY2FhLTExZTYtOGY4OC0zNDM2M2JjN2M0YzAiOnsiY3JlYXRlIjo2MDAwMDAwMDAwMDAsImRlbGV0ZSI6MTIwMDAwMDAwMDAwMH0sInNjaGVtYV92ZXJzaW9uIjoiMSJ9",
          "dependencies": [
            "module.vpc.aws_vpc.vpc_01",
            "module.vpc.data.aws_availability_zones.available"
          ]
        }
      ]
    },
    {
      "module": "module.vpc",
      "mode": "managed",
      "type": "aws_vpc",
      "name": "vpc_01",
      "provider": "provider[\"registry.terraform.io/hashicorp/aws\"]",
      "instances": [
        {
          "schema_version": 1,
          "attributes": {
            "arn": "arn:aws:ec2:us-east-1:191136519599:vpc/vpc-0d05e44c8b0a8ff31",
            "assign_generated_ipv6_cidr_block": false,
            "cidr_block": "10.1.0.0/16",
            "default_network_acl_id": "acl-0005ade191ffc3fa2",
            "default_route_table_id": "rtb-0045983c02fed38b3",
            "default_security_group_id": "sg-068b909409fbd020c",
            "dhcp_options_id": "dopt-0f8b2bfb760ba53ec",
            "enable_dns_hostnames": true,
            "enable_dns_support": true,
            "enable_network_address_usage_metrics": false,
            "id": "vpc-0d05e44c8b0a8ff31",
            "instance_tenancy": "default",
            "ipv4_ipam_pool_id": null,
            "ipv4_netmask_length": null,
            "ipv6_association_id": "",
            "ipv6_cidr_block": "",
            "ipv6_cidr_block_network_border_group": "",
            "ipv6_ipam_pool_id": "",
            "ipv6_netmask_length": 0,
            "main_route_table_id": "rtb-0045983c02fed38b3",
            "owner_id": "191136519599",
            "tags": {
              "Name": "project",
              "account": "toptal",
              "management": "terraform",
              "owner": "techops",
              "service": "infra"
            },
            "tags_all": {
              "Name": "project",
              "account": "toptal",
              "management": "terraform",
              "owner": "techops",
              "service": "infra"
            }
          },
          "sensitive_attributes": [],
          "identity_schema_version": 0,
          "private": "eyJzY2hlbWFfdmVyc2lvbiI6IjEifQ=="
        }
      ]
    },
    {
      "module": "module.vpc",
      "mode": "managed",
      "type": "aws_wafv2_ip_set",
      "name": "local_cidr",
      "provider": "provider[\"registry.terraform.io/hashicorp/aws\"]",
      "instances": [
        {
          "schema_version": 0,
          "attributes": {
            "addresses": [
              "10.1.0.0/16"
            ],
            "arn": "arn:aws:wafv2:us-east-1:191136519599:regional/ipset/local-set/ddcf7626-0e70-4db9-8cbb-eb6b4f8f54b5",
            "description": "mylocalIPaddresses",
            "id": "ddcf7626-0e70-4db9-8cbb-eb6b4f8f54b5",
            "ip_address_version": "IPV4",
            "lock_token": "b120ea7f-0ec2-4f6d-a645-1133779e1bf5",
            "name": "local-set",
            "name_prefix": "",
            "scope": "REGIONAL",
            "tags": {},
            "tags_all": {}
          },
          "sensitive_attributes": [],
          "identity_schema_version": 0,
          "private": "bnVsbA==",
          "dependencies": [
            "module.vpc.aws_vpc.vpc_01"
          ]
        }
      ]
    },
    {
      "module": "module.vpc",
      "mode": "managed",
      "type": "aws_wafv2_rule_group",
      "name": "bad_paths_rule_group",
      "provider": "provider[\"registry.terraform.io/hashicorp/aws\"]",
      "instances": [
        {
          "schema_version": 0,
          "attributes": {
            "arn": "arn:aws:wafv2:us-east-1:191136519599:regional/rulegroup/BadPathsGroup/e3ea08de-5d5b-4d91-9508-bdb963cf1409",
            "capacity": 100,
            "custom_response_body": [],
            "description": "",
            "id": "e3ea08de-5d5b-4d91-9508-bdb963cf1409",
            "lock_token": "7a08e2fc-44e7-4250-a360-8c7b8f5c53ef",
            "name": "BadPathsGroup",
            "name_prefix": "",
            "rule": [
              {
                "action": [
                  {
                    "allow": [],
                    "block": [
                      {
                        "custom_response": []
                      }
                    ],
                    "captcha": [],
                    "challenge": [],
                    "count": []
                  }
                ],
                "captcha_config": [],
                "name": "paths1",
                "priority": 1,
                "rule_label": [],
                "statement": [
                  {
                    "and_statement": [],
                    "asn_match_statement": [],
                    "byte_match_statement": [],
                    "geo_match_statement": [],
                    "ip_set_reference_statement": [],
                    "label_match_statement": [],
                    "not_statement": [],
                    "or_statement": [
                      {
                        "statement": [
                          {
                            "and_statement": [],
                            "asn_match_statement": [],
                            "byte_match_statement": [
                              {
                                "field_to_match": [
                                  {
                                    "all_query_arguments": [],
                                    "body": [],
                                    "cookies": [],
                                    "header_order": [],
                                    "headers": [],
                                    "ja3_fingerprint": [],
                                    "ja4_fingerprint": [],
                                    "json_body": [],
                                    "method": [],
                                    "query_string": [],
                                    "single_header": [],
                                    "single_query_argument": [],
                                    "uri_fragment": [],
                                    "uri_path": [
                                      {}
                                    ]
                                  }
                                ],
                                "positional_constraint": "STARTS_WITH",
                                "search_string": "/script",
                                "text_transformation": [
                                  {
                                    "priority": 0,
                                    "type": "LOWERCASE"
                                  }
                                ]
                              }
                            ],
                            "geo_match_statement": [],
                            "ip_set_reference_statement": [],
                            "label_match_statement": [],
                            "not_statement": [],
                            "or_statement": [],
                            "regex_match_statement": [],
                            "regex_pattern_set_reference_statement": [],
                            "size_constraint_statement": [],
                            "sqli_match_statement": [],
                            "xss_match_statement": []
                          },
                          {
                            "and_statement": [],
                            "asn_match_statement": [],
                            "byte_match_statement": [
                              {
                                "field_to_match": [
                                  {
                                    "all_query_arguments": [],
                                    "body": [],
                                    "cookies": [],
                                    "header_order": [],
                                    "headers": [],
                                    "ja3_fingerprint": [],
                                    "ja4_fingerprint": [],
                                    "json_body": [],
                                    "method": [],
                                    "query_string": [],
                                    "single_header": [],
                                    "single_query_argument": [],
                                    "uri_fragment": [],
                                    "uri_path": [
                                      {}
                                    ]
                                  }
                                ],
                                "positional_constraint": "STARTS_WITH",
                                "search_string": "/info",
                                "text_transformation": [
                                  {
                                    "priority": 0,
                                    "type": "LOWERCASE"
                                  }
                                ]
                              }
                            ],
                            "geo_match_statement": [],
                            "ip_set_reference_statement": [],
                            "label_match_statement": [],
                            "not_statement": [],
                            "or_statement": [],
                            "regex_match_statement": [],
                            "regex_pattern_set_reference_statement": [],
                            "size_constraint_statement": [],
                            "sqli_match_statement": [],
                            "xss_match_statement": []
                          },
                          {
                            "and_statement": [],
                            "asn_match_statement": [],
                            "byte_match_statement": [
                              {
                                "field_to_match": [
                                  {
                                    "all_query_arguments": [],
                                    "body": [],
                                    "cookies": [],
                                    "header_order": [],
                                    "headers": [],
                                    "ja3_fingerprint": [],
                                    "ja4_fingerprint": [],
                                    "json_body": [],
                                    "method": [],
                                    "query_string": [],
                                    "single_header": [],
                                    "single_query_argument": [],
                                    "uri_fragment": [],
                                    "uri_path": [
                                      {}
                                    ]
                                  }
                                ],
                                "positional_constraint": "STARTS_WITH",
                                "search_string": "/password",
                                "text_transformation": [
                                  {
                                    "priority": 0,
                                    "type": "LOWERCASE"
                                  }
                                ]
                              }
                            ],
                            "geo_match_statement": [],
                            "ip_set_reference_statement": [],
                            "label_match_statement": [],
                            "not_statement": [],
                            "or_statement": [],
                            "regex_match_statement": [],
                            "regex_pattern_set_reference_statement": [],
                            "size_constraint_statement": [],
                            "sqli_match_statement": [],
                            "xss_match_statement": []
                          },
                          {
                            "and_statement": [],
                            "asn_match_statement": [],
                            "byte_match_statement": [
                              {
                                "field_to_match": [
                                  {
                                    "all_query_arguments": [],
                                    "body": [],
                                    "cookies": [],
                                    "header_order": [],
                                    "headers": [],
                                    "ja3_fingerprint": [],
                                    "ja4_fingerprint": [],
                                    "json_body": [],
                                    "method": [],
                                    "query_string": [],
                                    "single_header": [],
                                    "single_query_argument": [],
                                    "uri_fragment": [],
                                    "uri_path": [
                                      {}
                                    ]
                                  }
                                ],
                                "positional_constraint": "STARTS_WITH",
                                "search_string": "/system",
                                "text_transformation": [
                                  {
                                    "priority": 0,
                                    "type": "LOWERCASE"
                                  }
                                ]
                              }
                            ],
                            "geo_match_statement": [],
                            "ip_set_reference_statement": [],
                            "label_match_statement": [],
                            "not_statement": [],
                            "or_statement": [],
                            "regex_match_statement": [],
                            "regex_pattern_set_reference_statement": [],
                            "size_constraint_statement": [],
                            "sqli_match_statement": [],
                            "xss_match_statement": []
                          },
                          {
                            "and_statement": [],
                            "asn_match_statement": [],
                            "byte_match_statement": [
                              {
                                "field_to_match": [
                                  {
                                    "all_query_arguments": [],
                                    "body": [],
                                    "cookies": [],
                                    "header_order": [],
                                    "headers": [],
                                    "ja3_fingerprint": [],
                                    "ja4_fingerprint": [],
                                    "json_body": [],
                                    "method": [],
                                    "query_string": [],
                                    "single_header": [],
                                    "single_query_argument": [],
                                    "uri_fragment": [],
                                    "uri_path": [
                                      {}
                                    ]
                                  }
                                ],
                                "positional_constraint": "STARTS_WITH",
                                "search_string": "/files",
                                "text_transformation": [
                                  {
                                    "priority": 0,
                                    "type": "LOWERCASE"
                                  }
                                ]
                              }
                            ],
                            "geo_match_statement": [],
                            "ip_set_reference_statement": [],
                            "label_match_statement": [],
                            "not_statement": [],
                            "or_statement": [],
                            "regex_match_statement": [],
                            "regex_pattern_set_reference_statement": [],
                            "size_constraint_statement": [],
                            "sqli_match_statement": [],
                            "xss_match_statement": []
                          }
                        ]
                      }
                    ],
                    "rate_based_statement": [],
                    "regex_match_statement": [],
                    "regex_pattern_set_reference_statement": [],
                    "size_constraint_statement": [],
                    "sqli_match_statement": [],
                    "xss_match_statement": []
                  }
                ],
                "visibility_config": [
                  {
                    "cloudwatch_metrics_enabled": false,
                    "metric_name": "path-script-rule",
                    "sampled_requests_enabled": false
                  }
                ]
              },
              {
                "action": [
                  {
                    "allow": [],
                    "block": [
                      {
                        "custom_response": []
                      }
                    ],
                    "captcha": [],
                    "challenge": [],
                    "count": []
                  }
                ],
                "captcha_config": [],
                "name": "paths2",
                "priority": 2,
                "rule_label": [],
                "statement": [
                  {
                    "and_statement": [],
                    "asn_match_statement": [],
                    "byte_match_statement": [],
                    "geo_match_statement": [],
                    "ip_set_reference_statement": [],
                    "label_match_statement": [],
                    "not_statement": [],
                    "or_statement": [
                      {
                        "statement": [
                          {
                            "and_statement": [],
                            "asn_match_statement": [],
                            "byte_match_statement": [
                              {
                                "field_to_match": [
                                  {
                                    "all_query_arguments": [],
                                    "body": [],
                                    "cookies": [],
                                    "header_order": [],
                                    "headers": [],
                                    "ja3_fingerprint": [],
                                    "ja4_fingerprint": [],
                                    "json_body": [],
                                    "method": [],
                                    "query_string": [],
                                    "single_header": [],
                                    "single_query_argument": [],
                                    "uri_fragment": [],
                                    "uri_path": [
                                      {}
                                    ]
                                  }
                                ],
                                "positional_constraint": "STARTS_WITH",
                                "search_string": "/bundle",
                                "text_transformation": [
                                  {
                                    "priority": 0,
                                    "type": "LOWERCASE"
                                  }
                                ]
                              }
                            ],
                            "geo_match_statement": [],
                            "ip_set_reference_statement": [],
                            "label_match_statement": [],
                            "not_statement": [],
                            "or_statement": [],
                            "regex_match_statement": [],
                            "regex_pattern_set_reference_statement": [],
                            "size_constraint_statement": [],
                            "sqli_match_statement": [],
                            "xss_match_statement": []
                          },
                          {
                            "and_statement": [],
                            "asn_match_statement": [],
                            "byte_match_statement": [
                              {
                                "field_to_match": [
                                  {
                                    "all_query_arguments": [],
                                    "body": [],
                                    "cookies": [],
                                    "header_order": [],
                                    "headers": [],
                                    "ja3_fingerprint": [],
                                    "ja4_fingerprint": [],
                                    "json_body": [],
                                    "method": [],
                                    "query_string": [],
                                    "single_header": [],
                                    "single_query_argument": [],
                                    "uri_fragment": [],
                                    "uri_path": [
                                      {}
                                    ]
                                  }
                                ],
                                "positional_constraint": "STARTS_WITH",
                                "search_string": "/1.php",
                                "text_transformation": [
                                  {
                                    "priority": 0,
                                    "type": "LOWERCASE"
                                  }
                                ]
                              }
                            ],
                            "geo_match_statement": [],
                            "ip_set_reference_statement": [],
                            "label_match_statement": [],
                            "not_statement": [],
                            "or_statement": [],
                            "regex_match_statement": [],
                            "regex_pattern_set_reference_statement": [],
                            "size_constraint_statement": [],
                            "sqli_match_statement": [],
                            "xss_match_statement": []
                          },
                          {
                            "and_statement": [],
                            "asn_match_statement": [],
                            "byte_match_statement": [
                              {
                                "field_to_match": [
                                  {
                                    "all_query_arguments": [],
                                    "body": [],
                                    "cookies": [],
                                    "header_order": [],
                                    "headers": [],
                                    "ja3_fingerprint": [],
                                    "ja4_fingerprint": [],
                                    "json_body": [],
                                    "method": [],
                                    "query_string": [],
                                    "single_header": [],
                                    "single_query_argument": [],
                                    "uri_fragment": [],
                                    "uri_path": [
                                      {}
                                    ]
                                  }
                                ],
                                "positional_constraint": "STARTS_WITH",
                                "search_string": "/geoip",
                                "text_transformation": [
                                  {
                                    "priority": 0,
                                    "type": "LOWERCASE"
                                  }
                                ]
                              }
                            ],
                            "geo_match_statement": [],
                            "ip_set_reference_statement": [],
                            "label_match_statement": [],
                            "not_statement": [],
                            "or_statement": [],
                            "regex_match_statement": [],
                            "regex_pattern_set_reference_statement": [],
                            "size_constraint_statement": [],
                            "sqli_match_statement": [],
                            "xss_match_statement": []
                          },
                          {
                            "and_statement": [],
                            "asn_match_statement": [],
                            "byte_match_statement": [
                              {
                                "field_to_match": [
                                  {
                                    "all_query_arguments": [],
                                    "body": [],
                                    "cookies": [],
                                    "header_order": [],
                                    "headers": [],
                                    "ja3_fingerprint": [],
                                    "ja4_fingerprint": [],
                                    "json_body": [],
                                    "method": [],
                                    "query_string": [],
                                    "single_header": [],
                                    "single_query_argument": [],
                                    "uri_fragment": [],
                                    "uri_path": [
                                      {}
                                    ]
                                  }
                                ],
                                "positional_constraint": "STARTS_WITH",
                                "search_string": "/form",
                                "text_transformation": [
                                  {
                                    "priority": 0,
                                    "type": "LOWERCASE"
                                  }
                                ]
                              }
                            ],
                            "geo_match_statement": [],
                            "ip_set_reference_statement": [],
                            "label_match_statement": [],
                            "not_statement": [],
                            "or_statement": [],
                            "regex_match_statement": [],
                            "regex_pattern_set_reference_statement": [],
                            "size_constraint_statement": [],
                            "sqli_match_statement": [],
                            "xss_match_statement": []
                          }
                        ]
                      }
                    ],
                    "rate_based_statement": [],
                    "regex_match_statement": [],
                    "regex_pattern_set_reference_statement": [],
                    "size_constraint_statement": [],
                    "sqli_match_statement": [],
                    "xss_match_statement": []
                  }
                ],
                "visibility_config": [
                  {
                    "cloudwatch_metrics_enabled": false,
                    "metric_name": "path-script-rule",
                    "sampled_requests_enabled": false
                  }
                ]
              }
            ],
            "scope": "REGIONAL",
            "tags": {},
            "tags_all": {},
            "visibility_config": [
              {
                "cloudwatch_metrics_enabled": false,
                "metric_name": "bad-paths-group",
                "sampled_requests_enabled": true
              }
            ]
          },
          "sensitive_attributes": [],
          "identity_schema_version": 0,
          "private": "bnVsbA=="
        }
      ]
    },
    {
      "module": "module.vpc",
      "mode": "managed",
      "type": "aws_wafv2_rule_group",
      "name": "rate_limit_rule_group",
      "provider": "provider[\"registry.terraform.io/hashicorp/aws\"]",
      "instances": [
        {
          "schema_version": 0,
          "attributes": {
            "arn": "arn:aws:wafv2:us-east-1:191136519599:regional/rulegroup/RateLimtGroup/c0bd18b7-b7f1-4832-a8bf-419a8ae2e4bc",
            "capacity": 50,
            "custom_response_body": [],
            "description": "",
            "id": "c0bd18b7-b7f1-4832-a8bf-419a8ae2e4bc",
            "lock_token": "69556bd9-268c-404c-a1ed-725a7106ee98",
            "name": "RateLimtGroup",
            "name_prefix": "",
            "rule": [
              {
                "action": [
                  {
                    "allow": [],
                    "block": [
                      {
                        "custom_response": [
                          {
                            "custom_response_body_key": "",
                            "response_code": 531,
                            "response_header": []
                          }
                        ]
                      }
                    ],
                    "captcha": [],
                    "challenge": [],
                    "count": []
                  }
                ],
                "captcha_config": [],
                "name": "1minute",
                "priority": 1,
                "rule_label": [],
                "statement": [
                  {
                    "and_statement": [],
                    "asn_match_statement": [],
                    "byte_match_statement": [],
                    "geo_match_statement": [],
                    "ip_set_reference_statement": [],
                    "label_match_statement": [],
                    "not_statement": [],
                    "or_statement": [],
                    "rate_based_statement": [
                      {
                        "aggregate_key_type": "IP",
                        "custom_key": [],
                        "evaluation_window_sec": 60,
                        "forwarded_ip_config": [],
                        "limit": 150,
                        "scope_down_statement": []
                      }
                    ],
                    "regex_match_statement": [],
                    "regex_pattern_set_reference_statement": [],
                    "size_constraint_statement": [],
                    "sqli_match_statement": [],
                    "xss_match_statement": []
                  }
                ],
                "visibility_config": [
                  {
                    "cloudwatch_metrics_enabled": true,
                    "metric_name": "rate-limit-1min",
                    "sampled_requests_enabled": true
                  }
                ]
              },
              {
                "action": [
                  {
                    "allow": [],
                    "block": [
                      {
                        "custom_response": [
                          {
                            "custom_response_body_key": "",
                            "response_code": 531,
                            "response_header": []
                          }
                        ]
                      }
                    ],
                    "captcha": [],
                    "challenge": [],
                    "count": []
                  }
                ],
                "captcha_config": [],
                "name": "2minute",
                "priority": 2,
                "rule_label": [],
                "statement": [
                  {
                    "and_statement": [],
                    "asn_match_statement": [],
                    "byte_match_statement": [],
                    "geo_match_statement": [],
                    "ip_set_reference_statement": [],
                    "label_match_statement": [],
                    "not_statement": [],
                    "or_statement": [],
                    "rate_based_statement": [
                      {
                        "aggregate_key_type": "IP",
                        "custom_key": [],
                        "evaluation_window_sec": 120,
                        "forwarded_ip_config": [],
                        "limit": 175,
                        "scope_down_statement": []
                      }
                    ],
                    "regex_match_statement": [],
                    "regex_pattern_set_reference_statement": [],
                    "size_constraint_statement": [],
                    "sqli_match_statement": [],
                    "xss_match_statement": []
                  }
                ],
                "visibility_config": [
                  {
                    "cloudwatch_metrics_enabled": true,
                    "metric_name": "rate-limit-2min",
                    "sampled_requests_enabled": true
                  }
                ]
              },
              {
                "action": [
                  {
                    "allow": [],
                    "block": [
                      {
                        "custom_response": [
                          {
                            "custom_response_body_key": "",
                            "response_code": 531,
                            "response_header": []
                          }
                        ]
                      }
                    ],
                    "captcha": [],
                    "challenge": [],
                    "count": []
                  }
                ],
                "captcha_config": [],
                "name": "5minute",
                "priority": 3,
                "rule_label": [],
                "statement": [
                  {
                    "and_statement": [],
                    "asn_match_statement": [],
                    "byte_match_statement": [],
                    "geo_match_statement": [],
                    "ip_set_reference_statement": [],
                    "label_match_statement": [],
                    "not_statement": [],
                    "or_statement": [],
                    "rate_based_statement": [
                      {
                        "aggregate_key_type": "IP",
                        "custom_key": [],
                        "evaluation_window_sec": 300,
                        "forwarded_ip_config": [],
                        "limit": 200,
                        "scope_down_statement": []
                      }
                    ],
                    "regex_match_statement": [],
                    "regex_pattern_set_reference_statement": [],
                    "size_constraint_statement": [],
                    "sqli_match_statement": [],
                    "xss_match_statement": []
                  }
                ],
                "visibility_config": [
                  {
                    "cloudwatch_metrics_enabled": true,
                    "metric_name": "rate-limit-5min",
                    "sampled_requests_enabled": true
                  }
                ]
              }
            ],
            "scope": "REGIONAL",
            "tags": {},
            "tags_all": {},
            "visibility_config": [
              {
                "cloudwatch_metrics_enabled": true,
                "metric_name": "rate-limit",
                "sampled_requests_enabled": true
              }
            ]
          },
          "sensitive_attributes": [],
          "identity_schema_version": 0,
          "private": "bnVsbA=="
        }
      ]
    },
    {
      "module": "module.vpc",
      "mode": "managed",
      "type": "aws_wafv2_web_acl",
      "name": "waf_1",
      "provider": "provider[\"registry.terraform.io/hashicorp/aws\"]",
      "instances": [
        {
          "schema_version": 0,
          "attributes": {
            "application_integration_url": "",
            "arn": "arn:aws:wafv2:us-east-1:191136519599:regional/webacl/waf-toptal-us-east-1/2ed94bb4-d814-410f-a315-192643e80275",
            "association_config": [],
            "capacity": 1364,
            "captcha_config": [],
            "challenge_config": [],
            "custom_response_body": [],
            "data_protection_config": [],
            "default_action": [
              {
                "allow": [
                  {
                    "custom_request_handling": []
                  }
                ],
                "block": []
              }
            ],
            "description": "WAF for the toptal env in us-east-1 with basic rule set",
            "id": "2ed94bb4-d814-410f-a315-192643e80275",
            "lock_token": "942d6e53-fb6f-4d0a-9519-bb0c14852e86",
            "name": "waf-toptal-us-east-1",
            "name_prefix": "",
            "rule": [
              {
                "action": [
                  {
                    "allow": [
                      {
                        "custom_request_handling": []
                      }
                    ],
                    "block": [],
                    "captcha": [],
                    "challenge": [],
                    "count": []
                  }
                ],
                "captcha_config": [],
                "challenge_config": [],
                "name": "AllowLocal",
                "override_action": [],
                "priority": 2,
                "rule_label": [],
                "statement": [
                  {
                    "and_statement": [],
                    "asn_match_statement": [],
                    "byte_match_statement": [],
                    "geo_match_statement": [],
                    "ip_set_reference_statement": [
                      {
                        "arn": "arn:aws:wafv2:us-east-1:191136519599:regional/ipset/local-set/ddcf7626-0e70-4db9-8cbb-eb6b4f8f54b5",
                        "ip_set_forwarded_ip_config": []
                      }
                    ],
                    "label_match_statement": [],
                    "managed_rule_group_statement": [],
                    "not_statement": [],
                    "or_statement": [],
                    "rate_based_statement": [],
                    "regex_match_statement": [],
                    "regex_pattern_set_reference_statement": [],
                    "rule_group_reference_statement": [],
                    "size_constraint_statement": [],
                    "sqli_match_statement": [],
                    "xss_match_statement": []
                  }
                ],
                "visibility_config": [
                  {
                    "cloudwatch_metrics_enabled": true,
                    "metric_name": "AllowLocal",
                    "sampled_requests_enabled": true
                  }
                ]
              },
              {
                "action": [
                  {
                    "allow": [],
                    "block": [
                      {
                        "custom_response": [
                          {
                            "custom_response_body_key": null,
                            "response_code": 471,
                            "response_header": [
                              {
                                "name": "ak-status",
                                "value": "bad-locale"
                              }
                            ]
                          }
                        ]
                      }
                    ],
                    "captcha": [],
                    "challenge": [],
                    "count": []
                  }
                ],
                "captcha_config": [],
                "challenge_config": [],
                "name": "GeoMatchRule",
                "override_action": [],
                "priority": 3,
                "rule_label": [],
                "statement": [
                  {
                    "and_statement": [],
                    "asn_match_statement": [],
                    "byte_match_statement": [],
                    "geo_match_statement": [],
                    "ip_set_reference_statement": [],
                    "label_match_statement": [],
                    "managed_rule_group_statement": [],
                    "not_statement": [
                      {
                        "statement": [
                          {
                            "and_statement": [],
                            "asn_match_statement": [],
                            "byte_match_statement": [],
                            "geo_match_statement": [
                              {
                                "country_codes": [
                                  "CA",
                                  "US",
                                  "GB",
                                  "DE",
                                  "FR",
                                  "NL",
                                  "IE",
                                  "ES",
                                  "SE",
                                  "DK",
                                  "PL",
                                  "PT",
                                  "IT",
                                  "LT",
                                  "LV",
                                  "EE",
                                  "NO",
                                  "BE",
                                  "UA"
                                ],
                                "forwarded_ip_config": []
                              }
                            ],
                            "ip_set_reference_statement": [],
                            "label_match_statement": [],
                            "not_statement": [],
                            "or_statement": [],
                            "regex_match_statement": [],
                            "regex_pattern_set_reference_statement": [],
                            "size_constraint_statement": [],
                            "sqli_match_statement": [],
                            "xss_match_statement": []
                          }
                        ]
                      }
                    ],
                    "or_statement": [],
                    "rate_based_statement": [],
                    "regex_match_statement": [],
                    "regex_pattern_set_reference_statement": [],
                    "rule_group_reference_statement": [],
                    "size_constraint_statement": [],
                    "sqli_match_statement": [],
                    "xss_match_statement": []
                  }
                ],
                "visibility_config": [
                  {
                    "cloudwatch_metrics_enabled": true,
                    "metric_name": "GeoMatchRule",
                    "sampled_requests_enabled": true
                  }
                ]
              },
              {
                "action": [
                  {
                    "allow": [],
                    "block": [
                      {
                        "custom_response": []
                      }
                    ],
                    "captcha": [],
                    "challenge": [],
                    "count": []
                  }
                ],
                "captcha_config": [],
                "challenge_config": [],
                "name": "curl_match_rule",
                "override_action": [],
                "priority": 5,
                "rule_label": [],
                "statement": [
                  {
                    "and_statement": [
                      {
                        "statement": [
                          {
                            "and_statement": [],
                            "asn_match_statement": [],
                            "byte_match_statement": [],
                            "geo_match_statement": [],
                            "ip_set_reference_statement": [],
                            "label_match_statement": [
                              {
                                "key": "awswaf:managed:aws:bot-control:signal:non_browser_user_agent",
                                "scope": "LABEL"
                              }
                            ],
                            "not_statement": [],
                            "or_statement": [],
                            "regex_match_statement": [],
                            "regex_pattern_set_reference_statement": [],
                            "size_constraint_statement": [],
                            "sqli_match_statement": [],
                            "xss_match_statement": []
                          },
                          {
                            "and_statement": [],
                            "asn_match_statement": [],
                            "byte_match_statement": [],
                            "geo_match_statement": [],
                            "ip_set_reference_statement": [],
                            "label_match_statement": [],
                            "not_statement": [
                              {
                                "statement": [
                                  {
                                    "and_statement": [],
                                    "asn_match_statement": [],
                                    "byte_match_statement": [
                                      {
                                        "field_to_match": [
                                          {
                                            "all_query_arguments": [],
                                            "body": [],
                                            "cookies": [],
                                            "header_order": [],
                                            "headers": [],
                                            "ja3_fingerprint": [],
                                            "ja4_fingerprint": [],
                                            "json_body": [],
                                            "method": [],
                                            "query_string": [],
                                            "single_header": [
                                              {
                                                "name": "user-agent"
                                              }
                                            ],
                                            "single_query_argument": [],
                                            "uri_fragment": [],
                                            "uri_path": []
                                          }
                                        ],
                                        "positional_constraint": "STARTS_WITH",
                                        "search_string": "curl",
                                        "text_transformation": [
                                          {
                                            "priority": 20,
                                            "type": "NONE"
                                          }
                                        ]
                                      }
                                    ],
                                    "geo_match_statement": [],
                                    "ip_set_reference_statement": [],
                                    "label_match_statement": [],
                                    "not_statement": [],
                                    "or_statement": [],
                                    "regex_match_statement": [],
                                    "regex_pattern_set_reference_statement": [],
                                    "size_constraint_statement": [],
                                    "sqli_match_statement": [],
                                    "xss_match_statement": []
                                  }
                                ]
                              }
                            ],
                            "or_statement": [],
                            "regex_match_statement": [],
                            "regex_pattern_set_reference_statement": [],
                            "size_constraint_statement": [],
                            "sqli_match_statement": [],
                            "xss_match_statement": []
                          },
                          {
                            "and_statement": [],
                            "asn_match_statement": [],
                            "byte_match_statement": [],
                            "geo_match_statement": [],
                            "ip_set_reference_statement": [],
                            "label_match_statement": [],
                            "not_statement": [
                              {
                                "statement": [
                                  {
                                    "and_statement": [],
                                    "asn_match_statement": [],
                                    "byte_match_statement": [
                                      {
                                        "field_to_match": [
                                          {
                                            "all_query_arguments": [],
                                            "body": [],
                                            "cookies": [],
                                            "header_order": [],
                                            "headers": [],
                                            "ja3_fingerprint": [],
                                            "ja4_fingerprint": [],
                                            "json_body": [],
                                            "method": [],
                                            "query_string": [],
                                            "single_header": [
                                              {
                                                "name": "user-agent"
                                              }
                                            ],
                                            "single_query_argument": [],
                                            "uri_fragment": [],
                                            "uri_path": []
                                          }
                                        ],
                                        "positional_constraint": "STARTS_WITH",
                                        "search_string": "python-requests",
                                        "text_transformation": [
                                          {
                                            "priority": 21,
                                            "type": "NONE"
                                          }
                                        ]
                                      }
                                    ],
                                    "geo_match_statement": [],
                                    "ip_set_reference_statement": [],
                                    "label_match_statement": [],
                                    "not_statement": [],
                                    "or_statement": [],
                                    "regex_match_statement": [],
                                    "regex_pattern_set_reference_statement": [],
                                    "size_constraint_statement": [],
                                    "sqli_match_statement": [],
                                    "xss_match_statement": []
                                  }
                                ]
                              }
                            ],
                            "or_statement": [],
                            "regex_match_statement": [],
                            "regex_pattern_set_reference_statement": [],
                            "size_constraint_statement": [],
                            "sqli_match_statement": [],
                            "xss_match_statement": []
                          },
                          {
                            "and_statement": [],
                            "asn_match_statement": [],
                            "byte_match_statement": [],
                            "geo_match_statement": [],
                            "ip_set_reference_statement": [],
                            "label_match_statement": [],
                            "not_statement": [
                              {
                                "statement": [
                                  {
                                    "and_statement": [],
                                    "asn_match_statement": [],
                                    "byte_match_statement": [
                                      {
                                        "field_to_match": [
                                          {
                                            "all_query_arguments": [],
                                            "body": [],
                                            "cookies": [],
                                            "header_order": [],
                                            "headers": [],
                                            "ja3_fingerprint": [],
                                            "ja4_fingerprint": [],
                                            "json_body": [],
                                            "method": [],
                                            "query_string": [],
                                            "single_header": [
                                              {
                                                "name": "user-agent"
                                              }
                                            ],
                                            "single_query_argument": [],
                                            "uri_fragment": [],
                                            "uri_path": []
                                          }
                                        ],
                                        "positional_constraint": "STARTS_WITH",
                                        "search_string": "PostmanRuntime",
                                        "text_transformation": [
                                          {
                                            "priority": 22,
                                            "type": "NONE"
                                          }
                                        ]
                                      }
                                    ],
                                    "geo_match_statement": [],
                                    "ip_set_reference_statement": [],
                                    "label_match_statement": [],
                                    "not_statement": [],
                                    "or_statement": [],
                                    "regex_match_statement": [],
                                    "regex_pattern_set_reference_statement": [],
                                    "size_constraint_statement": [],
                                    "sqli_match_statement": [],
                                    "xss_match_statement": []
                                  }
                                ]
                              }
                            ],
                            "or_statement": [],
                            "regex_match_statement": [],
                            "regex_pattern_set_reference_statement": [],
                            "size_constraint_statement": [],
                            "sqli_match_statement": [],
                            "xss_match_statement": []
                          },
                          {
                            "and_statement": [],
                            "asn_match_statement": [],
                            "byte_match_statement": [],
                            "geo_match_statement": [],
                            "ip_set_reference_statement": [],
                            "label_match_statement": [],
                            "not_statement": [
                              {
                                "statement": [
                                  {
                                    "and_statement": [],
                                    "asn_match_statement": [],
                                    "byte_match_statement": [
                                      {
                                        "field_to_match": [
                                          {
                                            "all_query_arguments": [],
                                            "body": [],
                                            "cookies": [],
                                            "header_order": [],
                                            "headers": [],
                                            "ja3_fingerprint": [],
                                            "ja4_fingerprint": [],
                                            "json_body": [],
                                            "method": [],
                                            "query_string": [],
                                            "single_header": [
                                              {
                                                "name": "user-agent"
                                              }
                                            ],
                                            "single_query_argument": [],
                                            "uri_fragment": [],
                                            "uri_path": []
                                          }
                                        ],
                                        "positional_constraint": "STARTS_WITH",
                                        "search_string": "okhttp",
                                        "text_transformation": [
                                          {
                                            "priority": 23,
                                            "type": "NONE"
                                          }
                                        ]
                                      }
                                    ],
                                    "geo_match_statement": [],
                                    "ip_set_reference_statement": [],
                                    "label_match_statement": [],
                                    "not_statement": [],
                                    "or_statement": [],
                                    "regex_match_statement": [],
                                    "regex_pattern_set_reference_statement": [],
                                    "size_constraint_statement": [],
                                    "sqli_match_statement": [],
                                    "xss_match_statement": []
                                  }
                                ]
                              }
                            ],
                            "or_statement": [],
                            "regex_match_statement": [],
                            "regex_pattern_set_reference_statement": [],
                            "size_constraint_statement": [],
                            "sqli_match_statement": [],
                            "xss_match_statement": []
                          },
                          {
                            "and_statement": [],
                            "asn_match_statement": [],
                            "byte_match_statement": [],
                            "geo_match_statement": [],
                            "ip_set_reference_statement": [],
                            "label_match_statement": [],
                            "not_statement": [
                              {
                                "statement": [
                                  {
                                    "and_statement": [],
                                    "asn_match_statement": [],
                                    "byte_match_statement": [
                                      {
                                        "field_to_match": [
                                          {
                                            "all_query_arguments": [],
                                            "body": [],
                                            "cookies": [],
                                            "header_order": [],
                                            "headers": [],
                                            "ja3_fingerprint": [],
                                            "ja4_fingerprint": [],
                                            "json_body": [],
                                            "method": [],
                                            "query_string": [],
                                            "single_header": [
                                              {
                                                "name": "user-agent"
                                              }
                                            ],
                                            "single_query_argument": [],
                                            "uri_fragment": [],
                                            "uri_path": []
                                          }
                                        ],
                                        "positional_constraint": "STARTS_WITH",
                                        "search_string": "Go-http-client",
                                        "text_transformation": [
                                          {
                                            "priority": 24,
                                            "type": "NONE"
                                          }
                                        ]
                                      }
                                    ],
                                    "geo_match_statement": [],
                                    "ip_set_reference_statement": [],
                                    "label_match_statement": [],
                                    "not_statement": [],
                                    "or_statement": [],
                                    "regex_match_statement": [],
                                    "regex_pattern_set_reference_statement": [],
                                    "size_constraint_statement": [],
                                    "sqli_match_statement": [],
                                    "xss_match_statement": []
                                  }
                                ]
                              }
                            ],
                            "or_statement": [],
                            "regex_match_statement": [],
                            "regex_pattern_set_reference_statement": [],
                            "size_constraint_statement": [],
                            "sqli_match_statement": [],
                            "xss_match_statement": []
                          },
                          {
                            "and_statement": [],
                            "asn_match_statement": [],
                            "byte_match_statement": [],
                            "geo_match_statement": [],
                            "ip_set_reference_statement": [],
                            "label_match_statement": [],
                            "not_statement": [
                              {
                                "statement": [
                                  {
                                    "and_statement": [],
                                    "asn_match_statement": [],
                                    "byte_match_statement": [
                                      {
                                        "field_to_match": [
                                          {
                                            "all_query_arguments": [],
                                            "body": [],
                                            "cookies": [],
                                            "header_order": [],
                                            "headers": [],
                                            "ja3_fingerprint": [],
                                            "ja4_fingerprint": [],
                                            "json_body": [],
                                            "method": [],
                                            "query_string": [],
                                            "single_header": [
                                              {
                                                "name": "user-agent"
                                              }
                                            ],
                                            "single_query_argument": [],
                                            "uri_fragment": [],
                                            "uri_path": []
                                          }
                                        ],
                                        "positional_constraint": "STARTS_WITH",
                                        "search_string": "ELB-HealthChecker",
                                        "text_transformation": [
                                          {
                                            "priority": 25,
                                            "type": "NONE"
                                          }
                                        ]
                                      }
                                    ],
                                    "geo_match_statement": [],
                                    "ip_set_reference_statement": [],
                                    "label_match_statement": [],
                                    "not_statement": [],
                                    "or_statement": [],
                                    "regex_match_statement": [],
                                    "regex_pattern_set_reference_statement": [],
                                    "size_constraint_statement": [],
                                    "sqli_match_statement": [],
                                    "xss_match_statement": []
                                  }
                                ]
                              }
                            ],
                            "or_statement": [],
                            "regex_match_statement": [],
                            "regex_pattern_set_reference_statement": [],
                            "size_constraint_statement": [],
                            "sqli_match_statement": [],
                            "xss_match_statement": []
                          },
                          {
                            "and_statement": [],
                            "asn_match_statement": [],
                            "byte_match_statement": [],
                            "geo_match_statement": [],
                            "ip_set_reference_statement": [],
                            "label_match_statement": [],
                            "not_statement": [
                              {
                                "statement": [
                                  {
                                    "and_statement": [],
                                    "asn_match_statement": [],
                                    "byte_match_statement": [
                                      {
                                        "field_to_match": [
                                          {
                                            "all_query_arguments": [],
                                            "body": [],
                                            "cookies": [],
                                            "header_order": [],
                                            "headers": [],
                                            "ja3_fingerprint": [],
                                            "ja4_fingerprint": [],
                                            "json_body": [],
                                            "method": [],
                                            "query_string": [],
                                            "single_header": [
                                              {
                                                "name": "user-agent"
                                              }
                                            ],
                                            "single_query_argument": [],
                                            "uri_fragment": [],
                                            "uri_path": []
                                          }
                                        ],
                                        "positional_constraint": "STARTS_WITH",
                                        "search_string": "AsterRC",
                                        "text_transformation": [
                                          {
                                            "priority": 26,
                                            "type": "NONE"
                                          }
                                        ]
                                      }
                                    ],
                                    "geo_match_statement": [],
                                    "ip_set_reference_statement": [],
                                    "label_match_statement": [],
                                    "not_statement": [],
                                    "or_statement": [],
                                    "regex_match_statement": [],
                                    "regex_pattern_set_reference_statement": [],
                                    "size_constraint_statement": [],
                                    "sqli_match_statement": [],
                                    "xss_match_statement": []
                                  }
                                ]
                              }
                            ],
                            "or_statement": [],
                            "regex_match_statement": [],
                            "regex_pattern_set_reference_statement": [],
                            "size_constraint_statement": [],
                            "sqli_match_statement": [],
                            "xss_match_statement": []
                          },
                          {
                            "and_statement": [],
                            "asn_match_statement": [],
                            "byte_match_statement": [],
                            "geo_match_statement": [],
                            "ip_set_reference_statement": [],
                            "label_match_statement": [],
                            "not_statement": [
                              {
                                "statement": [
                                  {
                                    "and_statement": [],
                                    "asn_match_statement": [],
                                    "byte_match_statement": [
                                      {
                                        "field_to_match": [
                                          {
                                            "all_query_arguments": [],
                                            "body": [],
                                            "cookies": [],
                                            "header_order": [],
                                            "headers": [],
                                            "ja3_fingerprint": [],
                                            "ja4_fingerprint": [],
                                            "json_body": [],
                                            "method": [],
                                            "query_string": [],
                                            "single_header": [
                                              {
                                                "name": "user-agent"
                                              }
                                            ],
                                            "single_query_argument": [],
                                            "uri_fragment": [],
                                            "uri_path": []
                                          }
                                        ],
                                        "positional_constraint": "STARTS_WITH",
                                        "search_string": "AsterKey",
                                        "text_transformation": [
                                          {
                                            "priority": 27,
                                            "type": "NONE"
                                          }
                                        ]
                                      }
                                    ],
                                    "geo_match_statement": [],
                                    "ip_set_reference_statement": [],
                                    "label_match_statement": [],
                                    "not_statement": [],
                                    "or_statement": [],
                                    "regex_match_statement": [],
                                    "regex_pattern_set_reference_statement": [],
                                    "size_constraint_statement": [],
                                    "sqli_match_statement": [],
                                    "xss_match_statement": []
                                  }
                                ]
                              }
                            ],
                            "or_statement": [],
                            "regex_match_statement": [],
                            "regex_pattern_set_reference_statement": [],
                            "size_constraint_statement": [],
                            "sqli_match_statement": [],
                            "xss_match_statement": []
                          },
                          {
                            "and_statement": [],
                            "asn_match_statement": [],
                            "byte_match_statement": [],
                            "geo_match_statement": [],
                            "ip_set_reference_statement": [],
                            "label_match_statement": [],
                            "not_statement": [
                              {
                                "statement": [
                                  {
                                    "and_statement": [],
                                    "asn_match_statement": [],
                                    "byte_match_statement": [
                                      {
                                        "field_to_match": [
                                          {
                                            "all_query_arguments": [],
                                            "body": [],
                                            "cookies": [],
                                            "header_order": [],
                                            "headers": [],
                                            "ja3_fingerprint": [],
                                            "ja4_fingerprint": [],
                                            "json_body": [],
                                            "method": [],
                                            "query_string": [],
                                            "single_header": [
                                              {
                                                "name": "user-agent"
                                              }
                                            ],
                                            "single_query_argument": [],
                                            "uri_fragment": [],
                                            "uri_path": []
                                          }
                                        ],
                                        "positional_constraint": "CONTAINS",
                                        "search_string": "UptimeRobot",
                                        "text_transformation": [
                                          {
                                            "priority": 28,
                                            "type": "NONE"
                                          }
                                        ]
                                      }
                                    ],
                                    "geo_match_statement": [],
                                    "ip_set_reference_statement": [],
                                    "label_match_statement": [],
                                    "not_statement": [],
                                    "or_statement": [],
                                    "regex_match_statement": [],
                                    "regex_pattern_set_reference_statement": [],
                                    "size_constraint_statement": [],
                                    "sqli_match_statement": [],
                                    "xss_match_statement": []
                                  }
                                ]
                              }
                            ],
                            "or_statement": [],
                            "regex_match_statement": [],
                            "regex_pattern_set_reference_statement": [],
                            "size_constraint_statement": [],
                            "sqli_match_statement": [],
                            "xss_match_statement": []
                          },
                          {
                            "and_statement": [],
                            "asn_match_statement": [],
                            "byte_match_statement": [],
                            "geo_match_statement": [],
                            "ip_set_reference_statement": [],
                            "label_match_statement": [],
                            "not_statement": [
                              {
                                "statement": [
                                  {
                                    "and_statement": [],
                                    "asn_match_statement": [],
                                    "byte_match_statement": [
                                      {
                                        "field_to_match": [
                                          {
                                            "all_query_arguments": [],
                                            "body": [],
                                            "cookies": [],
                                            "header_order": [],
                                            "headers": [],
                                            "ja3_fingerprint": [],
                                            "ja4_fingerprint": [],
                                            "json_body": [],
                                            "method": [],
                                            "query_string": [],
                                            "single_header": [
                                              {
                                                "name": "user-agent"
                                              }
                                            ],
                                            "single_query_argument": [],
                                            "uri_fragment": [],
                                            "uri_path": []
                                          }
                                        ],
                                        "positional_constraint": "CONTAINS",
                                        "search_string": "Datadog/Synthetics",
                                        "text_transformation": [
                                          {
                                            "priority": 29,
                                            "type": "NONE"
                                          }
                                        ]
                                      }
                                    ],
                                    "geo_match_statement": [],
                                    "ip_set_reference_statement": [],
                                    "label_match_statement": [],
                                    "not_statement": [],
                                    "or_statement": [],
                                    "regex_match_statement": [],
                                    "regex_pattern_set_reference_statement": [],
                                    "size_constraint_statement": [],
                                    "sqli_match_statement": [],
                                    "xss_match_statement": []
                                  }
                                ]
                              }
                            ],
                            "or_statement": [],
                            "regex_match_statement": [],
                            "regex_pattern_set_reference_statement": [],
                            "size_constraint_statement": [],
                            "sqli_match_statement": [],
                            "xss_match_statement": []
                          }
                        ]
                      }
                    ],
                    "asn_match_statement": [],
                    "byte_match_statement": [],
                    "geo_match_statement": [],
                    "ip_set_reference_statement": [],
                    "label_match_statement": [],
                    "managed_rule_group_statement": [],
                    "not_statement": [],
                    "or_statement": [],
                    "rate_based_statement": [],
                    "regex_match_statement": [],
                    "regex_pattern_set_reference_statement": [],
                    "rule_group_reference_statement": [],
                    "size_constraint_statement": [],
                    "sqli_match_statement": [],
                    "xss_match_statement": []
                  }
                ],
                "visibility_config": [
                  {
                    "cloudwatch_metrics_enabled": true,
                    "metric_name": "curl_match_rule",
                    "sampled_requests_enabled": true
                  }
                ]
              },
              {
                "action": [],
                "captcha_config": [],
                "challenge_config": [],
                "name": "AWS-AWSManagedRulesAmazonIpReputationList",
                "override_action": [
                  {
                    "count": [],
                    "none": [
                      {}
                    ]
                  }
                ],
                "priority": 1,
                "rule_label": [],
                "statement": [
                  {
                    "and_statement": [],
                    "asn_match_statement": [],
                    "byte_match_statement": [],
                    "geo_match_statement": [],
                    "ip_set_reference_statement": [],
                    "label_match_statement": [],
                    "managed_rule_group_statement": [
                      {
                        "managed_rule_group_configs": [],
                        "name": "AWSManagedRulesAmazonIpReputationList",
                        "rule_action_override": [],
                        "scope_down_statement": [],
                        "vendor_name": "AWS",
                        "version": null
                      }
                    ],
                    "not_statement": [],
                    "or_statement": [],
                    "rate_based_statement": [],
                    "regex_match_statement": [],
                    "regex_pattern_set_reference_statement": [],
                    "rule_group_reference_statement": [],
                    "size_constraint_statement": [],
                    "sqli_match_statement": [],
                    "xss_match_statement": []
                  }
                ],
                "visibility_config": [
                  {
                    "cloudwatch_metrics_enabled": true,
                    "metric_name": "AWSManagedRulesAmazonIpReputationList",
                    "sampled_requests_enabled": true
                  }
                ]
              },
              {
                "action": [],
                "captcha_config": [],
                "challenge_config": [],
                "name": "AWS-AWSManagedRulesCommonRuleSet",
                "override_action": [
                  {
                    "count": [],
                    "none": [
                      {}
                    ]
                  }
                ],
                "priority": 6,
                "rule_label": [],
                "statement": [
                  {
                    "and_statement": [],
                    "asn_match_statement": [],
                    "byte_match_statement": [],
                    "geo_match_statement": [],
                    "ip_set_reference_statement": [],
                    "label_match_statement": [],
                    "managed_rule_group_statement": [
                      {
                        "managed_rule_group_configs": [],
                        "name": "AWSManagedRulesCommonRuleSet",
                        "rule_action_override": [
                          {
                            "action_to_use": [
                              {
                                "allow": [],
                                "block": [],
                                "captcha": [],
                                "challenge": [],
                                "count": [
                                  {
                                    "custom_request_handling": []
                                  }
                                ]
                              }
                            ],
                            "name": "AWSManagedRulesCommonRuleSet"
                          },
                          {
                            "action_to_use": [
                              {
                                "allow": [],
                                "block": [],
                                "captcha": [],
                                "challenge": [],
                                "count": [
                                  {
                                    "custom_request_handling": []
                                  }
                                ]
                              }
                            ],
                            "name": "NoUserAgent_HEADER"
                          },
                          {
                            "action_to_use": [
                              {
                                "allow": [
                                  {
                                    "custom_request_handling": []
                                  }
                                ],
                                "block": [],
                                "captcha": [],
                                "challenge": [],
                                "count": []
                              }
                            ],
                            "name": "SizeRestrictions_BODY"
                          },
                          {
                            "action_to_use": [
                              {
                                "allow": [],
                                "block": [],
                                "captcha": [],
                                "challenge": [],
                                "count": [
                                  {
                                    "custom_request_handling": []
                                  }
                                ]
                              }
                            ],
                            "name": "EC2MetaDataSSRF_BODY"
                          }
                        ],
                        "scope_down_statement": [],
                        "vendor_name": "AWS",
                        "version": ""
                      }
                    ],
                    "not_statement": [],
                    "or_statement": [],
                    "rate_based_statement": [],
                    "regex_match_statement": [],
                    "regex_pattern_set_reference_statement": [],
                    "rule_group_reference_statement": [],
                    "size_constraint_statement": [],
                    "sqli_match_statement": [],
                    "xss_match_statement": []
                  }
                ],
                "visibility_config": [
                  {
                    "cloudwatch_metrics_enabled": true,
                    "metric_name": "AWS-AWSManagedRulesCommonRuleSet",
                    "sampled_requests_enabled": true
                  }
                ]
              },
              {
                "action": [],
                "captcha_config": [],
                "challenge_config": [],
                "name": "AWS-AWSManagedRulesSQLiRuleSet",
                "override_action": [
                  {
                    "count": [],
                    "none": [
                      {}
                    ]
                  }
                ],
                "priority": 7,
                "rule_label": [],
                "statement": [
                  {
                    "and_statement": [],
                    "asn_match_statement": [],
                    "byte_match_statement": [],
                    "geo_match_statement": [],
                    "ip_set_reference_statement": [],
                    "label_match_statement": [],
                    "managed_rule_group_statement": [
                      {
                        "managed_rule_group_configs": [],
                        "name": "AWSManagedRulesSQLiRuleSet",
                        "rule_action_override": [],
                        "scope_down_statement": [],
                        "vendor_name": "AWS",
                        "version": null
                      }
                    ],
                    "not_statement": [],
                    "or_statement": [],
                    "rate_based_statement": [],
                    "regex_match_statement": [],
                    "regex_pattern_set_reference_statement": [],
                    "rule_group_reference_statement": [],
                    "size_constraint_statement": [],
                    "sqli_match_statement": [],
                    "xss_match_statement": []
                  }
                ],
                "visibility_config": [
                  {
                    "cloudwatch_metrics_enabled": true,
                    "metric_name": "AWS-AWSManagedRulesSQLiRuleSet",
                    "sampled_requests_enabled": true
                  }
                ]
              },
              {
                "action": [],
                "captcha_config": [],
                "challenge_config": [],
                "name": "AWSManagedRulesBotControlRuleSet",
                "override_action": [
                  {
                    "count": [
                      {}
                    ],
                    "none": []
                  }
                ],
                "priority": 9,
                "rule_label": [],
                "statement": [
                  {
                    "and_statement": [],
                    "asn_match_statement": [],
                    "byte_match_statement": [],
                    "geo_match_statement": [],
                    "ip_set_reference_statement": [],
                    "label_match_statement": [],
                    "managed_rule_group_statement": [
                      {
                        "managed_rule_group_configs": [
                          {
                            "aws_managed_rules_acfp_rule_set": [],
                            "aws_managed_rules_atp_rule_set": [],
                            "aws_managed_rules_bot_control_rule_set": [
                              {
                                "enable_machine_learning": true,
                                "inspection_level": "COMMON"
                              }
                            ],
                            "login_path": "",
                            "password_field": [],
                            "payload_type": "",
                            "username_field": []
                          }
                        ],
                        "name": "AWSManagedRulesBotControlRuleSet",
                        "rule_action_override": [
                          {
                            "action_to_use": [
                              {
                                "allow": [],
                                "block": [],
                                "captcha": [],
                                "challenge": [],
                                "count": [
                                  {
                                    "custom_request_handling": []
                                  }
                                ]
                              }
                            ],
                            "name": "CategoryMonitoring"
                          },
                          {
                            "action_to_use": [
                              {
                                "allow": [],
                                "block": [],
                                "captcha": [],
                                "challenge": [],
                                "count": [
                                  {
                                    "custom_request_handling": []
                                  }
                                ]
                              }
                            ],
                            "name": "CategorySeo"
                          },
                          {
                            "action_to_use": [
                              {
                                "allow": [],
                                "block": [],
                                "captcha": [],
                                "challenge": [],
                                "count": [
                                  {
                                    "custom_request_handling": []
                                  }
                                ]
                              }
                            ],
                            "name": "CategorySearchEngine"
                          },
                          {
                            "action_to_use": [
                              {
                                "allow": [],
                                "block": [],
                                "captcha": [],
                                "challenge": [],
                                "count": [
                                  {
                                    "custom_request_handling": []
                                  }
                                ]
                              }
                            ],
                            "name": "SignalNonBrowserUserAgent"
                          }
                        ],
                        "scope_down_statement": [],
                        "vendor_name": "AWS",
                        "version": ""
                      }
                    ],
                    "not_statement": [],
                    "or_statement": [],
                    "rate_based_statement": [],
                    "regex_match_statement": [],
                    "regex_pattern_set_reference_statement": [],
                    "rule_group_reference_statement": [],
                    "size_constraint_statement": [],
                    "sqli_match_statement": [],
                    "xss_match_statement": []
                  }
                ],
                "visibility_config": [
                  {
                    "cloudwatch_metrics_enabled": true,
                    "metric_name": "AWSManagedRulesBotControlRuleSet",
                    "sampled_requests_enabled": true
                  }
                ]
              },
              {
                "action": [],
                "captcha_config": [],
                "challenge_config": [],
                "name": "AWSManagedRulesKnownBadInputsRuleSet",
                "override_action": [
                  {
                    "count": [],
                    "none": [
                      {}
                    ]
                  }
                ],
                "priority": 8,
                "rule_label": [],
                "statement": [
                  {
                    "and_statement": [],
                    "asn_match_statement": [],
                    "byte_match_statement": [],
                    "geo_match_statement": [],
                    "ip_set_reference_statement": [],
                    "label_match_statement": [],
                    "managed_rule_group_statement": [
                      {
                        "managed_rule_group_configs": [],
                        "name": "AWSManagedRulesKnownBadInputsRuleSet",
                        "rule_action_override": [],
                        "scope_down_statement": [],
                        "vendor_name": "AWS",
                        "version": null
                      }
                    ],
                    "not_statement": [],
                    "or_statement": [],
                    "rate_based_statement": [],
                    "regex_match_statement": [],
                    "regex_pattern_set_reference_statement": [],
                    "rule_group_reference_statement": [],
                    "size_constraint_statement": [],
                    "sqli_match_statement": [],
                    "xss_match_statement": []
                  }
                ],
                "visibility_config": [
                  {
                    "cloudwatch_metrics_enabled": true,
                    "metric_name": "AWSManagedRulesKnownBadInputsRuleSet",
                    "sampled_requests_enabled": true
                  }
                ]
              },
              {
                "action": [],
                "captcha_config": [],
                "challenge_config": [],
                "name": "BadPathsRuleGroup",
                "override_action": [
                  {
                    "count": [],
                    "none": [
                      {}
                    ]
                  }
                ],
                "priority": 4,
                "rule_label": [],
                "statement": [
                  {
                    "and_statement": [],
                    "asn_match_statement": [],
                    "byte_match_statement": [],
                    "geo_match_statement": [],
                    "ip_set_reference_statement": [],
                    "label_match_statement": [],
                    "managed_rule_group_statement": [],
                    "not_statement": [],
                    "or_statement": [],
                    "rate_based_statement": [],
                    "regex_match_statement": [],
                    "regex_pattern_set_reference_statement": [],
                    "rule_group_reference_statement": [
                      {
                        "arn": "arn:aws:wafv2:us-east-1:191136519599:regional/rulegroup/BadPathsGroup/e3ea08de-5d5b-4d91-9508-bdb963cf1409",
                        "rule_action_override": []
                      }
                    ],
                    "size_constraint_statement": [],
                    "sqli_match_statement": [],
                    "xss_match_statement": []
                  }
                ],
                "visibility_config": [
                  {
                    "cloudwatch_metrics_enabled": true,
                    "metric_name": "BadPathsRuleGroup",
                    "sampled_requests_enabled": true
                  }
                ]
              },
              {
                "action": [],
                "captcha_config": [],
                "challenge_config": [],
                "name": "RateLimitGroup",
                "override_action": [
                  {
                    "count": [],
                    "none": [
                      {}
                    ]
                  }
                ],
                "priority": 0,
                "rule_label": [],
                "statement": [
                  {
                    "and_statement": [],
                    "asn_match_statement": [],
                    "byte_match_statement": [],
                    "geo_match_statement": [],
                    "ip_set_reference_statement": [],
                    "label_match_statement": [],
                    "managed_rule_group_statement": [],
                    "not_statement": [],
                    "or_statement": [],
                    "rate_based_statement": [],
                    "regex_match_statement": [],
                    "regex_pattern_set_reference_statement": [],
                    "rule_group_reference_statement": [
                      {
                        "arn": "arn:aws:wafv2:us-east-1:191136519599:regional/rulegroup/RateLimtGroup/c0bd18b7-b7f1-4832-a8bf-419a8ae2e4bc",
                        "rule_action_override": []
                      }
                    ],
                    "size_constraint_statement": [],
                    "sqli_match_statement": [],
                    "xss_match_statement": []
                  }
                ],
                "visibility_config": [
                  {
                    "cloudwatch_metrics_enabled": true,
                    "metric_name": "RateLimitGroup",
                    "sampled_requests_enabled": true
                  }
                ]
              }
            ],
            "rule_json": null,
            "scope": "REGIONAL",
            "tags": {
              "Name": "waf-toptal-us-east-1",
              "managment": "terraform",
              "owner": "techops",
              "region": "us-east-1",
              "service": "security",
              "usage": "alb"
            },
            "tags_all": {
              "Name": "waf-toptal-us-east-1",
              "managment": "terraform",
              "owner": "techops",
              "region": "us-east-1",
              "service": "security",
              "usage": "alb"
            },
            "token_domains": [],
            "visibility_config": [
              {
                "cloudwatch_metrics_enabled": true,
                "metric_name": "us-east-1-toptal-waf-1",
                "sampled_requests_enabled": true
              }
            ]
          },
          "sensitive_attributes": [],
          "identity_schema_version": 0,
          "private": "bnVsbA==",
          "dependencies": [
            "module.vpc.aws_vpc.vpc_01",
            "module.vpc.aws_wafv2_ip_set.local_cidr",
            "module.vpc.aws_wafv2_rule_group.bad_paths_rule_group",
            "module.vpc.aws_wafv2_rule_group.rate_limit_rule_group"
          ]
        }
      ]
    },
    {
      "module": "module.vpc",
      "mode": "managed",
      "type": "aws_wafv2_web_acl",
      "name": "waf_2_internal",
      "provider": "provider[\"registry.terraform.io/hashicorp/aws\"]",
      "instances": [
        {
          "schema_version": 0,
          "attributes": {
            "application_integration_url": "",
            "arn": "arn:aws:wafv2:us-east-1:191136519599:regional/webacl/waf2-internal-toptal-us-east-1/b9ad279e-863b-41ea-b0c1-1c91ccac3212",
            "association_config": [],
            "capacity": 1314,
            "captcha_config": [],
            "challenge_config": [],
            "custom_response_body": [],
            "data_protection_config": [],
            "default_action": [
              {
                "allow": [
                  {
                    "custom_request_handling": []
                  }
                ],
                "block": []
              }
            ],
            "description": "WAF for the toptal env in us-east-1",
            "id": "b9ad279e-863b-41ea-b0c1-1c91ccac3212",
            "lock_token": "d5721565-7788-4f38-8bc1-6b9a1e8d9b1d",
            "name": "waf2-internal-toptal-us-east-1",
            "name_prefix": "",
            "rule": [
              {
                "action": [
                  {
                    "allow": [
                      {
                        "custom_request_handling": []
                      }
                    ],
                    "block": [],
                    "captcha": [],
                    "challenge": [],
                    "count": []
                  }
                ],
                "captcha_config": [],
                "challenge_config": [],
                "name": "AllowLocal",
                "override_action": [],
                "priority": 2,
                "rule_label": [],
                "statement": [
                  {
                    "and_statement": [],
                    "asn_match_statement": [],
                    "byte_match_statement": [],
                    "geo_match_statement": [],
                    "ip_set_reference_statement": [
                      {
                        "arn": "arn:aws:wafv2:us-east-1:191136519599:regional/ipset/local-set/ddcf7626-0e70-4db9-8cbb-eb6b4f8f54b5",
                        "ip_set_forwarded_ip_config": []
                      }
                    ],
                    "label_match_statement": [],
                    "managed_rule_group_statement": [],
                    "not_statement": [],
                    "or_statement": [],
                    "rate_based_statement": [],
                    "regex_match_statement": [],
                    "regex_pattern_set_reference_statement": [],
                    "rule_group_reference_statement": [],
                    "size_constraint_statement": [],
                    "sqli_match_statement": [],
                    "xss_match_statement": []
                  }
                ],
                "visibility_config": [
                  {
                    "cloudwatch_metrics_enabled": true,
                    "metric_name": "AllowLocal",
                    "sampled_requests_enabled": true
                  }
                ]
              },
              {
                "action": [
                  {
                    "allow": [],
                    "block": [
                      {
                        "custom_response": [
                          {
                            "custom_response_body_key": null,
                            "response_code": 471,
                            "response_header": [
                              {
                                "name": "ak-status",
                                "value": "bad-locale"
                              }
                            ]
                          }
                        ]
                      }
                    ],
                    "captcha": [],
                    "challenge": [],
                    "count": []
                  }
                ],
                "captcha_config": [],
                "challenge_config": [],
                "name": "GeoMatchRule",
                "override_action": [],
                "priority": 3,
                "rule_label": [],
                "statement": [
                  {
                    "and_statement": [],
                    "asn_match_statement": [],
                    "byte_match_statement": [],
                    "geo_match_statement": [],
                    "ip_set_reference_statement": [],
                    "label_match_statement": [],
                    "managed_rule_group_statement": [],
                    "not_statement": [
                      {
                        "statement": [
                          {
                            "and_statement": [],
                            "asn_match_statement": [],
                            "byte_match_statement": [],
                            "geo_match_statement": [
                              {
                                "country_codes": [
                                  "CA",
                                  "US",
                                  "GB",
                                  "DE",
                                  "FR",
                                  "NL",
                                  "IE",
                                  "ES",
                                  "SE",
                                  "DK",
                                  "PL",
                                  "PT",
                                  "IT",
                                  "LT",
                                  "LV",
                                  "EE",
                                  "NO",
                                  "BE",
                                  "UA"
                                ],
                                "forwarded_ip_config": []
                              }
                            ],
                            "ip_set_reference_statement": [],
                            "label_match_statement": [],
                            "not_statement": [],
                            "or_statement": [],
                            "regex_match_statement": [],
                            "regex_pattern_set_reference_statement": [],
                            "size_constraint_statement": [],
                            "sqli_match_statement": [],
                            "xss_match_statement": []
                          }
                        ]
                      }
                    ],
                    "or_statement": [],
                    "rate_based_statement": [],
                    "regex_match_statement": [],
                    "regex_pattern_set_reference_statement": [],
                    "rule_group_reference_statement": [],
                    "size_constraint_statement": [],
                    "sqli_match_statement": [],
                    "xss_match_statement": []
                  }
                ],
                "visibility_config": [
                  {
                    "cloudwatch_metrics_enabled": true,
                    "metric_name": "GeoMatchRule",
                    "sampled_requests_enabled": true
                  }
                ]
              },
              {
                "action": [
                  {
                    "allow": [],
                    "block": [
                      {
                        "custom_response": []
                      }
                    ],
                    "captcha": [],
                    "challenge": [],
                    "count": []
                  }
                ],
                "captcha_config": [],
                "challenge_config": [],
                "name": "curl_match_rule",
                "override_action": [],
                "priority": 5,
                "rule_label": [],
                "statement": [
                  {
                    "and_statement": [
                      {
                        "statement": [
                          {
                            "and_statement": [],
                            "asn_match_statement": [],
                            "byte_match_statement": [],
                            "geo_match_statement": [],
                            "ip_set_reference_statement": [],
                            "label_match_statement": [
                              {
                                "key": "awswaf:managed:aws:bot-control:signal:non_browser_user_agent",
                                "scope": "LABEL"
                              }
                            ],
                            "not_statement": [],
                            "or_statement": [],
                            "regex_match_statement": [],
                            "regex_pattern_set_reference_statement": [],
                            "size_constraint_statement": [],
                            "sqli_match_statement": [],
                            "xss_match_statement": []
                          },
                          {
                            "and_statement": [],
                            "asn_match_statement": [],
                            "byte_match_statement": [],
                            "geo_match_statement": [],
                            "ip_set_reference_statement": [],
                            "label_match_statement": [],
                            "not_statement": [
                              {
                                "statement": [
                                  {
                                    "and_statement": [],
                                    "asn_match_statement": [],
                                    "byte_match_statement": [
                                      {
                                        "field_to_match": [
                                          {
                                            "all_query_arguments": [],
                                            "body": [],
                                            "cookies": [],
                                            "header_order": [],
                                            "headers": [],
                                            "ja3_fingerprint": [],
                                            "ja4_fingerprint": [],
                                            "json_body": [],
                                            "method": [],
                                            "query_string": [],
                                            "single_header": [
                                              {
                                                "name": "user-agent"
                                              }
                                            ],
                                            "single_query_argument": [],
                                            "uri_fragment": [],
                                            "uri_path": []
                                          }
                                        ],
                                        "positional_constraint": "STARTS_WITH",
                                        "search_string": "curl",
                                        "text_transformation": [
                                          {
                                            "priority": 20,
                                            "type": "NONE"
                                          }
                                        ]
                                      }
                                    ],
                                    "geo_match_statement": [],
                                    "ip_set_reference_statement": [],
                                    "label_match_statement": [],
                                    "not_statement": [],
                                    "or_statement": [],
                                    "regex_match_statement": [],
                                    "regex_pattern_set_reference_statement": [],
                                    "size_constraint_statement": [],
                                    "sqli_match_statement": [],
                                    "xss_match_statement": []
                                  }
                                ]
                              }
                            ],
                            "or_statement": [],
                            "regex_match_statement": [],
                            "regex_pattern_set_reference_statement": [],
                            "size_constraint_statement": [],
                            "sqli_match_statement": [],
                            "xss_match_statement": []
                          },
                          {
                            "and_statement": [],
                            "asn_match_statement": [],
                            "byte_match_statement": [],
                            "geo_match_statement": [],
                            "ip_set_reference_statement": [],
                            "label_match_statement": [],
                            "not_statement": [
                              {
                                "statement": [
                                  {
                                    "and_statement": [],
                                    "asn_match_statement": [],
                                    "byte_match_statement": [
                                      {
                                        "field_to_match": [
                                          {
                                            "all_query_arguments": [],
                                            "body": [],
                                            "cookies": [],
                                            "header_order": [],
                                            "headers": [],
                                            "ja3_fingerprint": [],
                                            "ja4_fingerprint": [],
                                            "json_body": [],
                                            "method": [],
                                            "query_string": [],
                                            "single_header": [
                                              {
                                                "name": "user-agent"
                                              }
                                            ],
                                            "single_query_argument": [],
                                            "uri_fragment": [],
                                            "uri_path": []
                                          }
                                        ],
                                        "positional_constraint": "STARTS_WITH",
                                        "search_string": "python-requests",
                                        "text_transformation": [
                                          {
                                            "priority": 21,
                                            "type": "NONE"
                                          }
                                        ]
                                      }
                                    ],
                                    "geo_match_statement": [],
                                    "ip_set_reference_statement": [],
                                    "label_match_statement": [],
                                    "not_statement": [],
                                    "or_statement": [],
                                    "regex_match_statement": [],
                                    "regex_pattern_set_reference_statement": [],
                                    "size_constraint_statement": [],
                                    "sqli_match_statement": [],
                                    "xss_match_statement": []
                                  }
                                ]
                              }
                            ],
                            "or_statement": [],
                            "regex_match_statement": [],
                            "regex_pattern_set_reference_statement": [],
                            "size_constraint_statement": [],
                            "sqli_match_statement": [],
                            "xss_match_statement": []
                          },
                          {
                            "and_statement": [],
                            "asn_match_statement": [],
                            "byte_match_statement": [],
                            "geo_match_statement": [],
                            "ip_set_reference_statement": [],
                            "label_match_statement": [],
                            "not_statement": [
                              {
                                "statement": [
                                  {
                                    "and_statement": [],
                                    "asn_match_statement": [],
                                    "byte_match_statement": [
                                      {
                                        "field_to_match": [
                                          {
                                            "all_query_arguments": [],
                                            "body": [],
                                            "cookies": [],
                                            "header_order": [],
                                            "headers": [],
                                            "ja3_fingerprint": [],
                                            "ja4_fingerprint": [],
                                            "json_body": [],
                                            "method": [],
                                            "query_string": [],
                                            "single_header": [
                                              {
                                                "name": "user-agent"
                                              }
                                            ],
                                            "single_query_argument": [],
                                            "uri_fragment": [],
                                            "uri_path": []
                                          }
                                        ],
                                        "positional_constraint": "STARTS_WITH",
                                        "search_string": "PostmanRuntime",
                                        "text_transformation": [
                                          {
                                            "priority": 22,
                                            "type": "NONE"
                                          }
                                        ]
                                      }
                                    ],
                                    "geo_match_statement": [],
                                    "ip_set_reference_statement": [],
                                    "label_match_statement": [],
                                    "not_statement": [],
                                    "or_statement": [],
                                    "regex_match_statement": [],
                                    "regex_pattern_set_reference_statement": [],
                                    "size_constraint_statement": [],
                                    "sqli_match_statement": [],
                                    "xss_match_statement": []
                                  }
                                ]
                              }
                            ],
                            "or_statement": [],
                            "regex_match_statement": [],
                            "regex_pattern_set_reference_statement": [],
                            "size_constraint_statement": [],
                            "sqli_match_statement": [],
                            "xss_match_statement": []
                          },
                          {
                            "and_statement": [],
                            "asn_match_statement": [],
                            "byte_match_statement": [],
                            "geo_match_statement": [],
                            "ip_set_reference_statement": [],
                            "label_match_statement": [],
                            "not_statement": [
                              {
                                "statement": [
                                  {
                                    "and_statement": [],
                                    "asn_match_statement": [],
                                    "byte_match_statement": [
                                      {
                                        "field_to_match": [
                                          {
                                            "all_query_arguments": [],
                                            "body": [],
                                            "cookies": [],
                                            "header_order": [],
                                            "headers": [],
                                            "ja3_fingerprint": [],
                                            "ja4_fingerprint": [],
                                            "json_body": [],
                                            "method": [],
                                            "query_string": [],
                                            "single_header": [
                                              {
                                                "name": "user-agent"
                                              }
                                            ],
                                            "single_query_argument": [],
                                            "uri_fragment": [],
                                            "uri_path": []
                                          }
                                        ],
                                        "positional_constraint": "STARTS_WITH",
                                        "search_string": "okhttp",
                                        "text_transformation": [
                                          {
                                            "priority": 23,
                                            "type": "NONE"
                                          }
                                        ]
                                      }
                                    ],
                                    "geo_match_statement": [],
                                    "ip_set_reference_statement": [],
                                    "label_match_statement": [],
                                    "not_statement": [],
                                    "or_statement": [],
                                    "regex_match_statement": [],
                                    "regex_pattern_set_reference_statement": [],
                                    "size_constraint_statement": [],
                                    "sqli_match_statement": [],
                                    "xss_match_statement": []
                                  }
                                ]
                              }
                            ],
                            "or_statement": [],
                            "regex_match_statement": [],
                            "regex_pattern_set_reference_statement": [],
                            "size_constraint_statement": [],
                            "sqli_match_statement": [],
                            "xss_match_statement": []
                          },
                          {
                            "and_statement": [],
                            "asn_match_statement": [],
                            "byte_match_statement": [],
                            "geo_match_statement": [],
                            "ip_set_reference_statement": [],
                            "label_match_statement": [],
                            "not_statement": [
                              {
                                "statement": [
                                  {
                                    "and_statement": [],
                                    "asn_match_statement": [],
                                    "byte_match_statement": [
                                      {
                                        "field_to_match": [
                                          {
                                            "all_query_arguments": [],
                                            "body": [],
                                            "cookies": [],
                                            "header_order": [],
                                            "headers": [],
                                            "ja3_fingerprint": [],
                                            "ja4_fingerprint": [],
                                            "json_body": [],
                                            "method": [],
                                            "query_string": [],
                                            "single_header": [
                                              {
                                                "name": "user-agent"
                                              }
                                            ],
                                            "single_query_argument": [],
                                            "uri_fragment": [],
                                            "uri_path": []
                                          }
                                        ],
                                        "positional_constraint": "STARTS_WITH",
                                        "search_string": "Go-http-client",
                                        "text_transformation": [
                                          {
                                            "priority": 24,
                                            "type": "NONE"
                                          }
                                        ]
                                      }
                                    ],
                                    "geo_match_statement": [],
                                    "ip_set_reference_statement": [],
                                    "label_match_statement": [],
                                    "not_statement": [],
                                    "or_statement": [],
                                    "regex_match_statement": [],
                                    "regex_pattern_set_reference_statement": [],
                                    "size_constraint_statement": [],
                                    "sqli_match_statement": [],
                                    "xss_match_statement": []
                                  }
                                ]
                              }
                            ],
                            "or_statement": [],
                            "regex_match_statement": [],
                            "regex_pattern_set_reference_statement": [],
                            "size_constraint_statement": [],
                            "sqli_match_statement": [],
                            "xss_match_statement": []
                          },
                          {
                            "and_statement": [],
                            "asn_match_statement": [],
                            "byte_match_statement": [],
                            "geo_match_statement": [],
                            "ip_set_reference_statement": [],
                            "label_match_statement": [],
                            "not_statement": [
                              {
                                "statement": [
                                  {
                                    "and_statement": [],
                                    "asn_match_statement": [],
                                    "byte_match_statement": [
                                      {
                                        "field_to_match": [
                                          {
                                            "all_query_arguments": [],
                                            "body": [],
                                            "cookies": [],
                                            "header_order": [],
                                            "headers": [],
                                            "ja3_fingerprint": [],
                                            "ja4_fingerprint": [],
                                            "json_body": [],
                                            "method": [],
                                            "query_string": [],
                                            "single_header": [
                                              {
                                                "name": "user-agent"
                                              }
                                            ],
                                            "single_query_argument": [],
                                            "uri_fragment": [],
                                            "uri_path": []
                                          }
                                        ],
                                        "positional_constraint": "STARTS_WITH",
                                        "search_string": "ELB-HealthChecker",
                                        "text_transformation": [
                                          {
                                            "priority": 25,
                                            "type": "NONE"
                                          }
                                        ]
                                      }
                                    ],
                                    "geo_match_statement": [],
                                    "ip_set_reference_statement": [],
                                    "label_match_statement": [],
                                    "not_statement": [],
                                    "or_statement": [],
                                    "regex_match_statement": [],
                                    "regex_pattern_set_reference_statement": [],
                                    "size_constraint_statement": [],
                                    "sqli_match_statement": [],
                                    "xss_match_statement": []
                                  }
                                ]
                              }
                            ],
                            "or_statement": [],
                            "regex_match_statement": [],
                            "regex_pattern_set_reference_statement": [],
                            "size_constraint_statement": [],
                            "sqli_match_statement": [],
                            "xss_match_statement": []
                          },
                          {
                            "and_statement": [],
                            "asn_match_statement": [],
                            "byte_match_statement": [],
                            "geo_match_statement": [],
                            "ip_set_reference_statement": [],
                            "label_match_statement": [],
                            "not_statement": [
                              {
                                "statement": [
                                  {
                                    "and_statement": [],
                                    "asn_match_statement": [],
                                    "byte_match_statement": [
                                      {
                                        "field_to_match": [
                                          {
                                            "all_query_arguments": [],
                                            "body": [],
                                            "cookies": [],
                                            "header_order": [],
                                            "headers": [],
                                            "ja3_fingerprint": [],
                                            "ja4_fingerprint": [],
                                            "json_body": [],
                                            "method": [],
                                            "query_string": [],
                                            "single_header": [
                                              {
                                                "name": "user-agent"
                                              }
                                            ],
                                            "single_query_argument": [],
                                            "uri_fragment": [],
                                            "uri_path": []
                                          }
                                        ],
                                        "positional_constraint": "STARTS_WITH",
                                        "search_string": "AsterRC",
                                        "text_transformation": [
                                          {
                                            "priority": 26,
                                            "type": "NONE"
                                          }
                                        ]
                                      }
                                    ],
                                    "geo_match_statement": [],
                                    "ip_set_reference_statement": [],
                                    "label_match_statement": [],
                                    "not_statement": [],
                                    "or_statement": [],
                                    "regex_match_statement": [],
                                    "regex_pattern_set_reference_statement": [],
                                    "size_constraint_statement": [],
                                    "sqli_match_statement": [],
                                    "xss_match_statement": []
                                  }
                                ]
                              }
                            ],
                            "or_statement": [],
                            "regex_match_statement": [],
                            "regex_pattern_set_reference_statement": [],
                            "size_constraint_statement": [],
                            "sqli_match_statement": [],
                            "xss_match_statement": []
                          },
                          {
                            "and_statement": [],
                            "asn_match_statement": [],
                            "byte_match_statement": [],
                            "geo_match_statement": [],
                            "ip_set_reference_statement": [],
                            "label_match_statement": [],
                            "not_statement": [
                              {
                                "statement": [
                                  {
                                    "and_statement": [],
                                    "asn_match_statement": [],
                                    "byte_match_statement": [
                                      {
                                        "field_to_match": [
                                          {
                                            "all_query_arguments": [],
                                            "body": [],
                                            "cookies": [],
                                            "header_order": [],
                                            "headers": [],
                                            "ja3_fingerprint": [],
                                            "ja4_fingerprint": [],
                                            "json_body": [],
                                            "method": [],
                                            "query_string": [],
                                            "single_header": [
                                              {
                                                "name": "user-agent"
                                              }
                                            ],
                                            "single_query_argument": [],
                                            "uri_fragment": [],
                                            "uri_path": []
                                          }
                                        ],
                                        "positional_constraint": "STARTS_WITH",
                                        "search_string": "AsterKey",
                                        "text_transformation": [
                                          {
                                            "priority": 27,
                                            "type": "NONE"
                                          }
                                        ]
                                      }
                                    ],
                                    "geo_match_statement": [],
                                    "ip_set_reference_statement": [],
                                    "label_match_statement": [],
                                    "not_statement": [],
                                    "or_statement": [],
                                    "regex_match_statement": [],
                                    "regex_pattern_set_reference_statement": [],
                                    "size_constraint_statement": [],
                                    "sqli_match_statement": [],
                                    "xss_match_statement": []
                                  }
                                ]
                              }
                            ],
                            "or_statement": [],
                            "regex_match_statement": [],
                            "regex_pattern_set_reference_statement": [],
                            "size_constraint_statement": [],
                            "sqli_match_statement": [],
                            "xss_match_statement": []
                          },
                          {
                            "and_statement": [],
                            "asn_match_statement": [],
                            "byte_match_statement": [],
                            "geo_match_statement": [],
                            "ip_set_reference_statement": [],
                            "label_match_statement": [],
                            "not_statement": [
                              {
                                "statement": [
                                  {
                                    "and_statement": [],
                                    "asn_match_statement": [],
                                    "byte_match_statement": [
                                      {
                                        "field_to_match": [
                                          {
                                            "all_query_arguments": [],
                                            "body": [],
                                            "cookies": [],
                                            "header_order": [],
                                            "headers": [],
                                            "ja3_fingerprint": [],
                                            "ja4_fingerprint": [],
                                            "json_body": [],
                                            "method": [],
                                            "query_string": [],
                                            "single_header": [
                                              {
                                                "name": "user-agent"
                                              }
                                            ],
                                            "single_query_argument": [],
                                            "uri_fragment": [],
                                            "uri_path": []
                                          }
                                        ],
                                        "positional_constraint": "CONTAINS",
                                        "search_string": "UptimeRobot",
                                        "text_transformation": [
                                          {
                                            "priority": 28,
                                            "type": "NONE"
                                          }
                                        ]
                                      }
                                    ],
                                    "geo_match_statement": [],
                                    "ip_set_reference_statement": [],
                                    "label_match_statement": [],
                                    "not_statement": [],
                                    "or_statement": [],
                                    "regex_match_statement": [],
                                    "regex_pattern_set_reference_statement": [],
                                    "size_constraint_statement": [],
                                    "sqli_match_statement": [],
                                    "xss_match_statement": []
                                  }
                                ]
                              }
                            ],
                            "or_statement": [],
                            "regex_match_statement": [],
                            "regex_pattern_set_reference_statement": [],
                            "size_constraint_statement": [],
                            "sqli_match_statement": [],
                            "xss_match_statement": []
                          },
                          {
                            "and_statement": [],
                            "asn_match_statement": [],
                            "byte_match_statement": [],
                            "geo_match_statement": [],
                            "ip_set_reference_statement": [],
                            "label_match_statement": [],
                            "not_statement": [
                              {
                                "statement": [
                                  {
                                    "and_statement": [],
                                    "asn_match_statement": [],
                                    "byte_match_statement": [
                                      {
                                        "field_to_match": [
                                          {
                                            "all_query_arguments": [],
                                            "body": [],
                                            "cookies": [],
                                            "header_order": [],
                                            "headers": [],
                                            "ja3_fingerprint": [],
                                            "ja4_fingerprint": [],
                                            "json_body": [],
                                            "method": [],
                                            "query_string": [],
                                            "single_header": [
                                              {
                                                "name": "user-agent"
                                              }
                                            ],
                                            "single_query_argument": [],
                                            "uri_fragment": [],
                                            "uri_path": []
                                          }
                                        ],
                                        "positional_constraint": "CONTAINS",
                                        "search_string": "Datadog/Synthetics",
                                        "text_transformation": [
                                          {
                                            "priority": 29,
                                            "type": "NONE"
                                          }
                                        ]
                                      }
                                    ],
                                    "geo_match_statement": [],
                                    "ip_set_reference_statement": [],
                                    "label_match_statement": [],
                                    "not_statement": [],
                                    "or_statement": [],
                                    "regex_match_statement": [],
                                    "regex_pattern_set_reference_statement": [],
                                    "size_constraint_statement": [],
                                    "sqli_match_statement": [],
                                    "xss_match_statement": []
                                  }
                                ]
                              }
                            ],
                            "or_statement": [],
                            "regex_match_statement": [],
                            "regex_pattern_set_reference_statement": [],
                            "size_constraint_statement": [],
                            "sqli_match_statement": [],
                            "xss_match_statement": []
                          }
                        ]
                      }
                    ],
                    "asn_match_statement": [],
                    "byte_match_statement": [],
                    "geo_match_statement": [],
                    "ip_set_reference_statement": [],
                    "label_match_statement": [],
                    "managed_rule_group_statement": [],
                    "not_statement": [],
                    "or_statement": [],
                    "rate_based_statement": [],
                    "regex_match_statement": [],
                    "regex_pattern_set_reference_statement": [],
                    "rule_group_reference_statement": [],
                    "size_constraint_statement": [],
                    "sqli_match_statement": [],
                    "xss_match_statement": []
                  }
                ],
                "visibility_config": [
                  {
                    "cloudwatch_metrics_enabled": true,
                    "metric_name": "curl_match_rule",
                    "sampled_requests_enabled": true
                  }
                ]
              },
              {
                "action": [],
                "captcha_config": [],
                "challenge_config": [],
                "name": "AWS-AWSManagedRulesAmazonIpReputationList",
                "override_action": [
                  {
                    "count": [],
                    "none": [
                      {}
                    ]
                  }
                ],
                "priority": 1,
                "rule_label": [],
                "statement": [
                  {
                    "and_statement": [],
                    "asn_match_statement": [],
                    "byte_match_statement": [],
                    "geo_match_statement": [],
                    "ip_set_reference_statement": [],
                    "label_match_statement": [],
                    "managed_rule_group_statement": [
                      {
                        "managed_rule_group_configs": [],
                        "name": "AWSManagedRulesAmazonIpReputationList",
                        "rule_action_override": [],
                        "scope_down_statement": [],
                        "vendor_name": "AWS",
                        "version": null
                      }
                    ],
                    "not_statement": [],
                    "or_statement": [],
                    "rate_based_statement": [],
                    "regex_match_statement": [],
                    "regex_pattern_set_reference_statement": [],
                    "rule_group_reference_statement": [],
                    "size_constraint_statement": [],
                    "sqli_match_statement": [],
                    "xss_match_statement": []
                  }
                ],
                "visibility_config": [
                  {
                    "cloudwatch_metrics_enabled": true,
                    "metric_name": "AWSManagedRulesAmazonIpReputationList",
                    "sampled_requests_enabled": true
                  }
                ]
              },
              {
                "action": [],
                "captcha_config": [],
                "challenge_config": [],
                "name": "AWS-AWSManagedRulesCommonRuleSet",
                "override_action": [
                  {
                    "count": [],
                    "none": [
                      {}
                    ]
                  }
                ],
                "priority": 6,
                "rule_label": [],
                "statement": [
                  {
                    "and_statement": [],
                    "asn_match_statement": [],
                    "byte_match_statement": [],
                    "geo_match_statement": [],
                    "ip_set_reference_statement": [],
                    "label_match_statement": [],
                    "managed_rule_group_statement": [
                      {
                        "managed_rule_group_configs": [],
                        "name": "AWSManagedRulesCommonRuleSet",
                        "rule_action_override": [
                          {
                            "action_to_use": [
                              {
                                "allow": [],
                                "block": [],
                                "captcha": [],
                                "challenge": [],
                                "count": [
                                  {
                                    "custom_request_handling": []
                                  }
                                ]
                              }
                            ],
                            "name": "AWSManagedRulesCommonRuleSet"
                          },
                          {
                            "action_to_use": [
                              {
                                "allow": [],
                                "block": [],
                                "captcha": [],
                                "challenge": [],
                                "count": [
                                  {
                                    "custom_request_handling": []
                                  }
                                ]
                              }
                            ],
                            "name": "NoUserAgent_HEADER"
                          },
                          {
                            "action_to_use": [
                              {
                                "allow": [
                                  {
                                    "custom_request_handling": []
                                  }
                                ],
                                "block": [],
                                "captcha": [],
                                "challenge": [],
                                "count": []
                              }
                            ],
                            "name": "SizeRestrictions_BODY"
                          },
                          {
                            "action_to_use": [
                              {
                                "allow": [],
                                "block": [],
                                "captcha": [],
                                "challenge": [],
                                "count": [
                                  {
                                    "custom_request_handling": []
                                  }
                                ]
                              }
                            ],
                            "name": "EC2MetaDataSSRF_BODY"
                          }
                        ],
                        "scope_down_statement": [],
                        "vendor_name": "AWS",
                        "version": ""
                      }
                    ],
                    "not_statement": [],
                    "or_statement": [],
                    "rate_based_statement": [],
                    "regex_match_statement": [],
                    "regex_pattern_set_reference_statement": [],
                    "rule_group_reference_statement": [],
                    "size_constraint_statement": [],
                    "sqli_match_statement": [],
                    "xss_match_statement": []
                  }
                ],
                "visibility_config": [
                  {
                    "cloudwatch_metrics_enabled": true,
                    "metric_name": "AWS-AWSManagedRulesCommonRuleSet",
                    "sampled_requests_enabled": true
                  }
                ]
              },
              {
                "action": [],
                "captcha_config": [],
                "challenge_config": [],
                "name": "AWS-AWSManagedRulesSQLiRuleSet",
                "override_action": [
                  {
                    "count": [],
                    "none": [
                      {}
                    ]
                  }
                ],
                "priority": 7,
                "rule_label": [],
                "statement": [
                  {
                    "and_statement": [],
                    "asn_match_statement": [],
                    "byte_match_statement": [],
                    "geo_match_statement": [],
                    "ip_set_reference_statement": [],
                    "label_match_statement": [],
                    "managed_rule_group_statement": [
                      {
                        "managed_rule_group_configs": [],
                        "name": "AWSManagedRulesSQLiRuleSet",
                        "rule_action_override": [],
                        "scope_down_statement": [],
                        "vendor_name": "AWS",
                        "version": null
                      }
                    ],
                    "not_statement": [],
                    "or_statement": [],
                    "rate_based_statement": [],
                    "regex_match_statement": [],
                    "regex_pattern_set_reference_statement": [],
                    "rule_group_reference_statement": [],
                    "size_constraint_statement": [],
                    "sqli_match_statement": [],
                    "xss_match_statement": []
                  }
                ],
                "visibility_config": [
                  {
                    "cloudwatch_metrics_enabled": true,
                    "metric_name": "AWS-AWSManagedRulesSQLiRuleSet",
                    "sampled_requests_enabled": true
                  }
                ]
              },
              {
                "action": [],
                "captcha_config": [],
                "challenge_config": [],
                "name": "AWSManagedRulesBotControlRuleSet",
                "override_action": [
                  {
                    "count": [
                      {}
                    ],
                    "none": []
                  }
                ],
                "priority": 9,
                "rule_label": [],
                "statement": [
                  {
                    "and_statement": [],
                    "asn_match_statement": [],
                    "byte_match_statement": [],
                    "geo_match_statement": [],
                    "ip_set_reference_statement": [],
                    "label_match_statement": [],
                    "managed_rule_group_statement": [
                      {
                        "managed_rule_group_configs": [
                          {
                            "aws_managed_rules_acfp_rule_set": [],
                            "aws_managed_rules_atp_rule_set": [],
                            "aws_managed_rules_bot_control_rule_set": [
                              {
                                "enable_machine_learning": true,
                                "inspection_level": "COMMON"
                              }
                            ],
                            "login_path": "",
                            "password_field": [],
                            "payload_type": "",
                            "username_field": []
                          }
                        ],
                        "name": "AWSManagedRulesBotControlRuleSet",
                        "rule_action_override": [
                          {
                            "action_to_use": [
                              {
                                "allow": [],
                                "block": [],
                                "captcha": [],
                                "challenge": [],
                                "count": [
                                  {
                                    "custom_request_handling": []
                                  }
                                ]
                              }
                            ],
                            "name": "CategoryMonitoring"
                          },
                          {
                            "action_to_use": [
                              {
                                "allow": [],
                                "block": [],
                                "captcha": [],
                                "challenge": [],
                                "count": [
                                  {
                                    "custom_request_handling": []
                                  }
                                ]
                              }
                            ],
                            "name": "CategorySeo"
                          },
                          {
                            "action_to_use": [
                              {
                                "allow": [],
                                "block": [],
                                "captcha": [],
                                "challenge": [],
                                "count": [
                                  {
                                    "custom_request_handling": []
                                  }
                                ]
                              }
                            ],
                            "name": "CategorySearchEngine"
                          },
                          {
                            "action_to_use": [
                              {
                                "allow": [],
                                "block": [],
                                "captcha": [],
                                "challenge": [],
                                "count": [
                                  {
                                    "custom_request_handling": []
                                  }
                                ]
                              }
                            ],
                            "name": "SignalNonBrowserUserAgent"
                          }
                        ],
                        "scope_down_statement": [],
                        "vendor_name": "AWS",
                        "version": ""
                      }
                    ],
                    "not_statement": [],
                    "or_statement": [],
                    "rate_based_statement": [],
                    "regex_match_statement": [],
                    "regex_pattern_set_reference_statement": [],
                    "rule_group_reference_statement": [],
                    "size_constraint_statement": [],
                    "sqli_match_statement": [],
                    "xss_match_statement": []
                  }
                ],
                "visibility_config": [
                  {
                    "cloudwatch_metrics_enabled": true,
                    "metric_name": "AWSManagedRulesBotControlRuleSet",
                    "sampled_requests_enabled": true
                  }
                ]
              },
              {
                "action": [],
                "captcha_config": [],
                "challenge_config": [],
                "name": "AWSManagedRulesKnownBadInputsRuleSet",
                "override_action": [
                  {
                    "count": [],
                    "none": [
                      {}
                    ]
                  }
                ],
                "priority": 8,
                "rule_label": [],
                "statement": [
                  {
                    "and_statement": [],
                    "asn_match_statement": [],
                    "byte_match_statement": [],
                    "geo_match_statement": [],
                    "ip_set_reference_statement": [],
                    "label_match_statement": [],
                    "managed_rule_group_statement": [
                      {
                        "managed_rule_group_configs": [],
                        "name": "AWSManagedRulesKnownBadInputsRuleSet",
                        "rule_action_override": [],
                        "scope_down_statement": [],
                        "vendor_name": "AWS",
                        "version": null
                      }
                    ],
                    "not_statement": [],
                    "or_statement": [],
                    "rate_based_statement": [],
                    "regex_match_statement": [],
                    "regex_pattern_set_reference_statement": [],
                    "rule_group_reference_statement": [],
                    "size_constraint_statement": [],
                    "sqli_match_statement": [],
                    "xss_match_statement": []
                  }
                ],
                "visibility_config": [
                  {
                    "cloudwatch_metrics_enabled": true,
                    "metric_name": "AWSManagedRulesKnownBadInputsRuleSet",
                    "sampled_requests_enabled": true
                  }
                ]
              },
              {
                "action": [],
                "captcha_config": [],
                "challenge_config": [],
                "name": "BadPathsRuleGroup",
                "override_action": [
                  {
                    "count": [],
                    "none": [
                      {}
                    ]
                  }
                ],
                "priority": 4,
                "rule_label": [],
                "statement": [
                  {
                    "and_statement": [],
                    "asn_match_statement": [],
                    "byte_match_statement": [],
                    "geo_match_statement": [],
                    "ip_set_reference_statement": [],
                    "label_match_statement": [],
                    "managed_rule_group_statement": [],
                    "not_statement": [],
                    "or_statement": [],
                    "rate_based_statement": [],
                    "regex_match_statement": [],
                    "regex_pattern_set_reference_statement": [],
                    "rule_group_reference_statement": [
                      {
                        "arn": "arn:aws:wafv2:us-east-1:191136519599:regional/rulegroup/BadPathsGroup/e3ea08de-5d5b-4d91-9508-bdb963cf1409",
                        "rule_action_override": []
                      }
                    ],
                    "size_constraint_statement": [],
                    "sqli_match_statement": [],
                    "xss_match_statement": []
                  }
                ],
                "visibility_config": [
                  {
                    "cloudwatch_metrics_enabled": true,
                    "metric_name": "BadPathsRuleGroup",
                    "sampled_requests_enabled": true
                  }
                ]
              }
            ],
            "rule_json": null,
            "scope": "REGIONAL",
            "tags": {
              "Name": "waf2-internal-toptal-us-east-1",
              "managment": "terraform",
              "owner": "techops",
              "region": "us-east-1",
              "service": "security",
              "usage": "alb"
            },
            "tags_all": {
              "Name": "waf2-internal-toptal-us-east-1",
              "managment": "terraform",
              "owner": "techops",
              "region": "us-east-1",
              "service": "security",
              "usage": "alb"
            },
            "token_domains": [],
            "visibility_config": [
              {
                "cloudwatch_metrics_enabled": true,
                "metric_name": "us-east-1-toptal-waf-2",
                "sampled_requests_enabled": true
              }
            ]
          },
          "sensitive_attributes": [],
          "identity_schema_version": 0,
          "private": "bnVsbA==",
          "dependencies": [
            "module.vpc.aws_vpc.vpc_01",
            "module.vpc.aws_wafv2_ip_set.local_cidr",
            "module.vpc.aws_wafv2_rule_group.bad_paths_rule_group"
          ]
        }
      ]
    },
    {
      "module": "module.vpc",
      "mode": "managed",
      "type": "aws_wafv2_web_acl_association",
      "name": "toptal_alb_waf_association",
      "provider": "provider[\"registry.terraform.io/hashicorp/aws\"]",
      "instances": [
        {
          "schema_version": 0,
          "attributes": {
            "id": "arn:aws:wafv2:us-east-1:191136519599:regional/webacl/waf-toptal-us-east-1/2ed94bb4-d814-410f-a315-192643e80275,arn:aws:elasticloadbalancing:us-east-1:191136519599:loadbalancer/app/toptal-alb/7a453f3520d0f8d7",
            "resource_arn": "arn:aws:elasticloadbalancing:us-east-1:191136519599:loadbalancer/app/toptal-alb/7a453f3520d0f8d7",
            "timeouts": null,
            "web_acl_arn": "arn:aws:wafv2:us-east-1:191136519599:regional/webacl/waf-toptal-us-east-1/2ed94bb4-d814-410f-a315-192643e80275"
          },
          "sensitive_attributes": [],
          "identity_schema_version": 0,
          "private": "eyJlMmJmYjczMC1lY2FhLTExZTYtOGY4OC0zNDM2M2JjN2M0YzAiOnsiY3JlYXRlIjo2MDAwMDAwMDAwMDB9fQ==",
          "dependencies": [
            "module.vpc.aws_lb.toptal_alb",
            "module.vpc.aws_security_group.toptal_alb_sg",
            "module.vpc.aws_subnet.public_subs_01",
            "module.vpc.aws_vpc.vpc_01",
            "module.vpc.aws_wafv2_ip_set.local_cidr",
            "module.vpc.aws_wafv2_rule_group.bad_paths_rule_group",
            "module.vpc.aws_wafv2_rule_group.rate_limit_rule_group",
            "module.vpc.aws_wafv2_web_acl.waf_1",
            "module.vpc.data.aws_availability_zones.available"
          ]
        }
      ]
    },
    {
      "module": "module.vpc",
      "mode": "managed",
      "type": "aws_wafv2_web_acl_logging_configuration",
      "name": "waf_1_log_conf",
      "provider": "provider[\"registry.terraform.io/hashicorp/aws\"]",
      "instances": [
        {
          "schema_version": 0,
          "attributes": {
            "id": "arn:aws:wafv2:us-east-1:191136519599:regional/webacl/waf-toptal-us-east-1/2ed94bb4-d814-410f-a315-192643e80275",
            "log_destination_configs": [
              "arn:aws:logs:us-east-1:191136519599:log-group:aws-waf-logs-us-east-1-toptal"
            ],
            "logging_filter": [],
            "redacted_fields": [],
            "resource_arn": "arn:aws:wafv2:us-east-1:191136519599:regional/webacl/waf-toptal-us-east-1/2ed94bb4-d814-410f-a315-192643e80275"
          },
          "sensitive_attributes": [],
          "identity_schema_version": 0,
          "private": "bnVsbA==",
          "dependencies": [
            "module.vpc.aws_cloudwatch_log_group.waf_1_loggroup",
            "module.vpc.aws_vpc.vpc_01",
            "module.vpc.aws_wafv2_ip_set.local_cidr",
            "module.vpc.aws_wafv2_rule_group.bad_paths_rule_group",
            "module.vpc.aws_wafv2_rule_group.rate_limit_rule_group",
            "module.vpc.aws_wafv2_web_acl.waf_1"
          ]
        }
      ]
    },
    {
      "module": "module.vpc",
      "mode": "managed",
      "type": "aws_wafv2_web_acl_logging_configuration",
      "name": "waf_2_internal_log_conf",
      "provider": "provider[\"registry.terraform.io/hashicorp/aws\"]",
      "instances": [
        {
          "schema_version": 0,
          "attributes": {
            "id": "arn:aws:wafv2:us-east-1:191136519599:regional/webacl/waf2-internal-toptal-us-east-1/b9ad279e-863b-41ea-b0c1-1c91ccac3212",
            "log_destination_configs": [
              "arn:aws:logs:us-east-1:191136519599:log-group:aws-waf-logs-internal-logs-us-east-1-toptal"
            ],
            "logging_filter": [],
            "redacted_fields": [],
            "resource_arn": "arn:aws:wafv2:us-east-1:191136519599:regional/webacl/waf2-internal-toptal-us-east-1/b9ad279e-863b-41ea-b0c1-1c91ccac3212"
          },
          "sensitive_attributes": [],
          "identity_schema_version": 0,
          "private": "bnVsbA==",
          "dependencies": [
            "module.vpc.aws_cloudwatch_log_group.waf_2_internal_loggroup",
            "module.vpc.aws_vpc.vpc_01",
            "module.vpc.aws_wafv2_ip_set.local_cidr",
            "module.vpc.aws_wafv2_rule_group.bad_paths_rule_group",
            "module.vpc.aws_wafv2_web_acl.waf_2_internal"
          ]
        }
      ]
    },
    {
      "module": "module.vpc",
      "mode": "managed",
      "type": "cloudflare_record",
      "name": "api",
      "provider": "provider[\"registry.terraform.io/cloudflare/cloudflare\"]",
      "instances": [
        {
          "schema_version": 3,
          "attributes": {
            "allow_overwrite": false,
            "comment": "",
            "content": null,
            "created_on": "2026-04-09T18:46:43.155727Z",
            "data": [],
            "hostname": "api.kwkc.xyz",
            "id": "dc8a717cb6160d37f87c81fe0e0d3308",
            "metadata": {},
            "modified_on": "2026-04-09T18:52:57.138282Z",
            "name": "api",
            "priority": null,
            "proxiable": true,
            "proxied": true,
            "tags": [],
            "timeouts": null,
            "ttl": 1,
            "type": "CNAME",
            "value": "toptal-alb-1589610033.us-east-1.elb.amazonaws.com",
            "zone_id": "41db91b99fccad0f2a8a384d5fbcc1b2"
          },
          "sensitive_attributes": [],
          "identity_schema_version": 0,
          "private": "eyJlMmJmYjczMC1lY2FhLTExZTYtOGY4OC0zNDM2M2JjN2M0YzAiOnsiY3JlYXRlIjozMDAwMDAwMDAwMCwidXBkYXRlIjozMDAwMDAwMDAwMH0sInNjaGVtYV92ZXJzaW9uIjoiMyJ9",
          "dependencies": [
            "module.vpc.aws_lb.toptal_alb",
            "module.vpc.aws_security_group.toptal_alb_sg",
            "module.vpc.aws_subnet.public_subs_01",
            "module.vpc.aws_vpc.vpc_01",
            "module.vpc.data.aws_availability_zones.available"
          ]
        }
      ]
    },
    {
      "module": "module.vpc",
      "mode": "managed",
      "type": "cloudflare_record",
      "name": "web",
      "provider": "provider[\"registry.terraform.io/cloudflare/cloudflare\"]",
      "instances": [
        {
          "schema_version": 3,
          "attributes": {
            "allow_overwrite": false,
            "comment": "",
            "content": null,
            "created_on": "2026-04-09T18:46:43.159865Z",
            "data": [],
            "hostname": "web.kwkc.xyz",
            "id": "b0ea6cbf8b85c3ef588ec8a409f7c01a",
            "metadata": {},
            "modified_on": "2026-04-09T18:52:57.006494Z",
            "name": "web",
            "priority": null,
            "proxiable": true,
            "proxied": true,
            "tags": [],
            "timeouts": null,
            "ttl": 1,
            "type": "CNAME",
            "value": "toptal-alb-1589610033.us-east-1.elb.amazonaws.com",
            "zone_id": "41db91b99fccad0f2a8a384d5fbcc1b2"
          },
          "sensitive_attributes": [],
          "identity_schema_version": 0,
          "private": "eyJlMmJmYjczMC1lY2FhLTExZTYtOGY4OC0zNDM2M2JjN2M0YzAiOnsiY3JlYXRlIjozMDAwMDAwMDAwMCwidXBkYXRlIjozMDAwMDAwMDAwMH0sInNjaGVtYV92ZXJzaW9uIjoiMyJ9",
          "dependencies": [
            "module.vpc.aws_lb.toptal_alb",
            "module.vpc.aws_security_group.toptal_alb_sg",
            "module.vpc.aws_subnet.public_subs_01",
            "module.vpc.aws_vpc.vpc_01",
            "module.vpc.data.aws_availability_zones.available"
          ]
        }
      ]
    },
    {
      "module": "module.vpc",
      "mode": "managed",
      "type": "cloudflare_ruleset",
      "name": "static_assets_cache",
      "provider": "provider[\"registry.terraform.io/cloudflare/cloudflare\"]",
      "instances": [
        {
          "schema_version": 1,
          "attributes": {
            "account_id": null,
            "description": "",
            "id": "e45629ed57e94c91b2e6fa3bf31a0fef",
            "kind": "zone",
            "name": "Static asset caching",
            "phase": "http_request_cache_settings",
            "rules": [
              {
                "action": "set_cache_settings",
                "action_parameters": [
                  {
                    "additional_cacheable_ports": null,
                    "algorithms": [],
                    "automatic_https_rewrites": null,
                    "autominify": [],
                    "bic": null,
                    "browser_ttl": [
                      {
                        "default": 14400,
                        "mode": "override_origin"
                      }
                    ],
                    "cache": true,
                    "cache_key": [],
                    "cache_reserve": [],
                    "content": null,
                    "content_type": null,
                    "cookie_fields": null,
                    "disable_apps": null,
                    "disable_railgun": null,
                    "disable_rum": null,
                    "disable_zaraz": null,
                    "edge_ttl": [
                      {
                        "default": 86400,
                        "mode": "override_origin",
                        "status_code_ttl": []
                      }
                    ],
                    "email_obfuscation": null,
                    "fonts": null,
                    "from_list": [],
                    "from_value": [],
                    "headers": [],
                    "host_header": null,
                    "hotlink_protection": null,
                    "id": null,
                    "increment": null,
                    "matched_data": [],
                    "mirage": null,
                    "opportunistic_encryption": null,
                    "origin": [],
                    "origin_cache_control": null,
                    "origin_error_page_passthru": null,
                    "overrides": [],
                    "phases": null,
                    "polish": null,
                    "products": null,
                    "read_timeout": null,
                    "request_fields": null,
                    "respect_strong_etags": null,
                    "response": [],
                    "response_fields": null,
                    "rocket_loader": null,
                    "rules": null,
                    "ruleset": null,
                    "rulesets": null,
                    "security_level": null,
                    "serve_stale": [],
                    "server_side_excludes": null,
                    "sni": [],
                    "ssl": null,
                    "status_code": null,
                    "sxg": null,
                    "uri": []
                  }
                ],
                "description": "Cache static assets for web/app domains",
                "enabled": true,
                "exposed_credential_check": [],
                "expression": "(http.host in {\"web.kwkc.xyz\" \"app.kwkc.xyz\" \"api.kwkc.xyz\"} and (ends_with(lower(http.request.uri.path), \".css\") or ends_with(lower(http.request.uri.path), \".js\") or ends_with(lower(http.request.uri.path), \".mjs\") or ends_with(lower(http.request.uri.path), \".map\") or ends_with(lower(http.request.uri.path), \".png\") or ends_with(lower(http.request.uri.path), \".jpg\") or ends_with(lower(http.request.uri.path), \".jpeg\") or ends_with(lower(http.request.uri.path), \".gif\") or ends_with(lower(http.request.uri.path), \".svg\") or ends_with(lower(http.request.uri.path), \".webp\") or ends_with(lower(http.request.uri.path), \".ico\") or ends_with(lower(http.request.uri.path), \".woff\") or ends_with(lower(http.request.uri.path), \".woff2\") or ends_with(lower(http.request.uri.path), \".ttf\") or ends_with(lower(http.request.uri.path), \".eot\")))",
                "id": "3462a414daa94948b6f51e2a80fe589c",
                "logging": [],
                "ratelimit": [],
                "ref": "3462a414daa94948b6f51e2a80fe589c"
              }
            ],
            "zone_id": "41db91b99fccad0f2a8a384d5fbcc1b2"
          },
          "sensitive_attributes": [],
          "identity_schema_version": 0
        }
      ]
    },
    {
      "module": "module.vpc",
      "mode": "managed",
      "type": "random_password",
      "name": "db_password",
      "provider": "provider[\"registry.terraform.io/hashicorp/random\"]",
      "instances": [
        {
          "schema_version": 3,
          "attributes": {
            "bcrypt_hash": "$2a$10$7yrILfvF9vUDIA6iS.7MfOx.SSJFuxBls65GfxsrXAsqC4rx10KR2",
            "id": "none",
            "keepers": null,
            "length": 24,
            "lower": true,
            "min_lower": 0,
            "min_numeric": 0,
            "min_special": 0,
            "min_upper": 0,
            "number": true,
            "numeric": true,
            "override_special": null,
            "result": "SUBYmwCL3HJoOIfcHdkuQGPT",
            "special": false,
            "upper": true
          },
          "sensitive_attributes": [
            [
              {
                "type": "get_attr",
                "value": "bcrypt_hash"
              }
            ],
            [
              {
                "type": "get_attr",
                "value": "result"
              }
            ]
          ],
          "identity_schema_version": 0
        }
      ]
    }
  ],
  "check_results": null
}
